
Microsoft Visual Studio Solution File, Format Version 12.00
# Visual Studio Version 16
VisualStudioVersion = 16.0.31105.61
MinimumVisualStudioVersion = 10.0.40219.1
Project("{8BC9CEB8-8B4A-11D0-8D11-00A0C91BC942}") = "zTorchControl", "zTorchControl\zTorchControl.vcxproj", "{A18E5D21-ABE0-4865-BC71-E522B6574B63}"
EndProject
Project("{8BC9CEB8-8B4A-11D0-8D11-00A0C91BC942}") = "zSplitDialogs", "zSplitDialogs\zSplitDialogs.vcxproj", "{E67CE328-1A1A-4060-AE25-D9807FC42DBC}"
EndProject
Project("{8BC9CEB8-8B4A-11D0-8D11-00A0C91BC942}") = "zBugFixes", "zBugFixes\zBugFixes.vcxproj", "{53C6090B-4EB4-4919-8B3A-6ECFA5B5B8D2}"
EndProject
Project("{8BC9CEB8-8B4A-11D0-8D11-00A0C91BC942}") = "zMarkItems", "zMarkItems\zMarkItems.vcxproj", "{0A8BB014-740B-4019-9287-716929CBE361}"
EndProject
Project("{8BC9CEB8-8B4A-11D0-8D11-00A0C91BC942}") = "zMiscUtils", "zMiscUtils\zMiscUtils.vcxproj", "{E3443247-9EF4-4A62-8571-F2749F193348}"
EndProject
Project("{8BC9CEB8-8B4A-11D0-8D11-00A0C91BC942}") = "zSmoothDamage", "zSmoothDamage\zSmoothDamage.vcxproj", "{F90FC455-60DD-4DB3-BBCD-F9F2F0601ED1}"
EndProject
Project("{8BC9CEB8-8B4A-11D0-8D11-00A0C91BC942}") = "zSpecializedTraders", "zSpecializedTraders\zSpecializedTraders.vcxproj", "{B1A28308-DE05-4F60-A979-069E421DFAD1}"
EndProject
Project("{8BC9CEB8-8B4A-11D0-8D11-00A0C91BC942}") = "zFightSkillSwitcher", "zFightSkillSwitcher\zFightSkillSwitcher.vcxproj", "{0AB4A52A-E4A4-46F5-98DA-2BE8E795AE2A}"
EndProject
Project("{8BC9CEB8-8B4A-11D0-8D11-00A0C91BC942}") = "zStumbling", "zStumbling\zStumbling.vcxproj", "{965D20D5-2687-4121-98EC-65B05679C4FB}"
EndProject
Project("{8BC9CEB8-8B4A-11D0-8D11-00A0C91BC942}") = "zAsyncSaveLoad", "zAsyncSaveLoad\zAsyncSaveLoad.vcxproj", "{6E009E5F-4AEB-48D2-B8C1-FEF6201973F9}"
EndProject
Project("{8BC9CEB8-8B4A-11D0-8D11-00A0C91BC942}") = "zSpellProjectile", "zSpellProjectile\zSpellProjectile.vcxproj", "{F1214AC4-7D94-481D-A39E-C1D31D218ADF}"
EndProject
Project("{8BC9CEB8-8B4A-11D0-8D11-00A0C91BC942}") = "zRutonyIntegration", "zRutonyIntegration\zRutonyIntegration.vcxproj", "{C431AFC7-B188-4D94-8135-75A432F9FB2C}"
EndProject
Project("{8BC9CEB8-8B4A-11D0-8D11-00A0C91BC942}") = "zJokerExternals", "zJokerExternals\zJokerExternals.vcxproj", "{2D4B1E78-94E0-473B-8DFC-2B05560E5023}"
EndProject
Project("{8BC9CEB8-8B4A-11D0-8D11-00A0C91BC942}") = "zKirTheSeeker", "zKirTheSeeker\zKirTheSeeker.vcxproj", "{1F14BA82-0878-4AB7-88DA-D58F6A6FC488}"
EndProject
Project("{8BC9CEB8-8B4A-11D0-8D11-00A0C91BC942}") = "zPicklockAnis", "zPicklockAnis\zPicklockAnis.vcxproj", "{6A0B4FBC-E2CF-4E0C-874D-92842ACCA7D7}"
EndProject
Project("{8BC9CEB8-8B4A-11D0-8D11-00A0C91BC942}") = "zLiftItems", "zLiftItems\zLiftItems.vcxproj", "{24466F8B-828A-4E22-8CD8-8AEB3358271D}"
EndProject
Project("{8BC9CEB8-8B4A-11D0-8D11-00A0C91BC942}") = "zHighlightItems", "zHighlightItems\zHighlightItems.vcxproj", "{E8F9FB79-53E4-4E5E-AC83-983FC22B12C1}"
EndProject
Project("{8BC9CEB8-8B4A-11D0-8D11-00A0C91BC942}") = "zAlterDamage", "zAlterDamage\zAlterDamage.vcxproj", "{88B73411-7825-462E-8B68-ED345C67E9D1}"
EndProject
Project("{8BC9CEB8-8B4A-11D0-8D11-00A0C91BC942}") = "zSavesBackuper", "zSavesBackuper\zSavesBackuper.vcxproj", "{44671BE7-E818-4F04-B5DF-28730EBADD8C}"
EndProject
Project("{8BC9CEB8-8B4A-11D0-8D11-00A0C91BC942}") = "zOldControl", "zOldControl\zOldControl.vcxproj", "{243C9789-4F89-4282-97A4-16EBE4C4E6DD}"
EndProject
Project("{8BC9CEB8-8B4A-11D0-8D11-00A0C91BC942}") = "zSpeedyAnis", "zSpeedyAnis\zSpeedyAnis.vcxproj", "{8E734D3A-974F-4053-894D-75B07BEB4927}"
EndProject
Project("{8BC9CEB8-8B4A-11D0-8D11-00A0C91BC942}") = "zTest", "zTest\zTest.vcxproj", "{7852509F-BEAE-404E-B7A2-6EECA0E61412}"
EndProject
Project("{8BC9CEB8-8B4A-11D0-8D11-00A0C91BC942}") = "zChapterInMenu", "zChapterInMenu\zChapterInMenu.vcxproj", "{A1CCC4CA-8B06-460A-BFE2-52AF64791413}"
EndProject
Project("{8BC9CEB8-8B4A-11D0-8D11-00A0C91BC942}") = "zShowAnictrl", "zShowAnictrl\zShowAnictrl.vcxproj", "{50D4C4DE-39EB-4CB0-9E09-DCF1DCAD281D}"
EndProject
Global
	GlobalSection(SolutionConfigurationPlatforms) = preSolution
		Debug|Any CPU = Debug|Any CPU
		Debug|x64 = Debug|x64
		Debug|x86 = Debug|x86
		G1 Debug|Any CPU = G1 Debug|Any CPU
		G1 Debug|x64 = G1 Debug|x64
		G1 Debug|x86 = G1 Debug|x86
		G1 Release|Any CPU = G1 Release|Any CPU
		G1 Release|x64 = G1 Release|x64
		G1 Release|x86 = G1 Release|x86
		G1A Debug|Any CPU = G1A Debug|Any CPU
		G1A Debug|x64 = G1A Debug|x64
		G1A Debug|x86 = G1A Debug|x86
		G1A Release|Any CPU = G1A Release|Any CPU
		G1A Release|x64 = G1A Release|x64
		G1A Release|x86 = G1A Release|x86
		G2 Debug|Any CPU = G2 Debug|Any CPU
		G2 Debug|x64 = G2 Debug|x64
		G2 Debug|x86 = G2 Debug|x86
		G2 Release|Any CPU = G2 Release|Any CPU
		G2 Release|x64 = G2 Release|x64
		G2 Release|x86 = G2 Release|x86
		G2A Debug|Any CPU = G2A Debug|Any CPU
		G2A Debug|x64 = G2A Debug|x64
		G2A Debug|x86 = G2A Debug|x86
		G2A Release|Any CPU = G2A Release|Any CPU
		G2A Release|x64 = G2A Release|x64
		G2A Release|x86 = G2A Release|x86
		Release|Any CPU = Release|Any CPU
		Release|x64 = Release|x64
		Release|x86 = Release|x86
	EndGlobalSection
	GlobalSection(ProjectConfigurationPlatforms) = postSolution
		{A18E5D21-ABE0-4865-BC71-E522B6574B63}.Debug|Any CPU.ActiveCfg = Debug|Win32
		{A18E5D21-ABE0-4865-BC71-E522B6574B63}.Debug|x64.ActiveCfg = Debug|Win32
		{A18E5D21-ABE0-4865-BC71-E522B6574B63}.Debug|x86.ActiveCfg = Debug|Win32
		{A18E5D21-ABE0-4865-BC71-E522B6574B63}.Debug|x86.Build.0 = Debug|Win32
		{A18E5D21-ABE0-4865-BC71-E522B6574B63}.G1 Debug|Any CPU.ActiveCfg = G1 Debug|Win32
		{A18E5D21-ABE0-4865-BC71-E522B6574B63}.G1 Debug|x64.ActiveCfg = G1 Debug|Win32
		{A18E5D21-ABE0-4865-BC71-E522B6574B63}.G1 Debug|x86.ActiveCfg = G1 Debug|Win32
		{A18E5D21-ABE0-4865-BC71-E522B6574B63}.G1 Debug|x86.Build.0 = G1 Debug|Win32
		{A18E5D21-ABE0-4865-BC71-E522B6574B63}.G1 Release|Any CPU.ActiveCfg = G1 Release|Win32
		{A18E5D21-ABE0-4865-BC71-E522B6574B63}.G1 Release|x64.ActiveCfg = G1 Release|Win32
		{A18E5D21-ABE0-4865-BC71-E522B6574B63}.G1 Release|x86.ActiveCfg = G1 Release|Win32
		{A18E5D21-ABE0-4865-BC71-E522B6574B63}.G1 Release|x86.Build.0 = G1 Release|Win32
		{A18E5D21-ABE0-4865-BC71-E522B6574B63}.G1A Debug|Any CPU.ActiveCfg = G1A Debug|Win32
		{A18E5D21-ABE0-4865-BC71-E522B6574B63}.G1A Debug|x64.ActiveCfg = G1A Debug|Win32
		{A18E5D21-ABE0-4865-BC71-E522B6574B63}.G1A Debug|x86.ActiveCfg = G1A Debug|Win32
		{A18E5D21-ABE0-4865-BC71-E522B6574B63}.G1A Debug|x86.Build.0 = G1A Debug|Win32
		{A18E5D21-ABE0-4865-BC71-E522B6574B63}.G1A Release|Any CPU.ActiveCfg = G1A Release|Win32
		{A18E5D21-ABE0-4865-BC71-E522B6574B63}.G1A Release|x64.ActiveCfg = G1A Release|Win32
		{A18E5D21-ABE0-4865-BC71-E522B6574B63}.G1A Release|x86.ActiveCfg = G1A Release|Win32
		{A18E5D21-ABE0-4865-BC71-E522B6574B63}.G1A Release|x86.Build.0 = G1A Release|Win32
		{A18E5D21-ABE0-4865-BC71-E522B6574B63}.G2 Debug|Any CPU.ActiveCfg = G2 Debug|Win32
		{A18E5D21-ABE0-4865-BC71-E522B6574B63}.G2 Debug|x64.ActiveCfg = G2 Debug|Win32
		{A18E5D21-ABE0-4865-BC71-E522B6574B63}.G2 Debug|x86.ActiveCfg = G2 Debug|Win32
		{A18E5D21-ABE0-4865-BC71-E522B6574B63}.G2 Debug|x86.Build.0 = G2 Debug|Win32
		{A18E5D21-ABE0-4865-BC71-E522B6574B63}.G2 Release|Any CPU.ActiveCfg = G2 Release|Win32
		{A18E5D21-ABE0-4865-BC71-E522B6574B63}.G2 Release|x64.ActiveCfg = G2 Release|Win32
		{A18E5D21-ABE0-4865-BC71-E522B6574B63}.G2 Release|x86.ActiveCfg = G2 Release|Win32
		{A18E5D21-ABE0-4865-BC71-E522B6574B63}.G2 Release|x86.Build.0 = G2 Release|Win32
		{A18E5D21-ABE0-4865-BC71-E522B6574B63}.G2A Debug|Any CPU.ActiveCfg = G2A Debug|Win32
		{A18E5D21-ABE0-4865-BC71-E522B6574B63}.G2A Debug|x64.ActiveCfg = G2A Debug|Win32
		{A18E5D21-ABE0-4865-BC71-E522B6574B63}.G2A Debug|x86.ActiveCfg = G2A Debug|Win32
		{A18E5D21-ABE0-4865-BC71-E522B6574B63}.G2A Debug|x86.Build.0 = G2A Debug|Win32
		{A18E5D21-ABE0-4865-BC71-E522B6574B63}.G2A Release|Any CPU.ActiveCfg = G2A Release|Win32
		{A18E5D21-ABE0-4865-BC71-E522B6574B63}.G2A Release|x64.ActiveCfg = G2A Release|Win32
		{A18E5D21-ABE0-4865-BC71-E522B6574B63}.G2A Release|x86.ActiveCfg = G2A Release|Win32
		{A18E5D21-ABE0-4865-BC71-E522B6574B63}.G2A Release|x86.Build.0 = G2A Release|Win32
		{A18E5D21-ABE0-4865-BC71-E522B6574B63}.Release|Any CPU.ActiveCfg = Release|Win32
		{A18E5D21-ABE0-4865-BC71-E522B6574B63}.Release|Any CPU.Build.0 = Release|Win32
		{A18E5D21-ABE0-4865-BC71-E522B6574B63}.Release|x64.ActiveCfg = Release|Win32
		{A18E5D21-ABE0-4865-BC71-E522B6574B63}.Release|x86.ActiveCfg = Release|Win32
		{A18E5D21-ABE0-4865-BC71-E522B6574B63}.Release|x86.Build.0 = Release|Win32
		{E67CE328-1A1A-4060-AE25-D9807FC42DBC}.Debug|Any CPU.ActiveCfg = Debug|Win32
		{E67CE328-1A1A-4060-AE25-D9807FC42DBC}.Debug|x64.ActiveCfg = Debug|Win32
		{E67CE328-1A1A-4060-AE25-D9807FC42DBC}.Debug|x86.ActiveCfg = Debug|Win32
		{E67CE328-1A1A-4060-AE25-D9807FC42DBC}.Debug|x86.Build.0 = Debug|Win32
		{E67CE328-1A1A-4060-AE25-D9807FC42DBC}.G1 Debug|Any CPU.ActiveCfg = G1 Debug|Win32
		{E67CE328-1A1A-4060-AE25-D9807FC42DBC}.G1 Debug|x64.ActiveCfg = G1 Debug|Win32
		{E67CE328-1A1A-4060-AE25-D9807FC42DBC}.G1 Debug|x86.ActiveCfg = G1 Debug|Win32
		{E67CE328-1A1A-4060-AE25-D9807FC42DBC}.G1 Debug|x86.Build.0 = G1 Debug|Win32
		{E67CE328-1A1A-4060-AE25-D9807FC42DBC}.G1 Release|Any CPU.ActiveCfg = G1 Release|Win32
		{E67CE328-1A1A-4060-AE25-D9807FC42DBC}.G1 Release|x64.ActiveCfg = G1 Release|Win32
		{E67CE328-1A1A-4060-AE25-D9807FC42DBC}.G1 Release|x86.ActiveCfg = G1 Release|Win32
		{E67CE328-1A1A-4060-AE25-D9807FC42DBC}.G1 Release|x86.Build.0 = G1 Release|Win32
		{E67CE328-1A1A-4060-AE25-D9807FC42DBC}.G1A Debug|Any CPU.ActiveCfg = G1A Debug|Win32
		{E67CE328-1A1A-4060-AE25-D9807FC42DBC}.G1A Debug|x64.ActiveCfg = G1A Debug|Win32
		{E67CE328-1A1A-4060-AE25-D9807FC42DBC}.G1A Debug|x86.ActiveCfg = G1A Debug|Win32
		{E67CE328-1A1A-4060-AE25-D9807FC42DBC}.G1A Debug|x86.Build.0 = G1A Debug|Win32
		{E67CE328-1A1A-4060-AE25-D9807FC42DBC}.G1A Release|Any CPU.ActiveCfg = G1A Release|Win32
		{E67CE328-1A1A-4060-AE25-D9807FC42DBC}.G1A Release|x64.ActiveCfg = G1A Release|Win32
		{E67CE328-1A1A-4060-AE25-D9807FC42DBC}.G1A Release|x86.ActiveCfg = G1A Release|Win32
		{E67CE328-1A1A-4060-AE25-D9807FC42DBC}.G1A Release|x86.Build.0 = G1A Release|Win32
		{E67CE328-1A1A-4060-AE25-D9807FC42DBC}.G2 Debug|Any CPU.ActiveCfg = G2 Debug|Win32
		{E67CE328-1A1A-4060-AE25-D9807FC42DBC}.G2 Debug|x64.ActiveCfg = G2 Debug|Win32
		{E67CE328-1A1A-4060-AE25-D9807FC42DBC}.G2 Debug|x86.ActiveCfg = G2 Debug|Win32
		{E67CE328-1A1A-4060-AE25-D9807FC42DBC}.G2 Debug|x86.Build.0 = G2 Debug|Win32
		{E67CE328-1A1A-4060-AE25-D9807FC42DBC}.G2 Release|Any CPU.ActiveCfg = G2 Release|Win32
		{E67CE328-1A1A-4060-AE25-D9807FC42DBC}.G2 Release|x64.ActiveCfg = G2 Release|Win32
		{E67CE328-1A1A-4060-AE25-D9807FC42DBC}.G2 Release|x86.ActiveCfg = G2 Release|Win32
		{E67CE328-1A1A-4060-AE25-D9807FC42DBC}.G2 Release|x86.Build.0 = G2 Release|Win32
		{E67CE328-1A1A-4060-AE25-D9807FC42DBC}.G2A Debug|Any CPU.ActiveCfg = G2A Debug|Win32
		{E67CE328-1A1A-4060-AE25-D9807FC42DBC}.G2A Debug|x64.ActiveCfg = G2A Debug|Win32
		{E67CE328-1A1A-4060-AE25-D9807FC42DBC}.G2A Debug|x86.ActiveCfg = G2A Debug|Win32
		{E67CE328-1A1A-4060-AE25-D9807FC42DBC}.G2A Debug|x86.Build.0 = G2A Debug|Win32
		{E67CE328-1A1A-4060-AE25-D9807FC42DBC}.G2A Release|Any CPU.ActiveCfg = G2A Release|Win32
		{E67CE328-1A1A-4060-AE25-D9807FC42DBC}.G2A Release|x64.ActiveCfg = G2A Release|Win32
		{E67CE328-1A1A-4060-AE25-D9807FC42DBC}.G2A Release|x86.ActiveCfg = G2A Release|Win32
		{E67CE328-1A1A-4060-AE25-D9807FC42DBC}.G2A Release|x86.Build.0 = G2A Release|Win32
		{E67CE328-1A1A-4060-AE25-D9807FC42DBC}.Release|Any CPU.ActiveCfg = Release|Win32
		{E67CE328-1A1A-4060-AE25-D9807FC42DBC}.Release|x64.ActiveCfg = Release|Win32
		{E67CE328-1A1A-4060-AE25-D9807FC42DBC}.Release|x86.ActiveCfg = Release|Win32
		{E67CE328-1A1A-4060-AE25-D9807FC42DBC}.Release|x86.Build.0 = Release|Win32
		{53C6090B-4EB4-4919-8B3A-6ECFA5B5B8D2}.Debug|Any CPU.ActiveCfg = Debug|Win32
		{53C6090B-4EB4-4919-8B3A-6ECFA5B5B8D2}.Debug|x64.ActiveCfg = Debug|Win32
		{53C6090B-4EB4-4919-8B3A-6ECFA5B5B8D2}.Debug|x86.ActiveCfg = Debug|Win32
		{53C6090B-4EB4-4919-8B3A-6ECFA5B5B8D2}.Debug|x86.Build.0 = Debug|Win32
		{53C6090B-4EB4-4919-8B3A-6ECFA5B5B8D2}.G1 Debug|Any CPU.ActiveCfg = G1 Debug|Win32
		{53C6090B-4EB4-4919-8B3A-6ECFA5B5B8D2}.G1 Debug|x64.ActiveCfg = G1 Debug|Win32
		{53C6090B-4EB4-4919-8B3A-6ECFA5B5B8D2}.G1 Debug|x86.ActiveCfg = G1 Debug|Win32
		{53C6090B-4EB4-4919-8B3A-6ECFA5B5B8D2}.G1 Debug|x86.Build.0 = G1 Debug|Win32
		{53C6090B-4EB4-4919-8B3A-6ECFA5B5B8D2}.G1 Release|Any CPU.ActiveCfg = G1 Release|Win32
		{53C6090B-4EB4-4919-8B3A-6ECFA5B5B8D2}.G1 Release|x64.ActiveCfg = G1 Release|Win32
		{53C6090B-4EB4-4919-8B3A-6ECFA5B5B8D2}.G1 Release|x86.ActiveCfg = G1 Release|Win32
		{53C6090B-4EB4-4919-8B3A-6ECFA5B5B8D2}.G1 Release|x86.Build.0 = G1 Release|Win32
		{53C6090B-4EB4-4919-8B3A-6ECFA5B5B8D2}.G1A Debug|Any CPU.ActiveCfg = G1A Debug|Win32
		{53C6090B-4EB4-4919-8B3A-6ECFA5B5B8D2}.G1A Debug|x64.ActiveCfg = G1A Debug|Win32
		{53C6090B-4EB4-4919-8B3A-6ECFA5B5B8D2}.G1A Debug|x86.ActiveCfg = G1A Debug|Win32
		{53C6090B-4EB4-4919-8B3A-6ECFA5B5B8D2}.G1A Debug|x86.Build.0 = G1A Debug|Win32
		{53C6090B-4EB4-4919-8B3A-6ECFA5B5B8D2}.G1A Release|Any CPU.ActiveCfg = G1A Release|Win32
		{53C6090B-4EB4-4919-8B3A-6ECFA5B5B8D2}.G1A Release|x64.ActiveCfg = G1A Release|Win32
		{53C6090B-4EB4-4919-8B3A-6ECFA5B5B8D2}.G1A Release|x86.ActiveCfg = G1A Release|Win32
		{53C6090B-4EB4-4919-8B3A-6ECFA5B5B8D2}.G1A Release|x86.Build.0 = G1A Release|Win32
		{53C6090B-4EB4-4919-8B3A-6ECFA5B5B8D2}.G2 Debug|Any CPU.ActiveCfg = G2 Debug|Win32
		{53C6090B-4EB4-4919-8B3A-6ECFA5B5B8D2}.G2 Debug|x64.ActiveCfg = G2 Debug|Win32
		{53C6090B-4EB4-4919-8B3A-6ECFA5B5B8D2}.G2 Debug|x86.ActiveCfg = G2 Debug|Win32
		{53C6090B-4EB4-4919-8B3A-6ECFA5B5B8D2}.G2 Debug|x86.Build.0 = G2 Debug|Win32
		{53C6090B-4EB4-4919-8B3A-6ECFA5B5B8D2}.G2 Release|Any CPU.ActiveCfg = G2 Release|Win32
		{53C6090B-4EB4-4919-8B3A-6ECFA5B5B8D2}.G2 Release|x64.ActiveCfg = G2 Release|Win32
		{53C6090B-4EB4-4919-8B3A-6ECFA5B5B8D2}.G2 Release|x86.ActiveCfg = G2 Release|Win32
		{53C6090B-4EB4-4919-8B3A-6ECFA5B5B8D2}.G2 Release|x86.Build.0 = G2 Release|Win32
		{53C6090B-4EB4-4919-8B3A-6ECFA5B5B8D2}.G2A Debug|Any CPU.ActiveCfg = G2A Debug|Win32
		{53C6090B-4EB4-4919-8B3A-6ECFA5B5B8D2}.G2A Debug|x64.ActiveCfg = G2A Debug|Win32
		{53C6090B-4EB4-4919-8B3A-6ECFA5B5B8D2}.G2A Debug|x86.ActiveCfg = G2A Debug|Win32
		{53C6090B-4EB4-4919-8B3A-6ECFA5B5B8D2}.G2A Debug|x86.Build.0 = G2A Debug|Win32
		{53C6090B-4EB4-4919-8B3A-6ECFA5B5B8D2}.G2A Release|Any CPU.ActiveCfg = G2A Release|Win32
		{53C6090B-4EB4-4919-8B3A-6ECFA5B5B8D2}.G2A Release|x64.ActiveCfg = G2A Release|Win32
		{53C6090B-4EB4-4919-8B3A-6ECFA5B5B8D2}.G2A Release|x86.ActiveCfg = G2A Release|Win32
		{53C6090B-4EB4-4919-8B3A-6ECFA5B5B8D2}.G2A Release|x86.Build.0 = G2A Release|Win32
		{53C6090B-4EB4-4919-8B3A-6ECFA5B5B8D2}.Release|Any CPU.ActiveCfg = Release|Win32
		{53C6090B-4EB4-4919-8B3A-6ECFA5B5B8D2}.Release|Any CPU.Build.0 = Release|Win32
		{53C6090B-4EB4-4919-8B3A-6ECFA5B5B8D2}.Release|x64.ActiveCfg = Release|Win32
		{53C6090B-4EB4-4919-8B3A-6ECFA5B5B8D2}.Release|x86.ActiveCfg = Release|Win32
		{53C6090B-4EB4-4919-8B3A-6ECFA5B5B8D2}.Release|x86.Build.0 = Release|Win32
		{0A8BB014-740B-4019-9287-716929CBE361}.Debug|Any CPU.ActiveCfg = Debug|Win32
		{0A8BB014-740B-4019-9287-716929CBE361}.Debug|x64.ActiveCfg = Debug|Win32
		{0A8BB014-740B-4019-9287-716929CBE361}.Debug|x86.ActiveCfg = Debug|Win32
		{0A8BB014-740B-4019-9287-716929CBE361}.Debug|x86.Build.0 = Debug|Win32
		{0A8BB014-740B-4019-9287-716929CBE361}.G1 Debug|Any CPU.ActiveCfg = G1 Debug|Win32
		{0A8BB014-740B-4019-9287-716929CBE361}.G1 Debug|x64.ActiveCfg = G1 Debug|Win32
		{0A8BB014-740B-4019-9287-716929CBE361}.G1 Debug|x86.ActiveCfg = G1 Debug|Win32
		{0A8BB014-740B-4019-9287-716929CBE361}.G1 Debug|x86.Build.0 = G1 Debug|Win32
		{0A8BB014-740B-4019-9287-716929CBE361}.G1 Release|Any CPU.ActiveCfg = G1 Release|Win32
		{0A8BB014-740B-4019-9287-716929CBE361}.G1 Release|x64.ActiveCfg = G1 Release|Win32
		{0A8BB014-740B-4019-9287-716929CBE361}.G1 Release|x86.ActiveCfg = G1 Release|Win32
		{0A8BB014-740B-4019-9287-716929CBE361}.G1 Release|x86.Build.0 = G1 Release|Win32
		{0A8BB014-740B-4019-9287-716929CBE361}.G1A Debug|Any CPU.ActiveCfg = G1A Debug|Win32
		{0A8BB014-740B-4019-9287-716929CBE361}.G1A Debug|x64.ActiveCfg = G1A Debug|Win32
		{0A8BB014-740B-4019-9287-716929CBE361}.G1A Debug|x86.ActiveCfg = G1A Debug|Win32
		{0A8BB014-740B-4019-9287-716929CBE361}.G1A Debug|x86.Build.0 = G1A Debug|Win32
		{0A8BB014-740B-4019-9287-716929CBE361}.G1A Release|Any CPU.ActiveCfg = G1A Release|Win32
		{0A8BB014-740B-4019-9287-716929CBE361}.G1A Release|x64.ActiveCfg = G1A Release|Win32
		{0A8BB014-740B-4019-9287-716929CBE361}.G1A Release|x86.ActiveCfg = G1A Release|Win32
		{0A8BB014-740B-4019-9287-716929CBE361}.G1A Release|x86.Build.0 = G1A Release|Win32
		{0A8BB014-740B-4019-9287-716929CBE361}.G2 Debug|Any CPU.ActiveCfg = G2 Debug|Win32
		{0A8BB014-740B-4019-9287-716929CBE361}.G2 Debug|x64.ActiveCfg = G2 Debug|Win32
		{0A8BB014-740B-4019-9287-716929CBE361}.G2 Debug|x86.ActiveCfg = G2 Debug|Win32
		{0A8BB014-740B-4019-9287-716929CBE361}.G2 Debug|x86.Build.0 = G2 Debug|Win32
		{0A8BB014-740B-4019-9287-716929CBE361}.G2 Release|Any CPU.ActiveCfg = G2 Release|Win32
		{0A8BB014-740B-4019-9287-716929CBE361}.G2 Release|x64.ActiveCfg = G2 Release|Win32
		{0A8BB014-740B-4019-9287-716929CBE361}.G2 Release|x86.ActiveCfg = G2 Release|Win32
		{0A8BB014-740B-4019-9287-716929CBE361}.G2 Release|x86.Build.0 = G2 Release|Win32
		{0A8BB014-740B-4019-9287-716929CBE361}.G2A Debug|Any CPU.ActiveCfg = G2A Debug|Win32
		{0A8BB014-740B-4019-9287-716929CBE361}.G2A Debug|x64.ActiveCfg = G2A Debug|Win32
		{0A8BB014-740B-4019-9287-716929CBE361}.G2A Debug|x86.ActiveCfg = G2A Debug|Win32
		{0A8BB014-740B-4019-9287-716929CBE361}.G2A Debug|x86.Build.0 = G2A Debug|Win32
		{0A8BB014-740B-4019-9287-716929CBE361}.G2A Release|Any CPU.ActiveCfg = G2A Release|Win32
		{0A8BB014-740B-4019-9287-716929CBE361}.G2A Release|x64.ActiveCfg = G2A Release|Win32
		{0A8BB014-740B-4019-9287-716929CBE361}.G2A Release|x86.ActiveCfg = G2A Release|Win32
		{0A8BB014-740B-4019-9287-716929CBE361}.G2A Release|x86.Build.0 = G2A Release|Win32
		{0A8BB014-740B-4019-9287-716929CBE361}.Release|Any CPU.ActiveCfg = Release|Win32
		{0A8BB014-740B-4019-9287-716929CBE361}.Release|Any CPU.Build.0 = Release|Win32
		{0A8BB014-740B-4019-9287-716929CBE361}.Release|x64.ActiveCfg = Release|Win32
		{0A8BB014-740B-4019-9287-716929CBE361}.Release|x86.ActiveCfg = Release|Win32
		{0A8BB014-740B-4019-9287-716929CBE361}.Release|x86.Build.0 = Release|Win32
		{E3443247-9EF4-4A62-8571-F2749F193348}.Debug|Any CPU.ActiveCfg = Debug|Win32
		{E3443247-9EF4-4A62-8571-F2749F193348}.Debug|x64.ActiveCfg = Debug|Win32
		{E3443247-9EF4-4A62-8571-F2749F193348}.Debug|x86.ActiveCfg = Debug|Win32
		{E3443247-9EF4-4A62-8571-F2749F193348}.Debug|x86.Build.0 = Debug|Win32
		{E3443247-9EF4-4A62-8571-F2749F193348}.G1 Debug|Any CPU.ActiveCfg = G1 Debug|Win32
		{E3443247-9EF4-4A62-8571-F2749F193348}.G1 Debug|x64.ActiveCfg = G1 Debug|Win32
		{E3443247-9EF4-4A62-8571-F2749F193348}.G1 Debug|x86.ActiveCfg = G1 Debug|Win32
		{E3443247-9EF4-4A62-8571-F2749F193348}.G1 Debug|x86.Build.0 = G1 Debug|Win32
		{E3443247-9EF4-4A62-8571-F2749F193348}.G1 Release|Any CPU.ActiveCfg = G1 Release|Win32
		{E3443247-9EF4-4A62-8571-F2749F193348}.G1 Release|x64.ActiveCfg = G1 Release|Win32
		{E3443247-9EF4-4A62-8571-F2749F193348}.G1 Release|x86.ActiveCfg = G1 Release|Win32
		{E3443247-9EF4-4A62-8571-F2749F193348}.G1 Release|x86.Build.0 = G1 Release|Win32
		{E3443247-9EF4-4A62-8571-F2749F193348}.G1A Debug|Any CPU.ActiveCfg = G1A Debug|Win32
		{E3443247-9EF4-4A62-8571-F2749F193348}.G1A Debug|x64.ActiveCfg = G1A Debug|Win32
		{E3443247-9EF4-4A62-8571-F2749F193348}.G1A Debug|x86.ActiveCfg = G1A Debug|Win32
		{E3443247-9EF4-4A62-8571-F2749F193348}.G1A Debug|x86.Build.0 = G1A Debug|Win32
		{E3443247-9EF4-4A62-8571-F2749F193348}.G1A Release|Any CPU.ActiveCfg = G1A Release|Win32
		{E3443247-9EF4-4A62-8571-F2749F193348}.G1A Release|x64.ActiveCfg = G1A Release|Win32
		{E3443247-9EF4-4A62-8571-F2749F193348}.G1A Release|x86.ActiveCfg = G1A Release|Win32
		{E3443247-9EF4-4A62-8571-F2749F193348}.G1A Release|x86.Build.0 = G1A Release|Win32
		{E3443247-9EF4-4A62-8571-F2749F193348}.G2 Debug|Any CPU.ActiveCfg = G2 Debug|Win32
		{E3443247-9EF4-4A62-8571-F2749F193348}.G2 Debug|x64.ActiveCfg = G2 Debug|Win32
		{E3443247-9EF4-4A62-8571-F2749F193348}.G2 Debug|x86.ActiveCfg = G2 Debug|Win32
		{E3443247-9EF4-4A62-8571-F2749F193348}.G2 Debug|x86.Build.0 = G2 Debug|Win32
		{E3443247-9EF4-4A62-8571-F2749F193348}.G2 Release|Any CPU.ActiveCfg = G2 Release|Win32
		{E3443247-9EF4-4A62-8571-F2749F193348}.G2 Release|x64.ActiveCfg = G2 Release|Win32
		{E3443247-9EF4-4A62-8571-F2749F193348}.G2 Release|x86.ActiveCfg = G2 Release|Win32
		{E3443247-9EF4-4A62-8571-F2749F193348}.G2 Release|x86.Build.0 = G2 Release|Win32
		{E3443247-9EF4-4A62-8571-F2749F193348}.G2A Debug|Any CPU.ActiveCfg = G2A Debug|Win32
		{E3443247-9EF4-4A62-8571-F2749F193348}.G2A Debug|x64.ActiveCfg = G2A Debug|Win32
		{E3443247-9EF4-4A62-8571-F2749F193348}.G2A Debug|x86.ActiveCfg = G2A Debug|Win32
		{E3443247-9EF4-4A62-8571-F2749F193348}.G2A Debug|x86.Build.0 = G2A Debug|Win32
		{E3443247-9EF4-4A62-8571-F2749F193348}.G2A Release|Any CPU.ActiveCfg = G2A Release|Win32
		{E3443247-9EF4-4A62-8571-F2749F193348}.G2A Release|x64.ActiveCfg = G2A Release|Win32
		{E3443247-9EF4-4A62-8571-F2749F193348}.G2A Release|x86.ActiveCfg = G2A Release|Win32
		{E3443247-9EF4-4A62-8571-F2749F193348}.G2A Release|x86.Build.0 = G2A Release|Win32
		{E3443247-9EF4-4A62-8571-F2749F193348}.Release|Any CPU.ActiveCfg = Release|Win32
		{E3443247-9EF4-4A62-8571-F2749F193348}.Release|Any CPU.Build.0 = Release|Win32
		{E3443247-9EF4-4A62-8571-F2749F193348}.Release|x64.ActiveCfg = Release|Win32
		{E3443247-9EF4-4A62-8571-F2749F193348}.Release|x86.ActiveCfg = Release|Win32
		{E3443247-9EF4-4A62-8571-F2749F193348}.Release|x86.Build.0 = Release|Win32
		{F90FC455-60DD-4DB3-BBCD-F9F2F0601ED1}.Debug|Any CPU.ActiveCfg = Debug|Win32
		{F90FC455-60DD-4DB3-BBCD-F9F2F0601ED1}.Debug|x64.ActiveCfg = Debug|Win32
		{F90FC455-60DD-4DB3-BBCD-F9F2F0601ED1}.Debug|x86.ActiveCfg = Debug|Win32
		{F90FC455-60DD-4DB3-BBCD-F9F2F0601ED1}.Debug|x86.Build.0 = Debug|Win32
		{F90FC455-60DD-4DB3-BBCD-F9F2F0601ED1}.G1 Debug|Any CPU.ActiveCfg = G1 Debug|Win32
		{F90FC455-60DD-4DB3-BBCD-F9F2F0601ED1}.G1 Debug|x64.ActiveCfg = G1 Debug|Win32
		{F90FC455-60DD-4DB3-BBCD-F9F2F0601ED1}.G1 Debug|x86.ActiveCfg = G1 Debug|Win32
		{F90FC455-60DD-4DB3-BBCD-F9F2F0601ED1}.G1 Debug|x86.Build.0 = G1 Debug|Win32
		{F90FC455-60DD-4DB3-BBCD-F9F2F0601ED1}.G1 Release|Any CPU.ActiveCfg = G1 Release|Win32
		{F90FC455-60DD-4DB3-BBCD-F9F2F0601ED1}.G1 Release|x64.ActiveCfg = G1 Release|Win32
		{F90FC455-60DD-4DB3-BBCD-F9F2F0601ED1}.G1 Release|x86.ActiveCfg = G1 Release|Win32
		{F90FC455-60DD-4DB3-BBCD-F9F2F0601ED1}.G1 Release|x86.Build.0 = G1 Release|Win32
		{F90FC455-60DD-4DB3-BBCD-F9F2F0601ED1}.G1A Debug|Any CPU.ActiveCfg = G1A Debug|Win32
		{F90FC455-60DD-4DB3-BBCD-F9F2F0601ED1}.G1A Debug|x64.ActiveCfg = G1A Debug|Win32
		{F90FC455-60DD-4DB3-BBCD-F9F2F0601ED1}.G1A Debug|x86.ActiveCfg = G1A Debug|Win32
		{F90FC455-60DD-4DB3-BBCD-F9F2F0601ED1}.G1A Debug|x86.Build.0 = G1A Debug|Win32
		{F90FC455-60DD-4DB3-BBCD-F9F2F0601ED1}.G1A Release|Any CPU.ActiveCfg = G1A Release|Win32
		{F90FC455-60DD-4DB3-BBCD-F9F2F0601ED1}.G1A Release|x64.ActiveCfg = G1A Release|Win32
		{F90FC455-60DD-4DB3-BBCD-F9F2F0601ED1}.G1A Release|x86.ActiveCfg = G1A Release|Win32
		{F90FC455-60DD-4DB3-BBCD-F9F2F0601ED1}.G1A Release|x86.Build.0 = G1A Release|Win32
		{F90FC455-60DD-4DB3-BBCD-F9F2F0601ED1}.G2 Debug|Any CPU.ActiveCfg = G2 Debug|Win32
		{F90FC455-60DD-4DB3-BBCD-F9F2F0601ED1}.G2 Debug|x64.ActiveCfg = G2 Debug|Win32
		{F90FC455-60DD-4DB3-BBCD-F9F2F0601ED1}.G2 Debug|x86.ActiveCfg = G2 Debug|Win32
		{F90FC455-60DD-4DB3-BBCD-F9F2F0601ED1}.G2 Debug|x86.Build.0 = G2 Debug|Win32
		{F90FC455-60DD-4DB3-BBCD-F9F2F0601ED1}.G2 Release|Any CPU.ActiveCfg = G2 Release|Win32
		{F90FC455-60DD-4DB3-BBCD-F9F2F0601ED1}.G2 Release|x64.ActiveCfg = G2 Release|Win32
		{F90FC455-60DD-4DB3-BBCD-F9F2F0601ED1}.G2 Release|x86.ActiveCfg = G2 Release|Win32
		{F90FC455-60DD-4DB3-BBCD-F9F2F0601ED1}.G2 Release|x86.Build.0 = G2 Release|Win32
		{F90FC455-60DD-4DB3-BBCD-F9F2F0601ED1}.G2A Debug|Any CPU.ActiveCfg = G2A Debug|Win32
		{F90FC455-60DD-4DB3-BBCD-F9F2F0601ED1}.G2A Debug|x64.ActiveCfg = G2A Debug|Win32
		{F90FC455-60DD-4DB3-BBCD-F9F2F0601ED1}.G2A Debug|x86.ActiveCfg = G2A Debug|Win32
		{F90FC455-60DD-4DB3-BBCD-F9F2F0601ED1}.G2A Debug|x86.Build.0 = G2A Debug|Win32
		{F90FC455-60DD-4DB3-BBCD-F9F2F0601ED1}.G2A Release|Any CPU.ActiveCfg = G2A Release|Win32
		{F90FC455-60DD-4DB3-BBCD-F9F2F0601ED1}.G2A Release|x64.ActiveCfg = G2A Release|Win32
		{F90FC455-60DD-4DB3-BBCD-F9F2F0601ED1}.G2A Release|x86.ActiveCfg = G2A Release|Win32
		{F90FC455-60DD-4DB3-BBCD-F9F2F0601ED1}.G2A Release|x86.Build.0 = G2A Release|Win32
		{F90FC455-60DD-4DB3-BBCD-F9F2F0601ED1}.Release|Any CPU.ActiveCfg = Release|Win32
		{F90FC455-60DD-4DB3-BBCD-F9F2F0601ED1}.Release|x64.ActiveCfg = Release|Win32
		{F90FC455-60DD-4DB3-BBCD-F9F2F0601ED1}.Release|x86.ActiveCfg = Release|Win32
		{F90FC455-60DD-4DB3-BBCD-F9F2F0601ED1}.Release|x86.Build.0 = Release|Win32
		{B1A28308-DE05-4F60-A979-069E421DFAD1}.Debug|Any CPU.ActiveCfg = Debug|Win32
		{B1A28308-DE05-4F60-A979-069E421DFAD1}.Debug|x64.ActiveCfg = Debug|Win32
		{B1A28308-DE05-4F60-A979-069E421DFAD1}.Debug|x86.ActiveCfg = Debug|Win32
		{B1A28308-DE05-4F60-A979-069E421DFAD1}.Debug|x86.Build.0 = Debug|Win32
		{B1A28308-DE05-4F60-A979-069E421DFAD1}.G1 Debug|Any CPU.ActiveCfg = G1 Debug|Win32
		{B1A28308-DE05-4F60-A979-069E421DFAD1}.G1 Debug|x64.ActiveCfg = G1 Debug|Win32
		{B1A28308-DE05-4F60-A979-069E421DFAD1}.G1 Debug|x86.ActiveCfg = G1 Debug|Win32
		{B1A28308-DE05-4F60-A979-069E421DFAD1}.G1 Debug|x86.Build.0 = G1 Debug|Win32
		{B1A28308-DE05-4F60-A979-069E421DFAD1}.G1 Release|Any CPU.ActiveCfg = G1 Release|Win32
		{B1A28308-DE05-4F60-A979-069E421DFAD1}.G1 Release|x64.ActiveCfg = G1 Release|Win32
		{B1A28308-DE05-4F60-A979-069E421DFAD1}.G1 Release|x86.ActiveCfg = G1 Release|Win32
		{B1A28308-DE05-4F60-A979-069E421DFAD1}.G1 Release|x86.Build.0 = G1 Release|Win32
		{B1A28308-DE05-4F60-A979-069E421DFAD1}.G1A Debug|Any CPU.ActiveCfg = G1A Debug|Win32
		{B1A28308-DE05-4F60-A979-069E421DFAD1}.G1A Debug|x64.ActiveCfg = G1A Debug|Win32
		{B1A28308-DE05-4F60-A979-069E421DFAD1}.G1A Debug|x86.ActiveCfg = G1A Debug|Win32
		{B1A28308-DE05-4F60-A979-069E421DFAD1}.G1A Debug|x86.Build.0 = G1A Debug|Win32
		{B1A28308-DE05-4F60-A979-069E421DFAD1}.G1A Release|Any CPU.ActiveCfg = G1A Release|Win32
		{B1A28308-DE05-4F60-A979-069E421DFAD1}.G1A Release|x64.ActiveCfg = G1A Release|Win32
		{B1A28308-DE05-4F60-A979-069E421DFAD1}.G1A Release|x86.ActiveCfg = G1A Release|Win32
		{B1A28308-DE05-4F60-A979-069E421DFAD1}.G1A Release|x86.Build.0 = G1A Release|Win32
		{B1A28308-DE05-4F60-A979-069E421DFAD1}.G2 Debug|Any CPU.ActiveCfg = G2 Debug|Win32
		{B1A28308-DE05-4F60-A979-069E421DFAD1}.G2 Debug|x64.ActiveCfg = G2 Debug|Win32
		{B1A28308-DE05-4F60-A979-069E421DFAD1}.G2 Debug|x86.ActiveCfg = G2 Debug|Win32
		{B1A28308-DE05-4F60-A979-069E421DFAD1}.G2 Debug|x86.Build.0 = G2 Debug|Win32
		{B1A28308-DE05-4F60-A979-069E421DFAD1}.G2 Release|Any CPU.ActiveCfg = G2 Release|Win32
		{B1A28308-DE05-4F60-A979-069E421DFAD1}.G2 Release|x64.ActiveCfg = G2 Release|Win32
		{B1A28308-DE05-4F60-A979-069E421DFAD1}.G2 Release|x86.ActiveCfg = G2 Release|Win32
		{B1A28308-DE05-4F60-A979-069E421DFAD1}.G2 Release|x86.Build.0 = G2 Release|Win32
		{B1A28308-DE05-4F60-A979-069E421DFAD1}.G2A Debug|Any CPU.ActiveCfg = G2A Debug|Win32
		{B1A28308-DE05-4F60-A979-069E421DFAD1}.G2A Debug|x64.ActiveCfg = G2A Debug|Win32
		{B1A28308-DE05-4F60-A979-069E421DFAD1}.G2A Debug|x86.ActiveCfg = G2A Debug|Win32
		{B1A28308-DE05-4F60-A979-069E421DFAD1}.G2A Debug|x86.Build.0 = G2A Debug|Win32
		{B1A28308-DE05-4F60-A979-069E421DFAD1}.G2A Release|Any CPU.ActiveCfg = G2A Release|Win32
		{B1A28308-DE05-4F60-A979-069E421DFAD1}.G2A Release|x64.ActiveCfg = G2A Release|Win32
		{B1A28308-DE05-4F60-A979-069E421DFAD1}.G2A Release|x86.ActiveCfg = G2A Release|Win32
		{B1A28308-DE05-4F60-A979-069E421DFAD1}.G2A Release|x86.Build.0 = G2A Release|Win32
		{B1A28308-DE05-4F60-A979-069E421DFAD1}.Release|Any CPU.ActiveCfg = Release|Win32
		{B1A28308-DE05-4F60-A979-069E421DFAD1}.Release|x64.ActiveCfg = Release|Win32
		{B1A28308-DE05-4F60-A979-069E421DFAD1}.Release|x86.ActiveCfg = Release|Win32
		{B1A28308-DE05-4F60-A979-069E421DFAD1}.Release|x86.Build.0 = Release|Win32
		{0AB4A52A-E4A4-46F5-98DA-2BE8E795AE2A}.Debug|Any CPU.ActiveCfg = Debug|Win32
		{0AB4A52A-E4A4-46F5-98DA-2BE8E795AE2A}.Debug|x64.ActiveCfg = Debug|Win32
		{0AB4A52A-E4A4-46F5-98DA-2BE8E795AE2A}.Debug|x86.ActiveCfg = Debug|Win32
		{0AB4A52A-E4A4-46F5-98DA-2BE8E795AE2A}.Debug|x86.Build.0 = Debug|Win32
		{0AB4A52A-E4A4-46F5-98DA-2BE8E795AE2A}.G1 Debug|Any CPU.ActiveCfg = G1 Debug|Win32
		{0AB4A52A-E4A4-46F5-98DA-2BE8E795AE2A}.G1 Debug|x64.ActiveCfg = G1 Debug|Win32
		{0AB4A52A-E4A4-46F5-98DA-2BE8E795AE2A}.G1 Debug|x86.ActiveCfg = G1 Debug|Win32
		{0AB4A52A-E4A4-46F5-98DA-2BE8E795AE2A}.G1 Debug|x86.Build.0 = G1 Debug|Win32
		{0AB4A52A-E4A4-46F5-98DA-2BE8E795AE2A}.G1 Release|Any CPU.ActiveCfg = G1 Release|Win32
		{0AB4A52A-E4A4-46F5-98DA-2BE8E795AE2A}.G1 Release|x64.ActiveCfg = G1 Release|Win32
		{0AB4A52A-E4A4-46F5-98DA-2BE8E795AE2A}.G1 Release|x86.ActiveCfg = G1 Release|Win32
		{0AB4A52A-E4A4-46F5-98DA-2BE8E795AE2A}.G1 Release|x86.Build.0 = G1 Release|Win32
		{0AB4A52A-E4A4-46F5-98DA-2BE8E795AE2A}.G1A Debug|Any CPU.ActiveCfg = G1A Debug|Win32
		{0AB4A52A-E4A4-46F5-98DA-2BE8E795AE2A}.G1A Debug|x64.ActiveCfg = G1A Debug|Win32
		{0AB4A52A-E4A4-46F5-98DA-2BE8E795AE2A}.G1A Debug|x86.ActiveCfg = G1A Debug|Win32
		{0AB4A52A-E4A4-46F5-98DA-2BE8E795AE2A}.G1A Debug|x86.Build.0 = G1A Debug|Win32
		{0AB4A52A-E4A4-46F5-98DA-2BE8E795AE2A}.G1A Release|Any CPU.ActiveCfg = G1A Release|Win32
		{0AB4A52A-E4A4-46F5-98DA-2BE8E795AE2A}.G1A Release|x64.ActiveCfg = G1A Release|Win32
		{0AB4A52A-E4A4-46F5-98DA-2BE8E795AE2A}.G1A Release|x86.ActiveCfg = G1A Release|Win32
		{0AB4A52A-E4A4-46F5-98DA-2BE8E795AE2A}.G1A Release|x86.Build.0 = G1A Release|Win32
		{0AB4A52A-E4A4-46F5-98DA-2BE8E795AE2A}.G2 Debug|Any CPU.ActiveCfg = G2 Debug|Win32
		{0AB4A52A-E4A4-46F5-98DA-2BE8E795AE2A}.G2 Debug|x64.ActiveCfg = G2 Debug|Win32
		{0AB4A52A-E4A4-46F5-98DA-2BE8E795AE2A}.G2 Debug|x86.ActiveCfg = G2 Debug|Win32
		{0AB4A52A-E4A4-46F5-98DA-2BE8E795AE2A}.G2 Debug|x86.Build.0 = G2 Debug|Win32
		{0AB4A52A-E4A4-46F5-98DA-2BE8E795AE2A}.G2 Release|Any CPU.ActiveCfg = G2 Release|Win32
		{0AB4A52A-E4A4-46F5-98DA-2BE8E795AE2A}.G2 Release|x64.ActiveCfg = G2 Release|Win32
		{0AB4A52A-E4A4-46F5-98DA-2BE8E795AE2A}.G2 Release|x86.ActiveCfg = G2 Release|Win32
		{0AB4A52A-E4A4-46F5-98DA-2BE8E795AE2A}.G2 Release|x86.Build.0 = G2 Release|Win32
		{0AB4A52A-E4A4-46F5-98DA-2BE8E795AE2A}.G2A Debug|Any CPU.ActiveCfg = G2A Debug|Win32
		{0AB4A52A-E4A4-46F5-98DA-2BE8E795AE2A}.G2A Debug|x64.ActiveCfg = G2A Debug|Win32
		{0AB4A52A-E4A4-46F5-98DA-2BE8E795AE2A}.G2A Debug|x86.ActiveCfg = G2A Debug|Win32
		{0AB4A52A-E4A4-46F5-98DA-2BE8E795AE2A}.G2A Debug|x86.Build.0 = G2A Debug|Win32
		{0AB4A52A-E4A4-46F5-98DA-2BE8E795AE2A}.G2A Release|Any CPU.ActiveCfg = G2A Release|Win32
		{0AB4A52A-E4A4-46F5-98DA-2BE8E795AE2A}.G2A Release|x64.ActiveCfg = G2A Release|Win32
		{0AB4A52A-E4A4-46F5-98DA-2BE8E795AE2A}.G2A Release|x86.ActiveCfg = G2A Release|Win32
		{0AB4A52A-E4A4-46F5-98DA-2BE8E795AE2A}.G2A Release|x86.Build.0 = G2A Release|Win32
		{0AB4A52A-E4A4-46F5-98DA-2BE8E795AE2A}.Release|Any CPU.ActiveCfg = Release|Win32
		{0AB4A52A-E4A4-46F5-98DA-2BE8E795AE2A}.Release|x64.ActiveCfg = Release|Win32
		{0AB4A52A-E4A4-46F5-98DA-2BE8E795AE2A}.Release|x86.ActiveCfg = Release|Win32
		{0AB4A52A-E4A4-46F5-98DA-2BE8E795AE2A}.Release|x86.Build.0 = Release|Win32
		{965D20D5-2687-4121-98EC-65B05679C4FB}.Debug|Any CPU.ActiveCfg = Debug|Win32
		{965D20D5-2687-4121-98EC-65B05679C4FB}.Debug|x64.ActiveCfg = Debug|Win32
		{965D20D5-2687-4121-98EC-65B05679C4FB}.Debug|x86.ActiveCfg = Debug|Win32
		{965D20D5-2687-4121-98EC-65B05679C4FB}.Debug|x86.Build.0 = Debug|Win32
		{965D20D5-2687-4121-98EC-65B05679C4FB}.G1 Debug|Any CPU.ActiveCfg = G1 Debug|Win32
		{965D20D5-2687-4121-98EC-65B05679C4FB}.G1 Debug|x64.ActiveCfg = G1 Debug|Win32
		{965D20D5-2687-4121-98EC-65B05679C4FB}.G1 Debug|x86.ActiveCfg = G1 Debug|Win32
		{965D20D5-2687-4121-98EC-65B05679C4FB}.G1 Debug|x86.Build.0 = G1 Debug|Win32
		{965D20D5-2687-4121-98EC-65B05679C4FB}.G1 Release|Any CPU.ActiveCfg = G1 Release|Win32
		{965D20D5-2687-4121-98EC-65B05679C4FB}.G1 Release|x64.ActiveCfg = G1 Release|Win32
		{965D20D5-2687-4121-98EC-65B05679C4FB}.G1 Release|x86.ActiveCfg = G1 Release|Win32
		{965D20D5-2687-4121-98EC-65B05679C4FB}.G1 Release|x86.Build.0 = G1 Release|Win32
		{965D20D5-2687-4121-98EC-65B05679C4FB}.G1A Debug|Any CPU.ActiveCfg = G1A Debug|Win32
		{965D20D5-2687-4121-98EC-65B05679C4FB}.G1A Debug|x64.ActiveCfg = G1A Debug|Win32
		{965D20D5-2687-4121-98EC-65B05679C4FB}.G1A Debug|x86.ActiveCfg = G1A Debug|Win32
		{965D20D5-2687-4121-98EC-65B05679C4FB}.G1A Debug|x86.Build.0 = G1A Debug|Win32
		{965D20D5-2687-4121-98EC-65B05679C4FB}.G1A Release|Any CPU.ActiveCfg = G1A Release|Win32
		{965D20D5-2687-4121-98EC-65B05679C4FB}.G1A Release|x64.ActiveCfg = G1A Release|Win32
		{965D20D5-2687-4121-98EC-65B05679C4FB}.G1A Release|x86.ActiveCfg = G1A Release|Win32
		{965D20D5-2687-4121-98EC-65B05679C4FB}.G1A Release|x86.Build.0 = G1A Release|Win32
		{965D20D5-2687-4121-98EC-65B05679C4FB}.G2 Debug|Any CPU.ActiveCfg = G2 Debug|Win32
		{965D20D5-2687-4121-98EC-65B05679C4FB}.G2 Debug|x64.ActiveCfg = G2 Debug|Win32
		{965D20D5-2687-4121-98EC-65B05679C4FB}.G2 Debug|x86.ActiveCfg = G2 Debug|Win32
		{965D20D5-2687-4121-98EC-65B05679C4FB}.G2 Debug|x86.Build.0 = G2 Debug|Win32
		{965D20D5-2687-4121-98EC-65B05679C4FB}.G2 Release|Any CPU.ActiveCfg = G2 Release|Win32
		{965D20D5-2687-4121-98EC-65B05679C4FB}.G2 Release|x64.ActiveCfg = G2 Release|Win32
		{965D20D5-2687-4121-98EC-65B05679C4FB}.G2 Release|x86.ActiveCfg = G2 Release|Win32
		{965D20D5-2687-4121-98EC-65B05679C4FB}.G2 Release|x86.Build.0 = G2 Release|Win32
		{965D20D5-2687-4121-98EC-65B05679C4FB}.G2A Debug|Any CPU.ActiveCfg = G2A Debug|Win32
		{965D20D5-2687-4121-98EC-65B05679C4FB}.G2A Debug|x64.ActiveCfg = G2A Debug|Win32
		{965D20D5-2687-4121-98EC-65B05679C4FB}.G2A Debug|x86.ActiveCfg = G2A Debug|Win32
		{965D20D5-2687-4121-98EC-65B05679C4FB}.G2A Debug|x86.Build.0 = G2A Debug|Win32
		{965D20D5-2687-4121-98EC-65B05679C4FB}.G2A Release|Any CPU.ActiveCfg = G2A Release|Win32
		{965D20D5-2687-4121-98EC-65B05679C4FB}.G2A Release|x64.ActiveCfg = G2A Release|Win32
		{965D20D5-2687-4121-98EC-65B05679C4FB}.G2A Release|x86.ActiveCfg = G2A Release|Win32
		{965D20D5-2687-4121-98EC-65B05679C4FB}.G2A Release|x86.Build.0 = G2A Release|Win32
		{965D20D5-2687-4121-98EC-65B05679C4FB}.Release|Any CPU.ActiveCfg = Release|Win32
		{965D20D5-2687-4121-98EC-65B05679C4FB}.Release|x64.ActiveCfg = Release|Win32
		{965D20D5-2687-4121-98EC-65B05679C4FB}.Release|x86.ActiveCfg = Release|Win32
		{965D20D5-2687-4121-98EC-65B05679C4FB}.Release|x86.Build.0 = Release|Win32
		{6E009E5F-4AEB-48D2-B8C1-FEF6201973F9}.Debug|Any CPU.ActiveCfg = Debug|Win32
		{6E009E5F-4AEB-48D2-B8C1-FEF6201973F9}.Debug|x64.ActiveCfg = Debug|Win32
		{6E009E5F-4AEB-48D2-B8C1-FEF6201973F9}.Debug|x86.ActiveCfg = Debug|Win32
		{6E009E5F-4AEB-48D2-B8C1-FEF6201973F9}.Debug|x86.Build.0 = Debug|Win32
		{6E009E5F-4AEB-48D2-B8C1-FEF6201973F9}.G1 Debug|Any CPU.ActiveCfg = G1 Debug|Win32
		{6E009E5F-4AEB-48D2-B8C1-FEF6201973F9}.G1 Debug|x64.ActiveCfg = G1 Debug|Win32
		{6E009E5F-4AEB-48D2-B8C1-FEF6201973F9}.G1 Debug|x86.ActiveCfg = G1 Debug|Win32
		{6E009E5F-4AEB-48D2-B8C1-FEF6201973F9}.G1 Debug|x86.Build.0 = G1 Debug|Win32
		{6E009E5F-4AEB-48D2-B8C1-FEF6201973F9}.G1 Release|Any CPU.ActiveCfg = G1 Release|Win32
		{6E009E5F-4AEB-48D2-B8C1-FEF6201973F9}.G1 Release|x64.ActiveCfg = G1 Release|Win32
		{6E009E5F-4AEB-48D2-B8C1-FEF6201973F9}.G1 Release|x86.ActiveCfg = G1 Release|Win32
		{6E009E5F-4AEB-48D2-B8C1-FEF6201973F9}.G1 Release|x86.Build.0 = G1 Release|Win32
		{6E009E5F-4AEB-48D2-B8C1-FEF6201973F9}.G1A Debug|Any CPU.ActiveCfg = G1A Debug|Win32
		{6E009E5F-4AEB-48D2-B8C1-FEF6201973F9}.G1A Debug|x64.ActiveCfg = G1A Debug|Win32
		{6E009E5F-4AEB-48D2-B8C1-FEF6201973F9}.G1A Debug|x86.ActiveCfg = G1A Debug|Win32
		{6E009E5F-4AEB-48D2-B8C1-FEF6201973F9}.G1A Debug|x86.Build.0 = G1A Debug|Win32
		{6E009E5F-4AEB-48D2-B8C1-FEF6201973F9}.G1A Release|Any CPU.ActiveCfg = G1A Release|Win32
		{6E009E5F-4AEB-48D2-B8C1-FEF6201973F9}.G1A Release|x64.ActiveCfg = G1A Release|Win32
		{6E009E5F-4AEB-48D2-B8C1-FEF6201973F9}.G1A Release|x86.ActiveCfg = G1A Release|Win32
		{6E009E5F-4AEB-48D2-B8C1-FEF6201973F9}.G1A Release|x86.Build.0 = G1A Release|Win32
		{6E009E5F-4AEB-48D2-B8C1-FEF6201973F9}.G2 Debug|Any CPU.ActiveCfg = G2 Debug|Win32
		{6E009E5F-4AEB-48D2-B8C1-FEF6201973F9}.G2 Debug|x64.ActiveCfg = G2 Debug|Win32
		{6E009E5F-4AEB-48D2-B8C1-FEF6201973F9}.G2 Debug|x86.ActiveCfg = G2 Debug|Win32
		{6E009E5F-4AEB-48D2-B8C1-FEF6201973F9}.G2 Debug|x86.Build.0 = G2 Debug|Win32
		{6E009E5F-4AEB-48D2-B8C1-FEF6201973F9}.G2 Release|Any CPU.ActiveCfg = G2 Release|Win32
		{6E009E5F-4AEB-48D2-B8C1-FEF6201973F9}.G2 Release|x64.ActiveCfg = G2 Release|Win32
		{6E009E5F-4AEB-48D2-B8C1-FEF6201973F9}.G2 Release|x86.ActiveCfg = G2 Release|Win32
		{6E009E5F-4AEB-48D2-B8C1-FEF6201973F9}.G2 Release|x86.Build.0 = G2 Release|Win32
		{6E009E5F-4AEB-48D2-B8C1-FEF6201973F9}.G2A Debug|Any CPU.ActiveCfg = G2A Debug|Win32
		{6E009E5F-4AEB-48D2-B8C1-FEF6201973F9}.G2A Debug|x64.ActiveCfg = G2A Debug|Win32
		{6E009E5F-4AEB-48D2-B8C1-FEF6201973F9}.G2A Debug|x86.ActiveCfg = G2A Debug|Win32
		{6E009E5F-4AEB-48D2-B8C1-FEF6201973F9}.G2A Debug|x86.Build.0 = G2A Debug|Win32
		{6E009E5F-4AEB-48D2-B8C1-FEF6201973F9}.G2A Release|Any CPU.ActiveCfg = G2A Release|Win32
		{6E009E5F-4AEB-48D2-B8C1-FEF6201973F9}.G2A Release|x64.ActiveCfg = G2A Release|Win32
		{6E009E5F-4AEB-48D2-B8C1-FEF6201973F9}.G2A Release|x86.ActiveCfg = G2A Release|Win32
		{6E009E5F-4AEB-48D2-B8C1-FEF6201973F9}.G2A Release|x86.Build.0 = G2A Release|Win32
		{6E009E5F-4AEB-48D2-B8C1-FEF6201973F9}.Release|Any CPU.ActiveCfg = Release|Win32
		{6E009E5F-4AEB-48D2-B8C1-FEF6201973F9}.Release|x64.ActiveCfg = Release|Win32
		{6E009E5F-4AEB-48D2-B8C1-FEF6201973F9}.Release|x86.ActiveCfg = Release|Win32
		{6E009E5F-4AEB-48D2-B8C1-FEF6201973F9}.Release|x86.Build.0 = Release|Win32
		{F1214AC4-7D94-481D-A39E-C1D31D218ADF}.Debug|Any CPU.ActiveCfg = Debug|Win32
		{F1214AC4-7D94-481D-A39E-C1D31D218ADF}.Debug|x64.ActiveCfg = Debug|Win32
		{F1214AC4-7D94-481D-A39E-C1D31D218ADF}.Debug|x86.ActiveCfg = Debug|Win32
		{F1214AC4-7D94-481D-A39E-C1D31D218ADF}.Debug|x86.Build.0 = Debug|Win32
		{F1214AC4-7D94-481D-A39E-C1D31D218ADF}.G1 Debug|Any CPU.ActiveCfg = G1 Debug|Win32
		{F1214AC4-7D94-481D-A39E-C1D31D218ADF}.G1 Debug|x64.ActiveCfg = G1 Debug|Win32
		{F1214AC4-7D94-481D-A39E-C1D31D218ADF}.G1 Debug|x86.ActiveCfg = G1 Debug|Win32
		{F1214AC4-7D94-481D-A39E-C1D31D218ADF}.G1 Debug|x86.Build.0 = G1 Debug|Win32
		{F1214AC4-7D94-481D-A39E-C1D31D218ADF}.G1 Release|Any CPU.ActiveCfg = G1 Release|Win32
		{F1214AC4-7D94-481D-A39E-C1D31D218ADF}.G1 Release|x64.ActiveCfg = G1 Release|Win32
		{F1214AC4-7D94-481D-A39E-C1D31D218ADF}.G1 Release|x86.ActiveCfg = G1 Release|Win32
		{F1214AC4-7D94-481D-A39E-C1D31D218ADF}.G1 Release|x86.Build.0 = G1 Release|Win32
		{F1214AC4-7D94-481D-A39E-C1D31D218ADF}.G1A Debug|Any CPU.ActiveCfg = G1A Debug|Win32
		{F1214AC4-7D94-481D-A39E-C1D31D218ADF}.G1A Debug|x64.ActiveCfg = G1A Debug|Win32
		{F1214AC4-7D94-481D-A39E-C1D31D218ADF}.G1A Debug|x86.ActiveCfg = G1A Debug|Win32
		{F1214AC4-7D94-481D-A39E-C1D31D218ADF}.G1A Debug|x86.Build.0 = G1A Debug|Win32
		{F1214AC4-7D94-481D-A39E-C1D31D218ADF}.G1A Release|Any CPU.ActiveCfg = G1A Release|Win32
		{F1214AC4-7D94-481D-A39E-C1D31D218ADF}.G1A Release|x64.ActiveCfg = G1A Release|Win32
		{F1214AC4-7D94-481D-A39E-C1D31D218ADF}.G1A Release|x86.ActiveCfg = G1A Release|Win32
		{F1214AC4-7D94-481D-A39E-C1D31D218ADF}.G1A Release|x86.Build.0 = G1A Release|Win32
		{F1214AC4-7D94-481D-A39E-C1D31D218ADF}.G2 Debug|Any CPU.ActiveCfg = G2 Debug|Win32
		{F1214AC4-7D94-481D-A39E-C1D31D218ADF}.G2 Debug|x64.ActiveCfg = G2 Debug|Win32
		{F1214AC4-7D94-481D-A39E-C1D31D218ADF}.G2 Debug|x86.ActiveCfg = G2 Debug|Win32
		{F1214AC4-7D94-481D-A39E-C1D31D218ADF}.G2 Debug|x86.Build.0 = G2 Debug|Win32
		{F1214AC4-7D94-481D-A39E-C1D31D218ADF}.G2 Release|Any CPU.ActiveCfg = G2 Release|Win32
		{F1214AC4-7D94-481D-A39E-C1D31D218ADF}.G2 Release|x64.ActiveCfg = G2 Release|Win32
		{F1214AC4-7D94-481D-A39E-C1D31D218ADF}.G2 Release|x86.ActiveCfg = G2 Release|Win32
		{F1214AC4-7D94-481D-A39E-C1D31D218ADF}.G2 Release|x86.Build.0 = G2 Release|Win32
		{F1214AC4-7D94-481D-A39E-C1D31D218ADF}.G2A Debug|Any CPU.ActiveCfg = G2A Debug|Win32
		{F1214AC4-7D94-481D-A39E-C1D31D218ADF}.G2A Debug|x64.ActiveCfg = G2A Debug|Win32
		{F1214AC4-7D94-481D-A39E-C1D31D218ADF}.G2A Debug|x86.ActiveCfg = G2A Debug|Win32
		{F1214AC4-7D94-481D-A39E-C1D31D218ADF}.G2A Debug|x86.Build.0 = G2A Debug|Win32
		{F1214AC4-7D94-481D-A39E-C1D31D218ADF}.G2A Release|Any CPU.ActiveCfg = G2A Release|Win32
		{F1214AC4-7D94-481D-A39E-C1D31D218ADF}.G2A Release|x64.ActiveCfg = G2A Release|Win32
		{F1214AC4-7D94-481D-A39E-C1D31D218ADF}.G2A Release|x86.ActiveCfg = G2A Release|Win32
		{F1214AC4-7D94-481D-A39E-C1D31D218ADF}.G2A Release|x86.Build.0 = G2A Release|Win32
		{F1214AC4-7D94-481D-A39E-C1D31D218ADF}.Release|Any CPU.ActiveCfg = Release|Win32
		{F1214AC4-7D94-481D-A39E-C1D31D218ADF}.Release|x64.ActiveCfg = Release|Win32
		{F1214AC4-7D94-481D-A39E-C1D31D218ADF}.Release|x86.ActiveCfg = Release|Win32
		{F1214AC4-7D94-481D-A39E-C1D31D218ADF}.Release|x86.Build.0 = Release|Win32
		{C431AFC7-B188-4D94-8135-75A432F9FB2C}.Debug|Any CPU.ActiveCfg = Debug|Win32
		{C431AFC7-B188-4D94-8135-75A432F9FB2C}.Debug|x64.ActiveCfg = Debug|Win32
		{C431AFC7-B188-4D94-8135-75A432F9FB2C}.Debug|x86.ActiveCfg = Debug|Win32
		{C431AFC7-B188-4D94-8135-75A432F9FB2C}.Debug|x86.Build.0 = Debug|Win32
		{C431AFC7-B188-4D94-8135-75A432F9FB2C}.G1 Debug|Any CPU.ActiveCfg = G1 Debug|Win32
		{C431AFC7-B188-4D94-8135-75A432F9FB2C}.G1 Debug|x64.ActiveCfg = G1 Debug|Win32
		{C431AFC7-B188-4D94-8135-75A432F9FB2C}.G1 Debug|x86.ActiveCfg = G1 Debug|Win32
		{C431AFC7-B188-4D94-8135-75A432F9FB2C}.G1 Debug|x86.Build.0 = G1 Debug|Win32
		{C431AFC7-B188-4D94-8135-75A432F9FB2C}.G1 Release|Any CPU.ActiveCfg = G1 Release|Win32
		{C431AFC7-B188-4D94-8135-75A432F9FB2C}.G1 Release|x64.ActiveCfg = G1 Release|Win32
		{C431AFC7-B188-4D94-8135-75A432F9FB2C}.G1 Release|x86.ActiveCfg = G1 Release|Win32
		{C431AFC7-B188-4D94-8135-75A432F9FB2C}.G1 Release|x86.Build.0 = G1 Release|Win32
		{C431AFC7-B188-4D94-8135-75A432F9FB2C}.G1A Debug|Any CPU.ActiveCfg = G1A Debug|Win32
		{C431AFC7-B188-4D94-8135-75A432F9FB2C}.G1A Debug|x64.ActiveCfg = G1A Debug|Win32
		{C431AFC7-B188-4D94-8135-75A432F9FB2C}.G1A Debug|x86.ActiveCfg = G1A Debug|Win32
		{C431AFC7-B188-4D94-8135-75A432F9FB2C}.G1A Debug|x86.Build.0 = G1A Debug|Win32
		{C431AFC7-B188-4D94-8135-75A432F9FB2C}.G1A Release|Any CPU.ActiveCfg = G1A Release|Win32
		{C431AFC7-B188-4D94-8135-75A432F9FB2C}.G1A Release|x64.ActiveCfg = G1A Release|Win32
		{C431AFC7-B188-4D94-8135-75A432F9FB2C}.G1A Release|x86.ActiveCfg = G1A Release|Win32
		{C431AFC7-B188-4D94-8135-75A432F9FB2C}.G1A Release|x86.Build.0 = G1A Release|Win32
		{C431AFC7-B188-4D94-8135-75A432F9FB2C}.G2 Debug|Any CPU.ActiveCfg = G2 Debug|Win32
		{C431AFC7-B188-4D94-8135-75A432F9FB2C}.G2 Debug|x64.ActiveCfg = G2 Debug|Win32
		{C431AFC7-B188-4D94-8135-75A432F9FB2C}.G2 Debug|x86.ActiveCfg = G2 Debug|Win32
		{C431AFC7-B188-4D94-8135-75A432F9FB2C}.G2 Debug|x86.Build.0 = G2 Debug|Win32
		{C431AFC7-B188-4D94-8135-75A432F9FB2C}.G2 Release|Any CPU.ActiveCfg = G2 Release|Win32
		{C431AFC7-B188-4D94-8135-75A432F9FB2C}.G2 Release|x64.ActiveCfg = G2 Release|Win32
		{C431AFC7-B188-4D94-8135-75A432F9FB2C}.G2 Release|x86.ActiveCfg = G2 Release|Win32
		{C431AFC7-B188-4D94-8135-75A432F9FB2C}.G2 Release|x86.Build.0 = G2 Release|Win32
		{C431AFC7-B188-4D94-8135-75A432F9FB2C}.G2A Debug|Any CPU.ActiveCfg = G2A Debug|Win32
		{C431AFC7-B188-4D94-8135-75A432F9FB2C}.G2A Debug|x64.ActiveCfg = G2A Debug|Win32
		{C431AFC7-B188-4D94-8135-75A432F9FB2C}.G2A Debug|x86.ActiveCfg = G2A Debug|Win32
		{C431AFC7-B188-4D94-8135-75A432F9FB2C}.G2A Debug|x86.Build.0 = G2A Debug|Win32
		{C431AFC7-B188-4D94-8135-75A432F9FB2C}.G2A Release|Any CPU.ActiveCfg = G2A Release|Win32
		{C431AFC7-B188-4D94-8135-75A432F9FB2C}.G2A Release|x64.ActiveCfg = G2A Release|Win32
		{C431AFC7-B188-4D94-8135-75A432F9FB2C}.G2A Release|x86.ActiveCfg = G2A Release|Win32
		{C431AFC7-B188-4D94-8135-75A432F9FB2C}.G2A Release|x86.Build.0 = G2A Release|Win32
		{C431AFC7-B188-4D94-8135-75A432F9FB2C}.Release|Any CPU.ActiveCfg = Release|Win32
		{C431AFC7-B188-4D94-8135-75A432F9FB2C}.Release|x64.ActiveCfg = Release|Win32
		{C431AFC7-B188-4D94-8135-75A432F9FB2C}.Release|x86.ActiveCfg = Release|Win32
		{C431AFC7-B188-4D94-8135-75A432F9FB2C}.Release|x86.Build.0 = Release|Win32
		{2D4B1E78-94E0-473B-8DFC-2B05560E5023}.Debug|Any CPU.ActiveCfg = Debug|Win32
		{2D4B1E78-94E0-473B-8DFC-2B05560E5023}.Debug|x64.ActiveCfg = Debug|Win32
		{2D4B1E78-94E0-473B-8DFC-2B05560E5023}.Debug|x86.ActiveCfg = Debug|Win32
		{2D4B1E78-94E0-473B-8DFC-2B05560E5023}.Debug|x86.Build.0 = Debug|Win32
		{2D4B1E78-94E0-473B-8DFC-2B05560E5023}.G1 Debug|Any CPU.ActiveCfg = G1 Debug|Win32
		{2D4B1E78-94E0-473B-8DFC-2B05560E5023}.G1 Debug|x64.ActiveCfg = G1 Debug|Win32
		{2D4B1E78-94E0-473B-8DFC-2B05560E5023}.G1 Debug|x86.ActiveCfg = G1 Debug|Win32
		{2D4B1E78-94E0-473B-8DFC-2B05560E5023}.G1 Debug|x86.Build.0 = G1 Debug|Win32
		{2D4B1E78-94E0-473B-8DFC-2B05560E5023}.G1 Release|Any CPU.ActiveCfg = G1 Release|Win32
		{2D4B1E78-94E0-473B-8DFC-2B05560E5023}.G1 Release|x64.ActiveCfg = G1 Release|Win32
		{2D4B1E78-94E0-473B-8DFC-2B05560E5023}.G1 Release|x86.ActiveCfg = G1 Release|Win32
		{2D4B1E78-94E0-473B-8DFC-2B05560E5023}.G1 Release|x86.Build.0 = G1 Release|Win32
		{2D4B1E78-94E0-473B-8DFC-2B05560E5023}.G1A Debug|Any CPU.ActiveCfg = G1A Debug|Win32
		{2D4B1E78-94E0-473B-8DFC-2B05560E5023}.G1A Debug|x64.ActiveCfg = G1A Debug|Win32
		{2D4B1E78-94E0-473B-8DFC-2B05560E5023}.G1A Debug|x86.ActiveCfg = G1A Debug|Win32
		{2D4B1E78-94E0-473B-8DFC-2B05560E5023}.G1A Debug|x86.Build.0 = G1A Debug|Win32
		{2D4B1E78-94E0-473B-8DFC-2B05560E5023}.G1A Release|Any CPU.ActiveCfg = G1A Release|Win32
		{2D4B1E78-94E0-473B-8DFC-2B05560E5023}.G1A Release|x64.ActiveCfg = G1A Release|Win32
		{2D4B1E78-94E0-473B-8DFC-2B05560E5023}.G1A Release|x86.ActiveCfg = G1A Release|Win32
		{2D4B1E78-94E0-473B-8DFC-2B05560E5023}.G1A Release|x86.Build.0 = G1A Release|Win32
		{2D4B1E78-94E0-473B-8DFC-2B05560E5023}.G2 Debug|Any CPU.ActiveCfg = G2 Debug|Win32
		{2D4B1E78-94E0-473B-8DFC-2B05560E5023}.G2 Debug|x64.ActiveCfg = G2 Debug|Win32
		{2D4B1E78-94E0-473B-8DFC-2B05560E5023}.G2 Debug|x86.ActiveCfg = G2 Debug|Win32
		{2D4B1E78-94E0-473B-8DFC-2B05560E5023}.G2 Debug|x86.Build.0 = G2 Debug|Win32
		{2D4B1E78-94E0-473B-8DFC-2B05560E5023}.G2 Release|Any CPU.ActiveCfg = G2 Release|Win32
		{2D4B1E78-94E0-473B-8DFC-2B05560E5023}.G2 Release|x64.ActiveCfg = G2 Release|Win32
		{2D4B1E78-94E0-473B-8DFC-2B05560E5023}.G2 Release|x86.ActiveCfg = G2 Release|Win32
		{2D4B1E78-94E0-473B-8DFC-2B05560E5023}.G2 Release|x86.Build.0 = G2 Release|Win32
		{2D4B1E78-94E0-473B-8DFC-2B05560E5023}.G2A Debug|Any CPU.ActiveCfg = G2A Debug|Win32
		{2D4B1E78-94E0-473B-8DFC-2B05560E5023}.G2A Debug|x64.ActiveCfg = G2A Debug|Win32
		{2D4B1E78-94E0-473B-8DFC-2B05560E5023}.G2A Debug|x86.ActiveCfg = G2A Debug|Win32
		{2D4B1E78-94E0-473B-8DFC-2B05560E5023}.G2A Debug|x86.Build.0 = G2A Debug|Win32
		{2D4B1E78-94E0-473B-8DFC-2B05560E5023}.G2A Release|Any CPU.ActiveCfg = G2A Release|Win32
		{2D4B1E78-94E0-473B-8DFC-2B05560E5023}.G2A Release|x64.ActiveCfg = G2A Release|Win32
		{2D4B1E78-94E0-473B-8DFC-2B05560E5023}.G2A Release|x86.ActiveCfg = G2A Release|Win32
		{2D4B1E78-94E0-473B-8DFC-2B05560E5023}.G2A Release|x86.Build.0 = G2A Release|Win32
		{2D4B1E78-94E0-473B-8DFC-2B05560E5023}.Release|Any CPU.ActiveCfg = Release|Win32
		{2D4B1E78-94E0-473B-8DFC-2B05560E5023}.Release|x64.ActiveCfg = Release|Win32
		{2D4B1E78-94E0-473B-8DFC-2B05560E5023}.Release|x86.ActiveCfg = Release|Win32
		{2D4B1E78-94E0-473B-8DFC-2B05560E5023}.Release|x86.Build.0 = Release|Win32
		{1F14BA82-0878-4AB7-88DA-D58F6A6FC488}.Debug|Any CPU.ActiveCfg = Debug|Win32
		{1F14BA82-0878-4AB7-88DA-D58F6A6FC488}.Debug|x64.ActiveCfg = Debug|Win32
		{1F14BA82-0878-4AB7-88DA-D58F6A6FC488}.Debug|x86.ActiveCfg = Debug|Win32
		{1F14BA82-0878-4AB7-88DA-D58F6A6FC488}.Debug|x86.Build.0 = Debug|Win32
		{1F14BA82-0878-4AB7-88DA-D58F6A6FC488}.G1 Debug|Any CPU.ActiveCfg = G1 Debug|Win32
		{1F14BA82-0878-4AB7-88DA-D58F6A6FC488}.G1 Debug|x64.ActiveCfg = G1 Debug|Win32
		{1F14BA82-0878-4AB7-88DA-D58F6A6FC488}.G1 Debug|x86.ActiveCfg = G1 Debug|Win32
		{1F14BA82-0878-4AB7-88DA-D58F6A6FC488}.G1 Debug|x86.Build.0 = G1 Debug|Win32
		{1F14BA82-0878-4AB7-88DA-D58F6A6FC488}.G1 Release|Any CPU.ActiveCfg = G1 Release|Win32
		{1F14BA82-0878-4AB7-88DA-D58F6A6FC488}.G1 Release|x64.ActiveCfg = G1 Release|Win32
		{1F14BA82-0878-4AB7-88DA-D58F6A6FC488}.G1 Release|x86.ActiveCfg = G1 Release|Win32
		{1F14BA82-0878-4AB7-88DA-D58F6A6FC488}.G1 Release|x86.Build.0 = G1 Release|Win32
		{1F14BA82-0878-4AB7-88DA-D58F6A6FC488}.G1A Debug|Any CPU.ActiveCfg = G1A Debug|Win32
		{1F14BA82-0878-4AB7-88DA-D58F6A6FC488}.G1A Debug|x64.ActiveCfg = G1A Debug|Win32
		{1F14BA82-0878-4AB7-88DA-D58F6A6FC488}.G1A Debug|x86.ActiveCfg = G1A Debug|Win32
		{1F14BA82-0878-4AB7-88DA-D58F6A6FC488}.G1A Debug|x86.Build.0 = G1A Debug|Win32
		{1F14BA82-0878-4AB7-88DA-D58F6A6FC488}.G1A Release|Any CPU.ActiveCfg = G1A Release|Win32
		{1F14BA82-0878-4AB7-88DA-D58F6A6FC488}.G1A Release|x64.ActiveCfg = G1A Release|Win32
		{1F14BA82-0878-4AB7-88DA-D58F6A6FC488}.G1A Release|x86.ActiveCfg = G1A Release|Win32
		{1F14BA82-0878-4AB7-88DA-D58F6A6FC488}.G1A Release|x86.Build.0 = G1A Release|Win32
		{1F14BA82-0878-4AB7-88DA-D58F6A6FC488}.G2 Debug|Any CPU.ActiveCfg = G2 Debug|Win32
		{1F14BA82-0878-4AB7-88DA-D58F6A6FC488}.G2 Debug|x64.ActiveCfg = G2 Debug|Win32
		{1F14BA82-0878-4AB7-88DA-D58F6A6FC488}.G2 Debug|x86.ActiveCfg = G2 Debug|Win32
		{1F14BA82-0878-4AB7-88DA-D58F6A6FC488}.G2 Debug|x86.Build.0 = G2 Debug|Win32
		{1F14BA82-0878-4AB7-88DA-D58F6A6FC488}.G2 Release|Any CPU.ActiveCfg = G2 Release|Win32
		{1F14BA82-0878-4AB7-88DA-D58F6A6FC488}.G2 Release|x64.ActiveCfg = G2 Release|Win32
		{1F14BA82-0878-4AB7-88DA-D58F6A6FC488}.G2 Release|x86.ActiveCfg = G2 Release|Win32
		{1F14BA82-0878-4AB7-88DA-D58F6A6FC488}.G2 Release|x86.Build.0 = G2 Release|Win32
		{1F14BA82-0878-4AB7-88DA-D58F6A6FC488}.G2A Debug|Any CPU.ActiveCfg = G2A Debug|Win32
		{1F14BA82-0878-4AB7-88DA-D58F6A6FC488}.G2A Debug|x64.ActiveCfg = G2A Debug|Win32
		{1F14BA82-0878-4AB7-88DA-D58F6A6FC488}.G2A Debug|x86.ActiveCfg = G2A Debug|Win32
		{1F14BA82-0878-4AB7-88DA-D58F6A6FC488}.G2A Debug|x86.Build.0 = G2A Debug|Win32
		{1F14BA82-0878-4AB7-88DA-D58F6A6FC488}.G2A Release|Any CPU.ActiveCfg = G2A Release|Win32
		{1F14BA82-0878-4AB7-88DA-D58F6A6FC488}.G2A Release|x64.ActiveCfg = G2A Release|Win32
		{1F14BA82-0878-4AB7-88DA-D58F6A6FC488}.G2A Release|x86.ActiveCfg = G2A Release|Win32
		{1F14BA82-0878-4AB7-88DA-D58F6A6FC488}.G2A Release|x86.Build.0 = G2A Release|Win32
		{1F14BA82-0878-4AB7-88DA-D58F6A6FC488}.Release|Any CPU.ActiveCfg = Release|Win32
		{1F14BA82-0878-4AB7-88DA-D58F6A6FC488}.Release|x64.ActiveCfg = Release|Win32
		{1F14BA82-0878-4AB7-88DA-D58F6A6FC488}.Release|x86.ActiveCfg = Release|Win32
		{1F14BA82-0878-4AB7-88DA-D58F6A6FC488}.Release|x86.Build.0 = Release|Win32
		{6A0B4FBC-E2CF-4E0C-874D-92842ACCA7D7}.Debug|Any CPU.ActiveCfg = Debug|Win32
		{6A0B4FBC-E2CF-4E0C-874D-92842ACCA7D7}.Debug|x64.ActiveCfg = Debug|Win32
		{6A0B4FBC-E2CF-4E0C-874D-92842ACCA7D7}.Debug|x86.ActiveCfg = Debug|Win32
		{6A0B4FBC-E2CF-4E0C-874D-92842ACCA7D7}.Debug|x86.Build.0 = Debug|Win32
		{6A0B4FBC-E2CF-4E0C-874D-92842ACCA7D7}.G1 Debug|Any CPU.ActiveCfg = G1 Debug|Win32
		{6A0B4FBC-E2CF-4E0C-874D-92842ACCA7D7}.G1 Debug|x64.ActiveCfg = G1 Debug|Win32
		{6A0B4FBC-E2CF-4E0C-874D-92842ACCA7D7}.G1 Debug|x86.ActiveCfg = G1 Debug|Win32
		{6A0B4FBC-E2CF-4E0C-874D-92842ACCA7D7}.G1 Debug|x86.Build.0 = G1 Debug|Win32
		{6A0B4FBC-E2CF-4E0C-874D-92842ACCA7D7}.G1 Release|Any CPU.ActiveCfg = G1 Release|Win32
		{6A0B4FBC-E2CF-4E0C-874D-92842ACCA7D7}.G1 Release|x64.ActiveCfg = G1 Release|Win32
		{6A0B4FBC-E2CF-4E0C-874D-92842ACCA7D7}.G1 Release|x86.ActiveCfg = G1 Release|Win32
		{6A0B4FBC-E2CF-4E0C-874D-92842ACCA7D7}.G1 Release|x86.Build.0 = G1 Release|Win32
		{6A0B4FBC-E2CF-4E0C-874D-92842ACCA7D7}.G1A Debug|Any CPU.ActiveCfg = G1A Debug|Win32
		{6A0B4FBC-E2CF-4E0C-874D-92842ACCA7D7}.G1A Debug|x64.ActiveCfg = G1A Debug|Win32
		{6A0B4FBC-E2CF-4E0C-874D-92842ACCA7D7}.G1A Debug|x86.ActiveCfg = G1A Debug|Win32
		{6A0B4FBC-E2CF-4E0C-874D-92842ACCA7D7}.G1A Debug|x86.Build.0 = G1A Debug|Win32
		{6A0B4FBC-E2CF-4E0C-874D-92842ACCA7D7}.G1A Release|Any CPU.ActiveCfg = G1A Release|Win32
		{6A0B4FBC-E2CF-4E0C-874D-92842ACCA7D7}.G1A Release|x64.ActiveCfg = G1A Release|Win32
		{6A0B4FBC-E2CF-4E0C-874D-92842ACCA7D7}.G1A Release|x86.ActiveCfg = G1A Release|Win32
		{6A0B4FBC-E2CF-4E0C-874D-92842ACCA7D7}.G1A Release|x86.Build.0 = G1A Release|Win32
		{6A0B4FBC-E2CF-4E0C-874D-92842ACCA7D7}.G2 Debug|Any CPU.ActiveCfg = G2 Debug|Win32
		{6A0B4FBC-E2CF-4E0C-874D-92842ACCA7D7}.G2 Debug|x64.ActiveCfg = G2 Debug|Win32
		{6A0B4FBC-E2CF-4E0C-874D-92842ACCA7D7}.G2 Debug|x86.ActiveCfg = G2 Debug|Win32
		{6A0B4FBC-E2CF-4E0C-874D-92842ACCA7D7}.G2 Debug|x86.Build.0 = G2 Debug|Win32
		{6A0B4FBC-E2CF-4E0C-874D-92842ACCA7D7}.G2 Release|Any CPU.ActiveCfg = G2 Release|Win32
		{6A0B4FBC-E2CF-4E0C-874D-92842ACCA7D7}.G2 Release|x64.ActiveCfg = G2 Release|Win32
		{6A0B4FBC-E2CF-4E0C-874D-92842ACCA7D7}.G2 Release|x86.ActiveCfg = G2 Release|Win32
		{6A0B4FBC-E2CF-4E0C-874D-92842ACCA7D7}.G2 Release|x86.Build.0 = G2 Release|Win32
		{6A0B4FBC-E2CF-4E0C-874D-92842ACCA7D7}.G2A Debug|Any CPU.ActiveCfg = G2A Debug|Win32
		{6A0B4FBC-E2CF-4E0C-874D-92842ACCA7D7}.G2A Debug|x64.ActiveCfg = G2A Debug|Win32
		{6A0B4FBC-E2CF-4E0C-874D-92842ACCA7D7}.G2A Debug|x86.ActiveCfg = G2A Debug|Win32
		{6A0B4FBC-E2CF-4E0C-874D-92842ACCA7D7}.G2A Debug|x86.Build.0 = G2A Debug|Win32
		{6A0B4FBC-E2CF-4E0C-874D-92842ACCA7D7}.G2A Release|Any CPU.ActiveCfg = G2A Release|Win32
		{6A0B4FBC-E2CF-4E0C-874D-92842ACCA7D7}.G2A Release|x64.ActiveCfg = G2A Release|Win32
		{6A0B4FBC-E2CF-4E0C-874D-92842ACCA7D7}.G2A Release|x86.ActiveCfg = G2A Release|Win32
		{6A0B4FBC-E2CF-4E0C-874D-92842ACCA7D7}.G2A Release|x86.Build.0 = G2A Release|Win32
		{6A0B4FBC-E2CF-4E0C-874D-92842ACCA7D7}.Release|Any CPU.ActiveCfg = Release|Win32
		{6A0B4FBC-E2CF-4E0C-874D-92842ACCA7D7}.Release|x64.ActiveCfg = Release|Win32
		{6A0B4FBC-E2CF-4E0C-874D-92842ACCA7D7}.Release|x86.ActiveCfg = Release|Win32
		{6A0B4FBC-E2CF-4E0C-874D-92842ACCA7D7}.Release|x86.Build.0 = Release|Win32
		{24466F8B-828A-4E22-8CD8-8AEB3358271D}.Debug|Any CPU.ActiveCfg = Debug|Win32
		{24466F8B-828A-4E22-8CD8-8AEB3358271D}.Debug|x64.ActiveCfg = Debug|Win32
		{24466F8B-828A-4E22-8CD8-8AEB3358271D}.Debug|x86.ActiveCfg = Debug|Win32
		{24466F8B-828A-4E22-8CD8-8AEB3358271D}.Debug|x86.Build.0 = Debug|Win32
		{24466F8B-828A-4E22-8CD8-8AEB3358271D}.G1 Debug|Any CPU.ActiveCfg = G1 Debug|Win32
		{24466F8B-828A-4E22-8CD8-8AEB3358271D}.G1 Debug|x64.ActiveCfg = G1 Debug|Win32
		{24466F8B-828A-4E22-8CD8-8AEB3358271D}.G1 Debug|x86.ActiveCfg = G1 Debug|Win32
		{24466F8B-828A-4E22-8CD8-8AEB3358271D}.G1 Debug|x86.Build.0 = G1 Debug|Win32
		{24466F8B-828A-4E22-8CD8-8AEB3358271D}.G1 Release|Any CPU.ActiveCfg = G1 Release|Win32
		{24466F8B-828A-4E22-8CD8-8AEB3358271D}.G1 Release|x64.ActiveCfg = G1 Release|Win32
		{24466F8B-828A-4E22-8CD8-8AEB3358271D}.G1 Release|x86.ActiveCfg = G1 Release|Win32
		{24466F8B-828A-4E22-8CD8-8AEB3358271D}.G1 Release|x86.Build.0 = G1 Release|Win32
		{24466F8B-828A-4E22-8CD8-8AEB3358271D}.G1A Debug|Any CPU.ActiveCfg = G1A Debug|Win32
		{24466F8B-828A-4E22-8CD8-8AEB3358271D}.G1A Debug|x64.ActiveCfg = G1A Debug|Win32
		{24466F8B-828A-4E22-8CD8-8AEB3358271D}.G1A Debug|x86.ActiveCfg = G1A Debug|Win32
		{24466F8B-828A-4E22-8CD8-8AEB3358271D}.G1A Debug|x86.Build.0 = G1A Debug|Win32
		{24466F8B-828A-4E22-8CD8-8AEB3358271D}.G1A Release|Any CPU.ActiveCfg = G1A Release|Win32
		{24466F8B-828A-4E22-8CD8-8AEB3358271D}.G1A Release|x64.ActiveCfg = G1A Release|Win32
		{24466F8B-828A-4E22-8CD8-8AEB3358271D}.G1A Release|x86.ActiveCfg = G1A Release|Win32
		{24466F8B-828A-4E22-8CD8-8AEB3358271D}.G1A Release|x86.Build.0 = G1A Release|Win32
		{24466F8B-828A-4E22-8CD8-8AEB3358271D}.G2 Debug|Any CPU.ActiveCfg = G2 Debug|Win32
		{24466F8B-828A-4E22-8CD8-8AEB3358271D}.G2 Debug|x64.ActiveCfg = G2 Debug|Win32
		{24466F8B-828A-4E22-8CD8-8AEB3358271D}.G2 Debug|x86.ActiveCfg = G2 Debug|Win32
		{24466F8B-828A-4E22-8CD8-8AEB3358271D}.G2 Debug|x86.Build.0 = G2 Debug|Win32
		{24466F8B-828A-4E22-8CD8-8AEB3358271D}.G2 Release|Any CPU.ActiveCfg = G2 Release|Win32
		{24466F8B-828A-4E22-8CD8-8AEB3358271D}.G2 Release|x64.ActiveCfg = G2 Release|Win32
		{24466F8B-828A-4E22-8CD8-8AEB3358271D}.G2 Release|x86.ActiveCfg = G2 Release|Win32
		{24466F8B-828A-4E22-8CD8-8AEB3358271D}.G2 Release|x86.Build.0 = G2 Release|Win32
		{24466F8B-828A-4E22-8CD8-8AEB3358271D}.G2A Debug|Any CPU.ActiveCfg = G2A Debug|Win32
		{24466F8B-828A-4E22-8CD8-8AEB3358271D}.G2A Debug|x64.ActiveCfg = G2A Debug|Win32
		{24466F8B-828A-4E22-8CD8-8AEB3358271D}.G2A Debug|x86.ActiveCfg = G2A Debug|Win32
		{24466F8B-828A-4E22-8CD8-8AEB3358271D}.G2A Debug|x86.Build.0 = G2A Debug|Win32
		{24466F8B-828A-4E22-8CD8-8AEB3358271D}.G2A Release|Any CPU.ActiveCfg = G2A Release|Win32
		{24466F8B-828A-4E22-8CD8-8AEB3358271D}.G2A Release|x64.ActiveCfg = G2A Release|Win32
		{24466F8B-828A-4E22-8CD8-8AEB3358271D}.G2A Release|x86.ActiveCfg = G2A Release|Win32
		{24466F8B-828A-4E22-8CD8-8AEB3358271D}.G2A Release|x86.Build.0 = G2A Release|Win32
		{24466F8B-828A-4E22-8CD8-8AEB3358271D}.Release|Any CPU.ActiveCfg = Release|Win32
		{24466F8B-828A-4E22-8CD8-8AEB3358271D}.Release|x64.ActiveCfg = Release|Win32
		{24466F8B-828A-4E22-8CD8-8AEB3358271D}.Release|x86.ActiveCfg = Release|Win32
		{24466F8B-828A-4E22-8CD8-8AEB3358271D}.Release|x86.Build.0 = Release|Win32
		{E8F9FB79-53E4-4E5E-AC83-983FC22B12C1}.Debug|Any CPU.ActiveCfg = Debug|Win32
		{E8F9FB79-53E4-4E5E-AC83-983FC22B12C1}.Debug|x64.ActiveCfg = Debug|Win32
		{E8F9FB79-53E4-4E5E-AC83-983FC22B12C1}.Debug|x86.ActiveCfg = Debug|Win32
		{E8F9FB79-53E4-4E5E-AC83-983FC22B12C1}.Debug|x86.Build.0 = Debug|Win32
		{E8F9FB79-53E4-4E5E-AC83-983FC22B12C1}.G1 Debug|Any CPU.ActiveCfg = G1 Debug|Win32
		{E8F9FB79-53E4-4E5E-AC83-983FC22B12C1}.G1 Debug|x64.ActiveCfg = G1 Debug|Win32
		{E8F9FB79-53E4-4E5E-AC83-983FC22B12C1}.G1 Debug|x86.ActiveCfg = G1 Debug|Win32
		{E8F9FB79-53E4-4E5E-AC83-983FC22B12C1}.G1 Debug|x86.Build.0 = G1 Debug|Win32
		{E8F9FB79-53E4-4E5E-AC83-983FC22B12C1}.G1 Release|Any CPU.ActiveCfg = G1 Release|Win32
		{E8F9FB79-53E4-4E5E-AC83-983FC22B12C1}.G1 Release|x64.ActiveCfg = G1 Release|Win32
		{E8F9FB79-53E4-4E5E-AC83-983FC22B12C1}.G1 Release|x86.ActiveCfg = G1 Release|Win32
		{E8F9FB79-53E4-4E5E-AC83-983FC22B12C1}.G1 Release|x86.Build.0 = G1 Release|Win32
		{E8F9FB79-53E4-4E5E-AC83-983FC22B12C1}.G1A Debug|Any CPU.ActiveCfg = G1A Debug|Win32
		{E8F9FB79-53E4-4E5E-AC83-983FC22B12C1}.G1A Debug|x64.ActiveCfg = G1A Debug|Win32
		{E8F9FB79-53E4-4E5E-AC83-983FC22B12C1}.G1A Debug|x86.ActiveCfg = G1A Debug|Win32
		{E8F9FB79-53E4-4E5E-AC83-983FC22B12C1}.G1A Debug|x86.Build.0 = G1A Debug|Win32
		{E8F9FB79-53E4-4E5E-AC83-983FC22B12C1}.G1A Release|Any CPU.ActiveCfg = G1A Release|Win32
		{E8F9FB79-53E4-4E5E-AC83-983FC22B12C1}.G1A Release|x64.ActiveCfg = G1A Release|Win32
		{E8F9FB79-53E4-4E5E-AC83-983FC22B12C1}.G1A Release|x86.ActiveCfg = G1A Release|Win32
		{E8F9FB79-53E4-4E5E-AC83-983FC22B12C1}.G1A Release|x86.Build.0 = G1A Release|Win32
		{E8F9FB79-53E4-4E5E-AC83-983FC22B12C1}.G2 Debug|Any CPU.ActiveCfg = G2 Debug|Win32
		{E8F9FB79-53E4-4E5E-AC83-983FC22B12C1}.G2 Debug|x64.ActiveCfg = G2 Debug|Win32
		{E8F9FB79-53E4-4E5E-AC83-983FC22B12C1}.G2 Debug|x86.ActiveCfg = G2 Debug|Win32
		{E8F9FB79-53E4-4E5E-AC83-983FC22B12C1}.G2 Debug|x86.Build.0 = G2 Debug|Win32
		{E8F9FB79-53E4-4E5E-AC83-983FC22B12C1}.G2 Release|Any CPU.ActiveCfg = G2 Release|Win32
		{E8F9FB79-53E4-4E5E-AC83-983FC22B12C1}.G2 Release|x64.ActiveCfg = G2 Release|Win32
		{E8F9FB79-53E4-4E5E-AC83-983FC22B12C1}.G2 Release|x86.ActiveCfg = G2 Release|Win32
		{E8F9FB79-53E4-4E5E-AC83-983FC22B12C1}.G2 Release|x86.Build.0 = G2 Release|Win32
		{E8F9FB79-53E4-4E5E-AC83-983FC22B12C1}.G2A Debug|Any CPU.ActiveCfg = G2A Debug|Win32
		{E8F9FB79-53E4-4E5E-AC83-983FC22B12C1}.G2A Debug|x64.ActiveCfg = G2A Debug|Win32
		{E8F9FB79-53E4-4E5E-AC83-983FC22B12C1}.G2A Debug|x86.ActiveCfg = G2A Debug|Win32
		{E8F9FB79-53E4-4E5E-AC83-983FC22B12C1}.G2A Debug|x86.Build.0 = G2A Debug|Win32
		{E8F9FB79-53E4-4E5E-AC83-983FC22B12C1}.G2A Release|Any CPU.ActiveCfg = G2A Release|Win32
		{E8F9FB79-53E4-4E5E-AC83-983FC22B12C1}.G2A Release|x64.ActiveCfg = G2A Release|Win32
		{E8F9FB79-53E4-4E5E-AC83-983FC22B12C1}.G2A Release|x86.ActiveCfg = G2A Release|Win32
		{E8F9FB79-53E4-4E5E-AC83-983FC22B12C1}.G2A Release|x86.Build.0 = G2A Release|Win32
		{E8F9FB79-53E4-4E5E-AC83-983FC22B12C1}.Release|Any CPU.ActiveCfg = Release|Win32
		{E8F9FB79-53E4-4E5E-AC83-983FC22B12C1}.Release|x64.ActiveCfg = Release|Win32
		{E8F9FB79-53E4-4E5E-AC83-983FC22B12C1}.Release|x86.ActiveCfg = Release|Win32
		{E8F9FB79-53E4-4E5E-AC83-983FC22B12C1}.Release|x86.Build.0 = Release|Win32
		{88B73411-7825-462E-8B68-ED345C67E9D1}.Debug|Any CPU.ActiveCfg = Debug|Win32
		{88B73411-7825-462E-8B68-ED345C67E9D1}.Debug|x64.ActiveCfg = Debug|Win32
		{88B73411-7825-462E-8B68-ED345C67E9D1}.Debug|x86.ActiveCfg = Debug|Win32
		{88B73411-7825-462E-8B68-ED345C67E9D1}.Debug|x86.Build.0 = Debug|Win32
		{88B73411-7825-462E-8B68-ED345C67E9D1}.G1 Debug|Any CPU.ActiveCfg = G1 Debug|Win32
		{88B73411-7825-462E-8B68-ED345C67E9D1}.G1 Debug|x64.ActiveCfg = G1 Debug|Win32
		{88B73411-7825-462E-8B68-ED345C67E9D1}.G1 Debug|x86.ActiveCfg = G1 Debug|Win32
		{88B73411-7825-462E-8B68-ED345C67E9D1}.G1 Debug|x86.Build.0 = G1 Debug|Win32
		{88B73411-7825-462E-8B68-ED345C67E9D1}.G1 Release|Any CPU.ActiveCfg = G1 Release|Win32
		{88B73411-7825-462E-8B68-ED345C67E9D1}.G1 Release|x64.ActiveCfg = G1 Release|Win32
		{88B73411-7825-462E-8B68-ED345C67E9D1}.G1 Release|x86.ActiveCfg = G1 Release|Win32
		{88B73411-7825-462E-8B68-ED345C67E9D1}.G1 Release|x86.Build.0 = G1 Release|Win32
		{88B73411-7825-462E-8B68-ED345C67E9D1}.G1A Debug|Any CPU.ActiveCfg = G1A Debug|Win32
		{88B73411-7825-462E-8B68-ED345C67E9D1}.G1A Debug|x64.ActiveCfg = G1A Debug|Win32
		{88B73411-7825-462E-8B68-ED345C67E9D1}.G1A Debug|x86.ActiveCfg = G1A Debug|Win32
		{88B73411-7825-462E-8B68-ED345C67E9D1}.G1A Debug|x86.Build.0 = G1A Debug|Win32
		{88B73411-7825-462E-8B68-ED345C67E9D1}.G1A Release|Any CPU.ActiveCfg = G1A Release|Win32
		{88B73411-7825-462E-8B68-ED345C67E9D1}.G1A Release|x64.ActiveCfg = G1A Release|Win32
		{88B73411-7825-462E-8B68-ED345C67E9D1}.G1A Release|x86.ActiveCfg = G1A Release|Win32
		{88B73411-7825-462E-8B68-ED345C67E9D1}.G1A Release|x86.Build.0 = G1A Release|Win32
		{88B73411-7825-462E-8B68-ED345C67E9D1}.G2 Debug|Any CPU.ActiveCfg = G2 Debug|Win32
		{88B73411-7825-462E-8B68-ED345C67E9D1}.G2 Debug|x64.ActiveCfg = G2 Debug|Win32
		{88B73411-7825-462E-8B68-ED345C67E9D1}.G2 Debug|x86.ActiveCfg = G2 Debug|Win32
		{88B73411-7825-462E-8B68-ED345C67E9D1}.G2 Debug|x86.Build.0 = G2 Debug|Win32
		{88B73411-7825-462E-8B68-ED345C67E9D1}.G2 Release|Any CPU.ActiveCfg = G2 Release|Win32
		{88B73411-7825-462E-8B68-ED345C67E9D1}.G2 Release|x64.ActiveCfg = G2 Release|Win32
		{88B73411-7825-462E-8B68-ED345C67E9D1}.G2 Release|x86.ActiveCfg = G2 Release|Win32
		{88B73411-7825-462E-8B68-ED345C67E9D1}.G2 Release|x86.Build.0 = G2 Release|Win32
		{88B73411-7825-462E-8B68-ED345C67E9D1}.G2A Debug|Any CPU.ActiveCfg = G2A Debug|Win32
		{88B73411-7825-462E-8B68-ED345C67E9D1}.G2A Debug|x64.ActiveCfg = G2A Debug|Win32
		{88B73411-7825-462E-8B68-ED345C67E9D1}.G2A Debug|x86.ActiveCfg = G2A Debug|Win32
		{88B73411-7825-462E-8B68-ED345C67E9D1}.G2A Debug|x86.Build.0 = G2A Debug|Win32
		{88B73411-7825-462E-8B68-ED345C67E9D1}.G2A Release|Any CPU.ActiveCfg = G2A Release|Win32
		{88B73411-7825-462E-8B68-ED345C67E9D1}.G2A Release|x64.ActiveCfg = G2A Release|Win32
		{88B73411-7825-462E-8B68-ED345C67E9D1}.G2A Release|x86.ActiveCfg = G2A Release|Win32
		{88B73411-7825-462E-8B68-ED345C67E9D1}.G2A Release|x86.Build.0 = G2A Release|Win32
		{88B73411-7825-462E-8B68-ED345C67E9D1}.Release|Any CPU.ActiveCfg = Release|Win32
		{88B73411-7825-462E-8B68-ED345C67E9D1}.Release|x64.ActiveCfg = Release|Win32
		{88B73411-7825-462E-8B68-ED345C67E9D1}.Release|x86.ActiveCfg = Release|Win32
		{88B73411-7825-462E-8B68-ED345C67E9D1}.Release|x86.Build.0 = Release|Win32
		{44671BE7-E818-4F04-B5DF-28730EBADD8C}.Debug|Any CPU.ActiveCfg = Debug|Win32
		{44671BE7-E818-4F04-B5DF-28730EBADD8C}.Debug|x64.ActiveCfg = Debug|Win32
		{44671BE7-E818-4F04-B5DF-28730EBADD8C}.Debug|x86.ActiveCfg = Debug|Win32
		{44671BE7-E818-4F04-B5DF-28730EBADD8C}.Debug|x86.Build.0 = Debug|Win32
		{44671BE7-E818-4F04-B5DF-28730EBADD8C}.G1 Debug|Any CPU.ActiveCfg = G1 Debug|Win32
		{44671BE7-E818-4F04-B5DF-28730EBADD8C}.G1 Debug|x64.ActiveCfg = G1 Debug|Win32
		{44671BE7-E818-4F04-B5DF-28730EBADD8C}.G1 Debug|x86.ActiveCfg = G1 Debug|Win32
		{44671BE7-E818-4F04-B5DF-28730EBADD8C}.G1 Debug|x86.Build.0 = G1 Debug|Win32
		{44671BE7-E818-4F04-B5DF-28730EBADD8C}.G1 Release|Any CPU.ActiveCfg = G1 Release|Win32
		{44671BE7-E818-4F04-B5DF-28730EBADD8C}.G1 Release|x64.ActiveCfg = G1 Release|Win32
		{44671BE7-E818-4F04-B5DF-28730EBADD8C}.G1 Release|x86.ActiveCfg = G1 Release|Win32
		{44671BE7-E818-4F04-B5DF-28730EBADD8C}.G1 Release|x86.Build.0 = G1 Release|Win32
		{44671BE7-E818-4F04-B5DF-28730EBADD8C}.G1A Debug|Any CPU.ActiveCfg = G1A Debug|Win32
		{44671BE7-E818-4F04-B5DF-28730EBADD8C}.G1A Debug|x64.ActiveCfg = G1A Debug|Win32
		{44671BE7-E818-4F04-B5DF-28730EBADD8C}.G1A Debug|x86.ActiveCfg = G1A Debug|Win32
		{44671BE7-E818-4F04-B5DF-28730EBADD8C}.G1A Debug|x86.Build.0 = G1A Debug|Win32
		{44671BE7-E818-4F04-B5DF-28730EBADD8C}.G1A Release|Any CPU.ActiveCfg = G1A Release|Win32
		{44671BE7-E818-4F04-B5DF-28730EBADD8C}.G1A Release|x64.ActiveCfg = G1A Release|Win32
		{44671BE7-E818-4F04-B5DF-28730EBADD8C}.G1A Release|x86.ActiveCfg = G1A Release|Win32
		{44671BE7-E818-4F04-B5DF-28730EBADD8C}.G1A Release|x86.Build.0 = G1A Release|Win32
		{44671BE7-E818-4F04-B5DF-28730EBADD8C}.G2 Debug|Any CPU.ActiveCfg = G2 Debug|Win32
		{44671BE7-E818-4F04-B5DF-28730EBADD8C}.G2 Debug|x64.ActiveCfg = G2 Debug|Win32
		{44671BE7-E818-4F04-B5DF-28730EBADD8C}.G2 Debug|x86.ActiveCfg = G2 Debug|Win32
		{44671BE7-E818-4F04-B5DF-28730EBADD8C}.G2 Debug|x86.Build.0 = G2 Debug|Win32
		{44671BE7-E818-4F04-B5DF-28730EBADD8C}.G2 Release|Any CPU.ActiveCfg = G2 Release|Win32
		{44671BE7-E818-4F04-B5DF-28730EBADD8C}.G2 Release|x64.ActiveCfg = G2 Release|Win32
		{44671BE7-E818-4F04-B5DF-28730EBADD8C}.G2 Release|x86.ActiveCfg = G2 Release|Win32
		{44671BE7-E818-4F04-B5DF-28730EBADD8C}.G2 Release|x86.Build.0 = G2 Release|Win32
		{44671BE7-E818-4F04-B5DF-28730EBADD8C}.G2A Debug|Any CPU.ActiveCfg = G2A Debug|Win32
		{44671BE7-E818-4F04-B5DF-28730EBADD8C}.G2A Debug|x64.ActiveCfg = G2A Debug|Win32
		{44671BE7-E818-4F04-B5DF-28730EBADD8C}.G2A Debug|x86.ActiveCfg = G2A Debug|Win32
		{44671BE7-E818-4F04-B5DF-28730EBADD8C}.G2A Debug|x86.Build.0 = G2A Debug|Win32
		{44671BE7-E818-4F04-B5DF-28730EBADD8C}.G2A Release|Any CPU.ActiveCfg = G2A Release|Win32
		{44671BE7-E818-4F04-B5DF-28730EBADD8C}.G2A Release|x64.ActiveCfg = G2A Release|Win32
		{44671BE7-E818-4F04-B5DF-28730EBADD8C}.G2A Release|x86.ActiveCfg = G2A Release|Win32
		{44671BE7-E818-4F04-B5DF-28730EBADD8C}.G2A Release|x86.Build.0 = G2A Release|Win32
		{44671BE7-E818-4F04-B5DF-28730EBADD8C}.Release|Any CPU.ActiveCfg = Release|Win32
		{44671BE7-E818-4F04-B5DF-28730EBADD8C}.Release|x64.ActiveCfg = Release|Win32
		{44671BE7-E818-4F04-B5DF-28730EBADD8C}.Release|x86.ActiveCfg = Release|Win32
		{44671BE7-E818-4F04-B5DF-28730EBADD8C}.Release|x86.Build.0 = Release|Win32
		{243C9789-4F89-4282-97A4-16EBE4C4E6DD}.Debug|Any CPU.ActiveCfg = Debug|Win32
		{243C9789-4F89-4282-97A4-16EBE4C4E6DD}.Debug|x64.ActiveCfg = Debug|Win32
		{243C9789-4F89-4282-97A4-16EBE4C4E6DD}.Debug|x86.ActiveCfg = Debug|Win32
		{243C9789-4F89-4282-97A4-16EBE4C4E6DD}.Debug|x86.Build.0 = Debug|Win32
		{243C9789-4F89-4282-97A4-16EBE4C4E6DD}.G1 Debug|Any CPU.ActiveCfg = G1 Debug|Win32
		{243C9789-4F89-4282-97A4-16EBE4C4E6DD}.G1 Debug|x64.ActiveCfg = G1 Debug|Win32
		{243C9789-4F89-4282-97A4-16EBE4C4E6DD}.G1 Debug|x86.ActiveCfg = G1 Debug|Win32
		{243C9789-4F89-4282-97A4-16EBE4C4E6DD}.G1 Debug|x86.Build.0 = G1 Debug|Win32
		{243C9789-4F89-4282-97A4-16EBE4C4E6DD}.G1 Release|Any CPU.ActiveCfg = G1 Release|Win32
		{243C9789-4F89-4282-97A4-16EBE4C4E6DD}.G1 Release|x64.ActiveCfg = G1 Release|Win32
		{243C9789-4F89-4282-97A4-16EBE4C4E6DD}.G1 Release|x86.ActiveCfg = G1 Release|Win32
		{243C9789-4F89-4282-97A4-16EBE4C4E6DD}.G1 Release|x86.Build.0 = G1 Release|Win32
		{243C9789-4F89-4282-97A4-16EBE4C4E6DD}.G1A Debug|Any CPU.ActiveCfg = G1A Debug|Win32
		{243C9789-4F89-4282-97A4-16EBE4C4E6DD}.G1A Debug|x64.ActiveCfg = G1A Debug|Win32
		{243C9789-4F89-4282-97A4-16EBE4C4E6DD}.G1A Debug|x86.ActiveCfg = G1A Debug|Win32
		{243C9789-4F89-4282-97A4-16EBE4C4E6DD}.G1A Debug|x86.Build.0 = G1A Debug|Win32
		{243C9789-4F89-4282-97A4-16EBE4C4E6DD}.G1A Release|Any CPU.ActiveCfg = G1A Release|Win32
		{243C9789-4F89-4282-97A4-16EBE4C4E6DD}.G1A Release|x64.ActiveCfg = G1A Release|Win32
		{243C9789-4F89-4282-97A4-16EBE4C4E6DD}.G1A Release|x86.ActiveCfg = G1A Release|Win32
		{243C9789-4F89-4282-97A4-16EBE4C4E6DD}.G1A Release|x86.Build.0 = G1A Release|Win32
		{243C9789-4F89-4282-97A4-16EBE4C4E6DD}.G2 Debug|Any CPU.ActiveCfg = G2 Debug|Win32
		{243C9789-4F89-4282-97A4-16EBE4C4E6DD}.G2 Debug|x64.ActiveCfg = G2 Debug|Win32
		{243C9789-4F89-4282-97A4-16EBE4C4E6DD}.G2 Debug|x86.ActiveCfg = G2 Debug|Win32
		{243C9789-4F89-4282-97A4-16EBE4C4E6DD}.G2 Debug|x86.Build.0 = G2 Debug|Win32
		{243C9789-4F89-4282-97A4-16EBE4C4E6DD}.G2 Release|Any CPU.ActiveCfg = G2 Release|Win32
		{243C9789-4F89-4282-97A4-16EBE4C4E6DD}.G2 Release|x64.ActiveCfg = G2 Release|Win32
		{243C9789-4F89-4282-97A4-16EBE4C4E6DD}.G2 Release|x86.ActiveCfg = G2 Release|Win32
		{243C9789-4F89-4282-97A4-16EBE4C4E6DD}.G2 Release|x86.Build.0 = G2 Release|Win32
		{243C9789-4F89-4282-97A4-16EBE4C4E6DD}.G2A Debug|Any CPU.ActiveCfg = G2A Debug|Win32
		{243C9789-4F89-4282-97A4-16EBE4C4E6DD}.G2A Debug|x64.ActiveCfg = G2A Debug|Win32
		{243C9789-4F89-4282-97A4-16EBE4C4E6DD}.G2A Debug|x86.ActiveCfg = G2A Debug|Win32
		{243C9789-4F89-4282-97A4-16EBE4C4E6DD}.G2A Debug|x86.Build.0 = G2A Debug|Win32
		{243C9789-4F89-4282-97A4-16EBE4C4E6DD}.G2A Release|Any CPU.ActiveCfg = G2A Release|Win32
		{243C9789-4F89-4282-97A4-16EBE4C4E6DD}.G2A Release|x64.ActiveCfg = G2A Release|Win32
		{243C9789-4F89-4282-97A4-16EBE4C4E6DD}.G2A Release|x86.ActiveCfg = G2A Release|Win32
		{243C9789-4F89-4282-97A4-16EBE4C4E6DD}.G2A Release|x86.Build.0 = G2A Release|Win32
		{243C9789-4F89-4282-97A4-16EBE4C4E6DD}.Release|Any CPU.ActiveCfg = Release|Win32
		{243C9789-4F89-4282-97A4-16EBE4C4E6DD}.Release|x64.ActiveCfg = Release|Win32
		{243C9789-4F89-4282-97A4-16EBE4C4E6DD}.Release|x86.ActiveCfg = Release|Win32
		{243C9789-4F89-4282-97A4-16EBE4C4E6DD}.Release|x86.Build.0 = Release|Win32
		{8E734D3A-974F-4053-894D-75B07BEB4927}.Debug|Any CPU.ActiveCfg = Debug|Win32
		{8E734D3A-974F-4053-894D-75B07BEB4927}.Debug|x64.ActiveCfg = Debug|Win32
		{8E734D3A-974F-4053-894D-75B07BEB4927}.Debug|x86.ActiveCfg = Debug|Win32
		{8E734D3A-974F-4053-894D-75B07BEB4927}.Debug|x86.Build.0 = Debug|Win32
		{8E734D3A-974F-4053-894D-75B07BEB4927}.G1 Debug|Any CPU.ActiveCfg = G1 Debug|Win32
		{8E734D3A-974F-4053-894D-75B07BEB4927}.G1 Debug|x64.ActiveCfg = G1 Debug|Win32
		{8E734D3A-974F-4053-894D-75B07BEB4927}.G1 Debug|x86.ActiveCfg = G1 Debug|Win32
		{8E734D3A-974F-4053-894D-75B07BEB4927}.G1 Debug|x86.Build.0 = G1 Debug|Win32
		{8E734D3A-974F-4053-894D-75B07BEB4927}.G1 Release|Any CPU.ActiveCfg = G1 Release|Win32
		{8E734D3A-974F-4053-894D-75B07BEB4927}.G1 Release|x64.ActiveCfg = G1 Release|Win32
		{8E734D3A-974F-4053-894D-75B07BEB4927}.G1 Release|x86.ActiveCfg = G1 Release|Win32
		{8E734D3A-974F-4053-894D-75B07BEB4927}.G1 Release|x86.Build.0 = G1 Release|Win32
		{8E734D3A-974F-4053-894D-75B07BEB4927}.G1A Debug|Any CPU.ActiveCfg = G1A Debug|Win32
		{8E734D3A-974F-4053-894D-75B07BEB4927}.G1A Debug|x64.ActiveCfg = G1A Debug|Win32
		{8E734D3A-974F-4053-894D-75B07BEB4927}.G1A Debug|x86.ActiveCfg = G1A Debug|Win32
		{8E734D3A-974F-4053-894D-75B07BEB4927}.G1A Debug|x86.Build.0 = G1A Debug|Win32
		{8E734D3A-974F-4053-894D-75B07BEB4927}.G1A Release|Any CPU.ActiveCfg = G1A Release|Win32
		{8E734D3A-974F-4053-894D-75B07BEB4927}.G1A Release|x64.ActiveCfg = G1A Release|Win32
		{8E734D3A-974F-4053-894D-75B07BEB4927}.G1A Release|x86.ActiveCfg = G1A Release|Win32
		{8E734D3A-974F-4053-894D-75B07BEB4927}.G1A Release|x86.Build.0 = G1A Release|Win32
		{8E734D3A-974F-4053-894D-75B07BEB4927}.G2 Debug|Any CPU.ActiveCfg = G2 Debug|Win32
		{8E734D3A-974F-4053-894D-75B07BEB4927}.G2 Debug|x64.ActiveCfg = G2 Debug|Win32
		{8E734D3A-974F-4053-894D-75B07BEB4927}.G2 Debug|x86.ActiveCfg = G2 Debug|Win32
		{8E734D3A-974F-4053-894D-75B07BEB4927}.G2 Debug|x86.Build.0 = G2 Debug|Win32
		{8E734D3A-974F-4053-894D-75B07BEB4927}.G2 Release|Any CPU.ActiveCfg = G2 Release|Win32
		{8E734D3A-974F-4053-894D-75B07BEB4927}.G2 Release|x64.ActiveCfg = G2 Release|Win32
		{8E734D3A-974F-4053-894D-75B07BEB4927}.G2 Release|x86.ActiveCfg = G2 Release|Win32
		{8E734D3A-974F-4053-894D-75B07BEB4927}.G2 Release|x86.Build.0 = G2 Release|Win32
		{8E734D3A-974F-4053-894D-75B07BEB4927}.G2A Debug|Any CPU.ActiveCfg = G2A Debug|Win32
		{8E734D3A-974F-4053-894D-75B07BEB4927}.G2A Debug|x64.ActiveCfg = G2A Debug|Win32
		{8E734D3A-974F-4053-894D-75B07BEB4927}.G2A Debug|x86.ActiveCfg = G2A Debug|Win32
		{8E734D3A-974F-4053-894D-75B07BEB4927}.G2A Debug|x86.Build.0 = G2A Debug|Win32
		{8E734D3A-974F-4053-894D-75B07BEB4927}.G2A Release|Any CPU.ActiveCfg = G2A Release|Win32
		{8E734D3A-974F-4053-894D-75B07BEB4927}.G2A Release|x64.ActiveCfg = G2A Release|Win32
		{8E734D3A-974F-4053-894D-75B07BEB4927}.G2A Release|x86.ActiveCfg = G2A Release|Win32
		{8E734D3A-974F-4053-894D-75B07BEB4927}.G2A Release|x86.Build.0 = G2A Release|Win32
		{8E734D3A-974F-4053-894D-75B07BEB4927}.Release|Any CPU.ActiveCfg = Release|Win32
		{8E734D3A-974F-4053-894D-75B07BEB4927}.Release|x64.ActiveCfg = Release|Win32
		{8E734D3A-974F-4053-894D-75B07BEB4927}.Release|x86.ActiveCfg = Release|Win32
		{8E734D3A-974F-4053-894D-75B07BEB4927}.Release|x86.Build.0 = Release|Win32
		{7852509F-BEAE-404E-B7A2-6EECA0E61412}.Debug|Any CPU.ActiveCfg = Debug|Win32
		{7852509F-BEAE-404E-B7A2-6EECA0E61412}.Debug|x64.ActiveCfg = Debug|Win32
		{7852509F-BEAE-404E-B7A2-6EECA0E61412}.Debug|x86.ActiveCfg = Debug|Win32
		{7852509F-BEAE-404E-B7A2-6EECA0E61412}.Debug|x86.Build.0 = Debug|Win32
		{7852509F-BEAE-404E-B7A2-6EECA0E61412}.G1 Debug|Any CPU.ActiveCfg = G1 Debug|Win32
		{7852509F-BEAE-404E-B7A2-6EECA0E61412}.G1 Debug|x64.ActiveCfg = G1 Debug|Win32
		{7852509F-BEAE-404E-B7A2-6EECA0E61412}.G1 Debug|x86.ActiveCfg = G1 Debug|Win32
		{7852509F-BEAE-404E-B7A2-6EECA0E61412}.G1 Debug|x86.Build.0 = G1 Debug|Win32
		{7852509F-BEAE-404E-B7A2-6EECA0E61412}.G1 Release|Any CPU.ActiveCfg = G1 Release|Win32
		{7852509F-BEAE-404E-B7A2-6EECA0E61412}.G1 Release|x64.ActiveCfg = G1 Release|Win32
		{7852509F-BEAE-404E-B7A2-6EECA0E61412}.G1 Release|x86.ActiveCfg = G1 Release|Win32
		{7852509F-BEAE-404E-B7A2-6EECA0E61412}.G1 Release|x86.Build.0 = G1 Release|Win32
		{7852509F-BEAE-404E-B7A2-6EECA0E61412}.G1A Debug|Any CPU.ActiveCfg = G1A Debug|Win32
		{7852509F-BEAE-404E-B7A2-6EECA0E61412}.G1A Debug|x64.ActiveCfg = G1A Debug|Win32
		{7852509F-BEAE-404E-B7A2-6EECA0E61412}.G1A Debug|x86.ActiveCfg = G1A Debug|Win32
		{7852509F-BEAE-404E-B7A2-6EECA0E61412}.G1A Debug|x86.Build.0 = G1A Debug|Win32
		{7852509F-BEAE-404E-B7A2-6EECA0E61412}.G1A Release|Any CPU.ActiveCfg = G1A Release|Win32
		{7852509F-BEAE-404E-B7A2-6EECA0E61412}.G1A Release|x64.ActiveCfg = G1A Release|Win32
		{7852509F-BEAE-404E-B7A2-6EECA0E61412}.G1A Release|x86.ActiveCfg = G1A Release|Win32
		{7852509F-BEAE-404E-B7A2-6EECA0E61412}.G1A Release|x86.Build.0 = G1A Release|Win32
		{7852509F-BEAE-404E-B7A2-6EECA0E61412}.G2 Debug|Any CPU.ActiveCfg = G2 Debug|Win32
		{7852509F-BEAE-404E-B7A2-6EECA0E61412}.G2 Debug|x64.ActiveCfg = G2 Debug|Win32
		{7852509F-BEAE-404E-B7A2-6EECA0E61412}.G2 Debug|x86.ActiveCfg = G2 Debug|Win32
		{7852509F-BEAE-404E-B7A2-6EECA0E61412}.G2 Debug|x86.Build.0 = G2 Debug|Win32
		{7852509F-BEAE-404E-B7A2-6EECA0E61412}.G2 Release|Any CPU.ActiveCfg = G2 Release|Win32
		{7852509F-BEAE-404E-B7A2-6EECA0E61412}.G2 Release|x64.ActiveCfg = G2 Release|Win32
		{7852509F-BEAE-404E-B7A2-6EECA0E61412}.G2 Release|x86.ActiveCfg = G2 Release|Win32
		{7852509F-BEAE-404E-B7A2-6EECA0E61412}.G2 Release|x86.Build.0 = G2 Release|Win32
		{7852509F-BEAE-404E-B7A2-6EECA0E61412}.G2A Debug|Any CPU.ActiveCfg = G2A Debug|Win32
		{7852509F-BEAE-404E-B7A2-6EECA0E61412}.G2A Debug|x64.ActiveCfg = G2A Debug|Win32
		{7852509F-BEAE-404E-B7A2-6EECA0E61412}.G2A Debug|x86.ActiveCfg = G2A Debug|Win32
		{7852509F-BEAE-404E-B7A2-6EECA0E61412}.G2A Debug|x86.Build.0 = G2A Debug|Win32
		{7852509F-BEAE-404E-B7A2-6EECA0E61412}.G2A Release|Any CPU.ActiveCfg = G2A Release|Win32
		{7852509F-BEAE-404E-B7A2-6EECA0E61412}.G2A Release|x64.ActiveCfg = G2A Release|Win32
		{7852509F-BEAE-404E-B7A2-6EECA0E61412}.G2A Release|x86.ActiveCfg = G2A Release|Win32
		{7852509F-BEAE-404E-B7A2-6EECA0E61412}.G2A Release|x86.Build.0 = G2A Release|Win32
		{7852509F-BEAE-404E-B7A2-6EECA0E61412}.Release|Any CPU.ActiveCfg = Release|Win32
		{7852509F-BEAE-404E-B7A2-6EECA0E61412}.Release|x64.ActiveCfg = Release|Win32
		{7852509F-BEAE-404E-B7A2-6EECA0E61412}.Release|x86.ActiveCfg = Release|Win32
		{7852509F-BEAE-404E-B7A2-6EECA0E61412}.Release|x86.Build.0 = Release|Win32
		{A1CCC4CA-8B06-460A-BFE2-52AF64791413}.Debug|Any CPU.ActiveCfg = Debug|Win32
		{A1CCC4CA-8B06-460A-BFE2-52AF64791413}.Debug|x64.ActiveCfg = Debug|Win32
		{A1CCC4CA-8B06-460A-BFE2-52AF64791413}.Debug|x86.ActiveCfg = Debug|Win32
		{A1CCC4CA-8B06-460A-BFE2-52AF64791413}.Debug|x86.Build.0 = Debug|Win32
		{A1CCC4CA-8B06-460A-BFE2-52AF64791413}.G1 Debug|Any CPU.ActiveCfg = G1 Debug|Win32
		{A1CCC4CA-8B06-460A-BFE2-52AF64791413}.G1 Debug|x64.ActiveCfg = G1 Debug|Win32
		{A1CCC4CA-8B06-460A-BFE2-52AF64791413}.G1 Debug|x86.ActiveCfg = G1 Debug|Win32
		{A1CCC4CA-8B06-460A-BFE2-52AF64791413}.G1 Debug|x86.Build.0 = G1 Debug|Win32
		{A1CCC4CA-8B06-460A-BFE2-52AF64791413}.G1 Release|Any CPU.ActiveCfg = G1 Release|Win32
		{A1CCC4CA-8B06-460A-BFE2-52AF64791413}.G1 Release|x64.ActiveCfg = G1 Release|Win32
		{A1CCC4CA-8B06-460A-BFE2-52AF64791413}.G1 Release|x86.ActiveCfg = G1 Release|Win32
		{A1CCC4CA-8B06-460A-BFE2-52AF64791413}.G1 Release|x86.Build.0 = G1 Release|Win32
		{A1CCC4CA-8B06-460A-BFE2-52AF64791413}.G1A Debug|Any CPU.ActiveCfg = G1A Debug|Win32
		{A1CCC4CA-8B06-460A-BFE2-52AF64791413}.G1A Debug|x64.ActiveCfg = G1A Debug|Win32
		{A1CCC4CA-8B06-460A-BFE2-52AF64791413}.G1A Debug|x86.ActiveCfg = G1A Debug|Win32
		{A1CCC4CA-8B06-460A-BFE2-52AF64791413}.G1A Debug|x86.Build.0 = G1A Debug|Win32
		{A1CCC4CA-8B06-460A-BFE2-52AF64791413}.G1A Release|Any CPU.ActiveCfg = G1A Release|Win32
		{A1CCC4CA-8B06-460A-BFE2-52AF64791413}.G1A Release|x64.ActiveCfg = G1A Release|Win32
		{A1CCC4CA-8B06-460A-BFE2-52AF64791413}.G1A Release|x86.ActiveCfg = G1A Release|Win32
		{A1CCC4CA-8B06-460A-BFE2-52AF64791413}.G1A Release|x86.Build.0 = G1A Release|Win32
		{A1CCC4CA-8B06-460A-BFE2-52AF64791413}.G2 Debug|Any CPU.ActiveCfg = G2 Debug|Win32
		{A1CCC4CA-8B06-460A-BFE2-52AF64791413}.G2 Debug|x64.ActiveCfg = G2 Debug|Win32
		{A1CCC4CA-8B06-460A-BFE2-52AF64791413}.G2 Debug|x86.ActiveCfg = G2 Debug|Win32
		{A1CCC4CA-8B06-460A-BFE2-52AF64791413}.G2 Debug|x86.Build.0 = G2 Debug|Win32
		{A1CCC4CA-8B06-460A-BFE2-52AF64791413}.G2 Release|Any CPU.ActiveCfg = G2 Release|Win32
		{A1CCC4CA-8B06-460A-BFE2-52AF64791413}.G2 Release|x64.ActiveCfg = G2 Release|Win32
		{A1CCC4CA-8B06-460A-BFE2-52AF64791413}.G2 Release|x86.ActiveCfg = G2 Release|Win32
		{A1CCC4CA-8B06-460A-BFE2-52AF64791413}.G2 Release|x86.Build.0 = G2 Release|Win32
		{A1CCC4CA-8B06-460A-BFE2-52AF64791413}.G2A Debug|Any CPU.ActiveCfg = G2A Debug|Win32
		{A1CCC4CA-8B06-460A-BFE2-52AF64791413}.G2A Debug|x64.ActiveCfg = G2A Debug|Win32
		{A1CCC4CA-8B06-460A-BFE2-52AF64791413}.G2A Debug|x86.ActiveCfg = G2A Debug|Win32
		{A1CCC4CA-8B06-460A-BFE2-52AF64791413}.G2A Debug|x86.Build.0 = G2A Debug|Win32
		{A1CCC4CA-8B06-460A-BFE2-52AF64791413}.G2A Release|Any CPU.ActiveCfg = G2A Release|Win32
		{A1CCC4CA-8B06-460A-BFE2-52AF64791413}.G2A Release|x64.ActiveCfg = G2A Release|Win32
		{A1CCC4CA-8B06-460A-BFE2-52AF64791413}.G2A Release|x86.ActiveCfg = G2A Release|Win32
		{A1CCC4CA-8B06-460A-BFE2-52AF64791413}.G2A Release|x86.Build.0 = G2A Release|Win32
		{A1CCC4CA-8B06-460A-BFE2-52AF64791413}.Release|Any CPU.ActiveCfg = Release|Win32
		{A1CCC4CA-8B06-460A-BFE2-52AF64791413}.Release|x64.ActiveCfg = Release|Win32
		{A1CCC4CA-8B06-460A-BFE2-52AF64791413}.Release|x86.ActiveCfg = Release|Win32
		{A1CCC4CA-8B06-460A-BFE2-52AF64791413}.Release|x86.Build.0 = Release|Win32
		{50D4C4DE-39EB-4CB0-9E09-DCF1DCAD281D}.Debug|Any CPU.ActiveCfg = Debug|Win32
		{50D4C4DE-39EB-4CB0-9E09-DCF1DCAD281D}.Debug|x64.ActiveCfg = Debug|Win32
		{50D4C4DE-39EB-4CB0-9E09-DCF1DCAD281D}.Debug|x86.ActiveCfg = Debug|Win32
		{50D4C4DE-39EB-4CB0-9E09-DCF1DCAD281D}.Debug|x86.Build.0 = Debug|Win32
		{50D4C4DE-39EB-4CB0-9E09-DCF1DCAD281D}.G1 Debug|Any CPU.ActiveCfg = G1 Debug|Win32
		{50D4C4DE-39EB-4CB0-9E09-DCF1DCAD281D}.G1 Debug|x64.ActiveCfg = G1 Debug|Win32
		{50D4C4DE-39EB-4CB0-9E09-DCF1DCAD281D}.G1 Debug|x86.ActiveCfg = G1 Debug|Win32
		{50D4C4DE-39EB-4CB0-9E09-DCF1DCAD281D}.G1 Debug|x86.Build.0 = G1 Debug|Win32
		{50D4C4DE-39EB-4CB0-9E09-DCF1DCAD281D}.G1 Release|Any CPU.ActiveCfg = G1 Release|Win32
		{50D4C4DE-39EB-4CB0-9E09-DCF1DCAD281D}.G1 Release|x64.ActiveCfg = G1 Release|Win32
		{50D4C4DE-39EB-4CB0-9E09-DCF1DCAD281D}.G1 Release|x86.ActiveCfg = G1 Release|Win32
		{50D4C4DE-39EB-4CB0-9E09-DCF1DCAD281D}.G1 Release|x86.Build.0 = G1 Release|Win32
		{50D4C4DE-39EB-4CB0-9E09-DCF1DCAD281D}.G1A Debug|Any CPU.ActiveCfg = G1A Debug|Win32
		{50D4C4DE-39EB-4CB0-9E09-DCF1DCAD281D}.G1A Debug|x64.ActiveCfg = G1A Debug|Win32
		{50D4C4DE-39EB-4CB0-9E09-DCF1DCAD281D}.G1A Debug|x86.ActiveCfg = G1A Debug|Win32
		{50D4C4DE-39EB-4CB0-9E09-DCF1DCAD281D}.G1A Debug|x86.Build.0 = G1A Debug|Win32
		{50D4C4DE-39EB-4CB0-9E09-DCF1DCAD281D}.G1A Release|Any CPU.ActiveCfg = G1A Release|Win32
		{50D4C4DE-39EB-4CB0-9E09-DCF1DCAD281D}.G1A Release|x64.ActiveCfg = G1A Release|Win32
		{50D4C4DE-39EB-4CB0-9E09-DCF1DCAD281D}.G1A Release|x86.ActiveCfg = G1A Release|Win32
		{50D4C4DE-39EB-4CB0-9E09-DCF1DCAD281D}.G1A Release|x86.Build.0 = G1A Release|Win32
		{50D4C4DE-39EB-4CB0-9E09-DCF1DCAD281D}.G2 Debug|Any CPU.ActiveCfg = G2 Debug|Win32
		{50D4C4DE-39EB-4CB0-9E09-DCF1DCAD281D}.G2 Debug|x64.ActiveCfg = G2 Debug|Win32
		{50D4C4DE-39EB-4CB0-9E09-DCF1DCAD281D}.G2 Debug|x86.ActiveCfg = G2 Debug|Win32
		{50D4C4DE-39EB-4CB0-9E09-DCF1DCAD281D}.G2 Debug|x86.Build.0 = G2 Debug|Win32
		{50D4C4DE-39EB-4CB0-9E09-DCF1DCAD281D}.G2 Release|Any CPU.ActiveCfg = G2 Release|Win32
		{50D4C4DE-39EB-4CB0-9E09-DCF1DCAD281D}.G2 Release|x64.ActiveCfg = G2 Release|Win32
		{50D4C4DE-39EB-4CB0-9E09-DCF1DCAD281D}.G2 Release|x86.ActiveCfg = G2 Release|Win32
		{50D4C4DE-39EB-4CB0-9E09-DCF1DCAD281D}.G2 Release|x86.Build.0 = G2 Release|Win32
		{50D4C4DE-39EB-4CB0-9E09-DCF1DCAD281D}.G2A Debug|Any CPU.ActiveCfg = G2A Debug|Win32
		{50D4C4DE-39EB-4CB0-9E09-DCF1DCAD281D}.G2A Debug|x64.ActiveCfg = G2A Debug|Win32
		{50D4C4DE-39EB-4CB0-9E09-DCF1DCAD281D}.G2A Debug|x86.ActiveCfg = G2A Debug|Win32
		{50D4C4DE-39EB-4CB0-9E09-DCF1DCAD281D}.G2A Debug|x86.Build.0 = G2A Debug|Win32
		{50D4C4DE-39EB-4CB0-9E09-DCF1DCAD281D}.G2A Release|Any CPU.ActiveCfg = G2A Release|Win32
		{50D4C4DE-39EB-4CB0-9E09-DCF1DCAD281D}.G2A Release|x64.ActiveCfg = G2A Release|Win32
		{50D4C4DE-39EB-4CB0-9E09-DCF1DCAD281D}.G2A Release|x86.ActiveCfg = G2A Release|Win32
		{50D4C4DE-39EB-4CB0-9E09-DCF1DCAD281D}.G2A Release|x86.Build.0 = G2A Release|Win32
		{50D4C4DE-39EB-4CB0-9E09-DCF1DCAD281D}.Release|Any CPU.ActiveCfg = Release|Win32
		{50D4C4DE-39EB-4CB0-9E09-DCF1DCAD281D}.Release|x64.ActiveCfg = Release|Win32
		{50D4C4DE-39EB-4CB0-9E09-DCF1DCAD281D}.Release|x86.ActiveCfg = Release|Win32
		{50D4C4DE-39EB-4CB0-9E09-DCF1DCAD281D}.Release|x86.Build.0 = Release|Win32
	EndGlobalSection
	GlobalSection(SolutionProperties) = preSolution
		HideSolutionNode = FALSE
	EndGlobalSection
	GlobalSection(ExtensibilityGlobals) = postSolution
		SolutionGuid = {98C6F649-4F91-4959-9B8A-12891686BDA5}
	EndGlobalSection
EndGlobal
