
Microsoft Visual Studio Solution File, Format Version 12.00
# Visual Studio Version 16
VisualStudioVersion = 16.0.31105.61
MinimumVisualStudioVersion = 10.0.40219.1
Project("{8BC9CEB8-8B4A-11D0-8D11-00A0C91BC942}") = "zTorchControl", "zTorchControl\zTorchControl.vcxproj", "{A18E5D21-ABE0-4865-BC71-E522B6574B63}"
EndProject
Project("{8BC9CEB8-8B4A-11D0-8D11-00A0C91BC942}") = "zSplitDialogs", "zSplitDialogs\zSplitDialogs.vcxproj", "{E67CE328-1A1A-4060-AE25-D9807FC42DBC}"
EndProject
Project("{8BC9CEB8-8B4A-11D0-8D11-00A0C91BC942}") = "zBugFixes", "zBugFixes\zBugFixes.vcxproj", "{53C6090B-4EB4-4919-8B3A-6ECFA5B5B8D2}"
EndProject
Project("{8BC9CEB8-8B4A-11D0-8D11-00A0C91BC942}") = "zMarkItems", "zMarkItems\zMarkItems.vcxproj", "{0A8BB014-740B-4019-9287-716929CBE361}"
EndProject
Project("{8BC9CEB8-8B4A-11D0-8D11-00A0C91BC942}") = "zMiscUtils", "zMiscUtils\zMiscUtils.vcxproj", "{E3443247-9EF4-4A62-8571-F2749F193348}"
EndProject
Project("{8BC9CEB8-8B4A-11D0-8D11-00A0C91BC942}") = "zSmoothDamage", "zSmoothDamage\zSmoothDamage.vcxproj", "{F90FC455-60DD-4DB3-BBCD-F9F2F0601ED1}"
EndProject
Project("{8BC9CEB8-8B4A-11D0-8D11-00A0C91BC942}") = "zTest", "zTest\zTest.vcxproj", "{778534A0-5FD2-46DB-A366-D24EDF9448A4}"
EndProject
Project("{8BC9CEB8-8B4A-11D0-8D11-00A0C91BC942}") = "zLoaTest", "zLoaTest\zLoaTest.vcxproj", "{6E1BE7CF-8873-47FB-8A49-104CF74B1C6D}"
EndProject
Project("{8BC9CEB8-8B4A-11D0-8D11-00A0C91BC942}") = "zSpecializedTraders", "zSpecializedTraders\zSpecializedTraders.vcxproj", "{B1A28308-DE05-4F60-A979-069E421DFAD1}"
EndProject
Project("{8BC9CEB8-8B4A-11D0-8D11-00A0C91BC942}") = "zFightSkillSwitcher", "zFightSkillSwitcher\zFightSkillSwitcher.vcxproj", "{0AB4A52A-E4A4-46F5-98DA-2BE8E795AE2A}"
EndProject
Project("{8BC9CEB8-8B4A-11D0-8D11-00A0C91BC942}") = "zStumbling", "zStumbling\zStumbling.vcxproj", "{965D20D5-2687-4121-98EC-65B05679C4FB}"
EndProject
Project("{8BC9CEB8-8B4A-11D0-8D11-00A0C91BC942}") = "zAsyncSaveLoad", "zAsyncSaveLoad\zAsyncSaveLoad.vcxproj", "{6E009E5F-4AEB-48D2-B8C1-FEF6201973F9}"
EndProject
Project("{8BC9CEB8-8B4A-11D0-8D11-00A0C91BC942}") = "zTemplate_1_0k", "zTemplate_1_0k\zTemplate_1_0k.vcxproj", "{15568B00-A8C3-4BD5-9E99-6DE85274D474}"
EndProject
Project("{8BC9CEB8-8B4A-11D0-8D11-00A0C91BC942}") = "zSpellProjectile", "zSpellProjectile\zSpellProjectile.vcxproj", "{F1214AC4-7D94-481D-A39E-C1D31D218ADF}"
EndProject
Project("{8BC9CEB8-8B4A-11D0-8D11-00A0C91BC942}") = "CppTest", "CppTest\CppTest.vcxproj", "{47DE1A54-232B-4BA3-B239-D4547E1FF697}"
EndProject
Project("{8BC9CEB8-8B4A-11D0-8D11-00A0C91BC942}") = "zRutonyIntegration", "zRutonyIntegration\zRutonyIntegration.vcxproj", "{C431AFC7-B188-4D94-8135-75A432F9FB2C}"
EndProject
Project("{8BC9CEB8-8B4A-11D0-8D11-00A0C91BC942}") = "ConsoleApplication1", "ConsoleApplication1\ConsoleApplication1.vcxproj", "{549CDE9B-C275-4DE2-9F10-F1925963CEB3}"
EndProject
Project("{8BC9CEB8-8B4A-11D0-8D11-00A0C91BC942}") = "zJokerExternals", "zJokerExternals\zJokerExternals.vcxproj", "{2D4B1E78-94E0-473B-8DFC-2B05560E5023}"
EndProject
Global
	GlobalSection(SolutionConfigurationPlatforms) = preSolution
		Debug|Any CPU = Debug|Any CPU
		Debug|x64 = Debug|x64
		Debug|x86 = Debug|x86
		G1 Debug|Any CPU = G1 Debug|Any CPU
		G1 Debug|x64 = G1 Debug|x64
		G1 Debug|x86 = G1 Debug|x86
		G1 Release|Any CPU = G1 Release|Any CPU
		G1 Release|x64 = G1 Release|x64
		G1 Release|x86 = G1 Release|x86
		G1A Debug|Any CPU = G1A Debug|Any CPU
		G1A Debug|x64 = G1A Debug|x64
		G1A Debug|x86 = G1A Debug|x86
		G1A Release|Any CPU = G1A Release|Any CPU
		G1A Release|x64 = G1A Release|x64
		G1A Release|x86 = G1A Release|x86
		G2 Debug|Any CPU = G2 Debug|Any CPU
		G2 Debug|x64 = G2 Debug|x64
		G2 Debug|x86 = G2 Debug|x86
		G2 Release|Any CPU = G2 Release|Any CPU
		G2 Release|x64 = G2 Release|x64
		G2 Release|x86 = G2 Release|x86
		G2A Debug|Any CPU = G2A Debug|Any CPU
		G2A Debug|x64 = G2A Debug|x64
		G2A Debug|x86 = G2A Debug|x86
		G2A Release|Any CPU = G2A Release|Any CPU
		G2A Release|x64 = G2A Release|x64
		G2A Release|x86 = G2A Release|x86
		MP Debug|Any CPU = MP Debug|Any CPU
		MP Debug|x64 = MP Debug|x64
		MP Debug|x86 = MP Debug|x86
		MP Release|Any CPU = MP Release|Any CPU
		MP Release|x64 = MP Release|x64
		MP Release|x86 = MP Release|x86
		Release|Any CPU = Release|Any CPU
		Release|x64 = Release|x64
		Release|x86 = Release|x86
	EndGlobalSection
	GlobalSection(ProjectConfigurationPlatforms) = postSolution
		{A18E5D21-ABE0-4865-BC71-E522B6574B63}.Debug|Any CPU.ActiveCfg = Debug|Win32
		{A18E5D21-ABE0-4865-BC71-E522B6574B63}.Debug|x64.ActiveCfg = Debug|Win32
		{A18E5D21-ABE0-4865-BC71-E522B6574B63}.Debug|x86.ActiveCfg = Debug|Win32
		{A18E5D21-ABE0-4865-BC71-E522B6574B63}.Debug|x86.Build.0 = Debug|Win32
		{A18E5D21-ABE0-4865-BC71-E522B6574B63}.G1 Debug|Any CPU.ActiveCfg = G1 Debug|Win32
		{A18E5D21-ABE0-4865-BC71-E522B6574B63}.G1 Debug|x64.ActiveCfg = G1 Debug|Win32
		{A18E5D21-ABE0-4865-BC71-E522B6574B63}.G1 Debug|x86.ActiveCfg = G1 Debug|Win32
		{A18E5D21-ABE0-4865-BC71-E522B6574B63}.G1 Debug|x86.Build.0 = G1 Debug|Win32
		{A18E5D21-ABE0-4865-BC71-E522B6574B63}.G1 Release|Any CPU.ActiveCfg = G1 Release|Win32
		{A18E5D21-ABE0-4865-BC71-E522B6574B63}.G1 Release|x64.ActiveCfg = G1 Release|Win32
		{A18E5D21-ABE0-4865-BC71-E522B6574B63}.G1 Release|x86.ActiveCfg = G1 Release|Win32
		{A18E5D21-ABE0-4865-BC71-E522B6574B63}.G1 Release|x86.Build.0 = G1 Release|Win32
		{A18E5D21-ABE0-4865-BC71-E522B6574B63}.G1A Debug|Any CPU.ActiveCfg = G1A Debug|Win32
		{A18E5D21-ABE0-4865-BC71-E522B6574B63}.G1A Debug|x64.ActiveCfg = G1A Debug|Win32
		{A18E5D21-ABE0-4865-BC71-E522B6574B63}.G1A Debug|x86.ActiveCfg = G1A Debug|Win32
		{A18E5D21-ABE0-4865-BC71-E522B6574B63}.G1A Debug|x86.Build.0 = G1A Debug|Win32
		{A18E5D21-ABE0-4865-BC71-E522B6574B63}.G1A Release|Any CPU.ActiveCfg = G1A Release|Win32
		{A18E5D21-ABE0-4865-BC71-E522B6574B63}.G1A Release|x64.ActiveCfg = G1A Release|Win32
		{A18E5D21-ABE0-4865-BC71-E522B6574B63}.G1A Release|x86.ActiveCfg = G1A Release|Win32
		{A18E5D21-ABE0-4865-BC71-E522B6574B63}.G1A Release|x86.Build.0 = G1A Release|Win32
		{A18E5D21-ABE0-4865-BC71-E522B6574B63}.G2 Debug|Any CPU.ActiveCfg = G2 Debug|Win32
		{A18E5D21-ABE0-4865-BC71-E522B6574B63}.G2 Debug|x64.ActiveCfg = G2 Debug|Win32
		{A18E5D21-ABE0-4865-BC71-E522B6574B63}.G2 Debug|x86.ActiveCfg = G2 Debug|Win32
		{A18E5D21-ABE0-4865-BC71-E522B6574B63}.G2 Debug|x86.Build.0 = G2 Debug|Win32
		{A18E5D21-ABE0-4865-BC71-E522B6574B63}.G2 Release|Any CPU.ActiveCfg = G2 Release|Win32
		{A18E5D21-ABE0-4865-BC71-E522B6574B63}.G2 Release|x64.ActiveCfg = G2 Release|Win32
		{A18E5D21-ABE0-4865-BC71-E522B6574B63}.G2 Release|x86.ActiveCfg = G2 Release|Win32
		{A18E5D21-ABE0-4865-BC71-E522B6574B63}.G2 Release|x86.Build.0 = G2 Release|Win32
		{A18E5D21-ABE0-4865-BC71-E522B6574B63}.G2A Debug|Any CPU.ActiveCfg = G2A Debug|Win32
		{A18E5D21-ABE0-4865-BC71-E522B6574B63}.G2A Debug|x64.ActiveCfg = G2A Debug|Win32
		{A18E5D21-ABE0-4865-BC71-E522B6574B63}.G2A Debug|x86.ActiveCfg = G2A Debug|Win32
		{A18E5D21-ABE0-4865-BC71-E522B6574B63}.G2A Debug|x86.Build.0 = G2A Debug|Win32
		{A18E5D21-ABE0-4865-BC71-E522B6574B63}.G2A Release|Any CPU.ActiveCfg = G2A Release|Win32
		{A18E5D21-ABE0-4865-BC71-E522B6574B63}.G2A Release|x64.ActiveCfg = G2A Release|Win32
		{A18E5D21-ABE0-4865-BC71-E522B6574B63}.G2A Release|x86.ActiveCfg = G2A Release|Win32
		{A18E5D21-ABE0-4865-BC71-E522B6574B63}.G2A Release|x86.Build.0 = G2A Release|Win32
		{A18E5D21-ABE0-4865-BC71-E522B6574B63}.MP Debug|Any CPU.ActiveCfg = Release|Win32
		{A18E5D21-ABE0-4865-BC71-E522B6574B63}.MP Debug|x64.ActiveCfg = Release|Win32
		{A18E5D21-ABE0-4865-BC71-E522B6574B63}.MP Debug|x86.ActiveCfg = Debug|Win32
		{A18E5D21-ABE0-4865-BC71-E522B6574B63}.MP Release|Any CPU.ActiveCfg = Release|Win32
		{A18E5D21-ABE0-4865-BC71-E522B6574B63}.MP Release|x64.ActiveCfg = Release|Win32
		{A18E5D21-ABE0-4865-BC71-E522B6574B63}.MP Release|x86.ActiveCfg = Release|Win32
		{A18E5D21-ABE0-4865-BC71-E522B6574B63}.Release|Any CPU.ActiveCfg = Release|Win32
		{A18E5D21-ABE0-4865-BC71-E522B6574B63}.Release|Any CPU.Build.0 = Release|Win32
		{A18E5D21-ABE0-4865-BC71-E522B6574B63}.Release|x64.ActiveCfg = Release|Win32
		{A18E5D21-ABE0-4865-BC71-E522B6574B63}.Release|x86.ActiveCfg = Release|Win32
		{A18E5D21-ABE0-4865-BC71-E522B6574B63}.Release|x86.Build.0 = Release|Win32
		{E67CE328-1A1A-4060-AE25-D9807FC42DBC}.Debug|Any CPU.ActiveCfg = Debug|Win32
		{E67CE328-1A1A-4060-AE25-D9807FC42DBC}.Debug|x64.ActiveCfg = Debug|Win32
		{E67CE328-1A1A-4060-AE25-D9807FC42DBC}.Debug|x86.ActiveCfg = Debug|Win32
		{E67CE328-1A1A-4060-AE25-D9807FC42DBC}.Debug|x86.Build.0 = Debug|Win32
		{E67CE328-1A1A-4060-AE25-D9807FC42DBC}.G1 Debug|Any CPU.ActiveCfg = G1 Debug|Win32
		{E67CE328-1A1A-4060-AE25-D9807FC42DBC}.G1 Debug|x64.ActiveCfg = G1 Debug|Win32
		{E67CE328-1A1A-4060-AE25-D9807FC42DBC}.G1 Debug|x86.ActiveCfg = G1 Debug|Win32
		{E67CE328-1A1A-4060-AE25-D9807FC42DBC}.G1 Debug|x86.Build.0 = G1 Debug|Win32
		{E67CE328-1A1A-4060-AE25-D9807FC42DBC}.G1 Release|Any CPU.ActiveCfg = G1 Release|Win32
		{E67CE328-1A1A-4060-AE25-D9807FC42DBC}.G1 Release|x64.ActiveCfg = G1 Release|Win32
		{E67CE328-1A1A-4060-AE25-D9807FC42DBC}.G1 Release|x86.ActiveCfg = G1 Release|Win32
		{E67CE328-1A1A-4060-AE25-D9807FC42DBC}.G1 Release|x86.Build.0 = G1 Release|Win32
		{E67CE328-1A1A-4060-AE25-D9807FC42DBC}.G1A Debug|Any CPU.ActiveCfg = G1A Debug|Win32
		{E67CE328-1A1A-4060-AE25-D9807FC42DBC}.G1A Debug|x64.ActiveCfg = G1A Debug|Win32
		{E67CE328-1A1A-4060-AE25-D9807FC42DBC}.G1A Debug|x86.ActiveCfg = G1A Debug|Win32
		{E67CE328-1A1A-4060-AE25-D9807FC42DBC}.G1A Debug|x86.Build.0 = G1A Debug|Win32
		{E67CE328-1A1A-4060-AE25-D9807FC42DBC}.G1A Release|Any CPU.ActiveCfg = G1A Release|Win32
		{E67CE328-1A1A-4060-AE25-D9807FC42DBC}.G1A Release|x64.ActiveCfg = G1A Release|Win32
		{E67CE328-1A1A-4060-AE25-D9807FC42DBC}.G1A Release|x86.ActiveCfg = G1A Release|Win32
		{E67CE328-1A1A-4060-AE25-D9807FC42DBC}.G1A Release|x86.Build.0 = G1A Release|Win32
		{E67CE328-1A1A-4060-AE25-D9807FC42DBC}.G2 Debug|Any CPU.ActiveCfg = G2 Debug|Win32
		{E67CE328-1A1A-4060-AE25-D9807FC42DBC}.G2 Debug|x64.ActiveCfg = G2 Debug|Win32
		{E67CE328-1A1A-4060-AE25-D9807FC42DBC}.G2 Debug|x86.ActiveCfg = G2 Debug|Win32
		{E67CE328-1A1A-4060-AE25-D9807FC42DBC}.G2 Debug|x86.Build.0 = G2 Debug|Win32
		{E67CE328-1A1A-4060-AE25-D9807FC42DBC}.G2 Release|Any CPU.ActiveCfg = G2 Release|Win32
		{E67CE328-1A1A-4060-AE25-D9807FC42DBC}.G2 Release|x64.ActiveCfg = G2 Release|Win32
		{E67CE328-1A1A-4060-AE25-D9807FC42DBC}.G2 Release|x86.ActiveCfg = G2 Release|Win32
		{E67CE328-1A1A-4060-AE25-D9807FC42DBC}.G2 Release|x86.Build.0 = G2 Release|Win32
		{E67CE328-1A1A-4060-AE25-D9807FC42DBC}.G2A Debug|Any CPU.ActiveCfg = G2A Debug|Win32
		{E67CE328-1A1A-4060-AE25-D9807FC42DBC}.G2A Debug|x64.ActiveCfg = G2A Debug|Win32
		{E67CE328-1A1A-4060-AE25-D9807FC42DBC}.G2A Debug|x86.ActiveCfg = G2A Debug|Win32
		{E67CE328-1A1A-4060-AE25-D9807FC42DBC}.G2A Debug|x86.Build.0 = G2A Debug|Win32
		{E67CE328-1A1A-4060-AE25-D9807FC42DBC}.G2A Release|Any CPU.ActiveCfg = G2A Release|Win32
		{E67CE328-1A1A-4060-AE25-D9807FC42DBC}.G2A Release|x64.ActiveCfg = G2A Release|Win32
		{E67CE328-1A1A-4060-AE25-D9807FC42DBC}.G2A Release|x86.ActiveCfg = G2A Release|Win32
		{E67CE328-1A1A-4060-AE25-D9807FC42DBC}.G2A Release|x86.Build.0 = G2A Release|Win32
		{E67CE328-1A1A-4060-AE25-D9807FC42DBC}.MP Debug|Any CPU.ActiveCfg = Release|Win32
		{E67CE328-1A1A-4060-AE25-D9807FC42DBC}.MP Debug|x64.ActiveCfg = Release|Win32
		{E67CE328-1A1A-4060-AE25-D9807FC42DBC}.MP Debug|x86.ActiveCfg = Debug|Win32
		{E67CE328-1A1A-4060-AE25-D9807FC42DBC}.MP Release|Any CPU.ActiveCfg = Release|Win32
		{E67CE328-1A1A-4060-AE25-D9807FC42DBC}.MP Release|x64.ActiveCfg = Release|Win32
		{E67CE328-1A1A-4060-AE25-D9807FC42DBC}.MP Release|x86.ActiveCfg = Release|Win32
		{E67CE328-1A1A-4060-AE25-D9807FC42DBC}.Release|Any CPU.ActiveCfg = Release|Win32
		{E67CE328-1A1A-4060-AE25-D9807FC42DBC}.Release|x64.ActiveCfg = Release|Win32
		{E67CE328-1A1A-4060-AE25-D9807FC42DBC}.Release|x86.ActiveCfg = Release|Win32
		{E67CE328-1A1A-4060-AE25-D9807FC42DBC}.Release|x86.Build.0 = Release|Win32
		{53C6090B-4EB4-4919-8B3A-6ECFA5B5B8D2}.Debug|Any CPU.ActiveCfg = Debug|Win32
		{53C6090B-4EB4-4919-8B3A-6ECFA5B5B8D2}.Debug|x64.ActiveCfg = Debug|Win32
		{53C6090B-4EB4-4919-8B3A-6ECFA5B5B8D2}.Debug|x86.ActiveCfg = Debug|Win32
		{53C6090B-4EB4-4919-8B3A-6ECFA5B5B8D2}.Debug|x86.Build.0 = Debug|Win32
		{53C6090B-4EB4-4919-8B3A-6ECFA5B5B8D2}.G1 Debug|Any CPU.ActiveCfg = G1 Debug|Win32
		{53C6090B-4EB4-4919-8B3A-6ECFA5B5B8D2}.G1 Debug|x64.ActiveCfg = G1 Debug|Win32
		{53C6090B-4EB4-4919-8B3A-6ECFA5B5B8D2}.G1 Debug|x86.ActiveCfg = G1 Debug|Win32
		{53C6090B-4EB4-4919-8B3A-6ECFA5B5B8D2}.G1 Debug|x86.Build.0 = G1 Debug|Win32
		{53C6090B-4EB4-4919-8B3A-6ECFA5B5B8D2}.G1 Release|Any CPU.ActiveCfg = G1 Release|Win32
		{53C6090B-4EB4-4919-8B3A-6ECFA5B5B8D2}.G1 Release|x64.ActiveCfg = G1 Release|Win32
		{53C6090B-4EB4-4919-8B3A-6ECFA5B5B8D2}.G1 Release|x86.ActiveCfg = G1 Release|Win32
		{53C6090B-4EB4-4919-8B3A-6ECFA5B5B8D2}.G1 Release|x86.Build.0 = G1 Release|Win32
		{53C6090B-4EB4-4919-8B3A-6ECFA5B5B8D2}.G1A Debug|Any CPU.ActiveCfg = G1A Debug|Win32
		{53C6090B-4EB4-4919-8B3A-6ECFA5B5B8D2}.G1A Debug|x64.ActiveCfg = G1A Debug|Win32
		{53C6090B-4EB4-4919-8B3A-6ECFA5B5B8D2}.G1A Debug|x86.ActiveCfg = G1A Debug|Win32
		{53C6090B-4EB4-4919-8B3A-6ECFA5B5B8D2}.G1A Debug|x86.Build.0 = G1A Debug|Win32
		{53C6090B-4EB4-4919-8B3A-6ECFA5B5B8D2}.G1A Release|Any CPU.ActiveCfg = G1A Release|Win32
		{53C6090B-4EB4-4919-8B3A-6ECFA5B5B8D2}.G1A Release|x64.ActiveCfg = G1A Release|Win32
		{53C6090B-4EB4-4919-8B3A-6ECFA5B5B8D2}.G1A Release|x86.ActiveCfg = G1A Release|Win32
		{53C6090B-4EB4-4919-8B3A-6ECFA5B5B8D2}.G1A Release|x86.Build.0 = G1A Release|Win32
		{53C6090B-4EB4-4919-8B3A-6ECFA5B5B8D2}.G2 Debug|Any CPU.ActiveCfg = G2 Debug|Win32
		{53C6090B-4EB4-4919-8B3A-6ECFA5B5B8D2}.G2 Debug|x64.ActiveCfg = G2 Debug|Win32
		{53C6090B-4EB4-4919-8B3A-6ECFA5B5B8D2}.G2 Debug|x86.ActiveCfg = G2 Debug|Win32
		{53C6090B-4EB4-4919-8B3A-6ECFA5B5B8D2}.G2 Debug|x86.Build.0 = G2 Debug|Win32
		{53C6090B-4EB4-4919-8B3A-6ECFA5B5B8D2}.G2 Release|Any CPU.ActiveCfg = G2 Release|Win32
		{53C6090B-4EB4-4919-8B3A-6ECFA5B5B8D2}.G2 Release|x64.ActiveCfg = G2 Release|Win32
		{53C6090B-4EB4-4919-8B3A-6ECFA5B5B8D2}.G2 Release|x86.ActiveCfg = G2 Release|Win32
		{53C6090B-4EB4-4919-8B3A-6ECFA5B5B8D2}.G2 Release|x86.Build.0 = G2 Release|Win32
		{53C6090B-4EB4-4919-8B3A-6ECFA5B5B8D2}.G2A Debug|Any CPU.ActiveCfg = G2A Debug|Win32
		{53C6090B-4EB4-4919-8B3A-6ECFA5B5B8D2}.G2A Debug|x64.ActiveCfg = G2A Debug|Win32
		{53C6090B-4EB4-4919-8B3A-6ECFA5B5B8D2}.G2A Debug|x86.ActiveCfg = G2A Debug|Win32
		{53C6090B-4EB4-4919-8B3A-6ECFA5B5B8D2}.G2A Debug|x86.Build.0 = G2A Debug|Win32
		{53C6090B-4EB4-4919-8B3A-6ECFA5B5B8D2}.G2A Release|Any CPU.ActiveCfg = G2A Release|Win32
		{53C6090B-4EB4-4919-8B3A-6ECFA5B5B8D2}.G2A Release|x64.ActiveCfg = G2A Release|Win32
		{53C6090B-4EB4-4919-8B3A-6ECFA5B5B8D2}.G2A Release|x86.ActiveCfg = G2A Release|Win32
		{53C6090B-4EB4-4919-8B3A-6ECFA5B5B8D2}.G2A Release|x86.Build.0 = G2A Release|Win32
		{53C6090B-4EB4-4919-8B3A-6ECFA5B5B8D2}.MP Debug|Any CPU.ActiveCfg = Release|Win32
		{53C6090B-4EB4-4919-8B3A-6ECFA5B5B8D2}.MP Debug|x64.ActiveCfg = Release|Win32
		{53C6090B-4EB4-4919-8B3A-6ECFA5B5B8D2}.MP Debug|x86.ActiveCfg = Debug|Win32
		{53C6090B-4EB4-4919-8B3A-6ECFA5B5B8D2}.MP Release|Any CPU.ActiveCfg = Release|Win32
		{53C6090B-4EB4-4919-8B3A-6ECFA5B5B8D2}.MP Release|x64.ActiveCfg = Release|Win32
		{53C6090B-4EB4-4919-8B3A-6ECFA5B5B8D2}.MP Release|x86.ActiveCfg = Release|Win32
		{53C6090B-4EB4-4919-8B3A-6ECFA5B5B8D2}.Release|Any CPU.ActiveCfg = Release|Win32
		{53C6090B-4EB4-4919-8B3A-6ECFA5B5B8D2}.Release|Any CPU.Build.0 = Release|Win32
		{53C6090B-4EB4-4919-8B3A-6ECFA5B5B8D2}.Release|x64.ActiveCfg = Release|Win32
		{53C6090B-4EB4-4919-8B3A-6ECFA5B5B8D2}.Release|x86.ActiveCfg = Release|Win32
		{53C6090B-4EB4-4919-8B3A-6ECFA5B5B8D2}.Release|x86.Build.0 = Release|Win32
		{0A8BB014-740B-4019-9287-716929CBE361}.Debug|Any CPU.ActiveCfg = Debug|Win32
		{0A8BB014-740B-4019-9287-716929CBE361}.Debug|x64.ActiveCfg = Debug|Win32
		{0A8BB014-740B-4019-9287-716929CBE361}.Debug|x86.ActiveCfg = Debug|Win32
		{0A8BB014-740B-4019-9287-716929CBE361}.Debug|x86.Build.0 = Debug|Win32
		{0A8BB014-740B-4019-9287-716929CBE361}.G1 Debug|Any CPU.ActiveCfg = G1 Debug|Win32
		{0A8BB014-740B-4019-9287-716929CBE361}.G1 Debug|x64.ActiveCfg = G1 Debug|Win32
		{0A8BB014-740B-4019-9287-716929CBE361}.G1 Debug|x86.ActiveCfg = G1 Debug|Win32
		{0A8BB014-740B-4019-9287-716929CBE361}.G1 Debug|x86.Build.0 = G1 Debug|Win32
		{0A8BB014-740B-4019-9287-716929CBE361}.G1 Release|Any CPU.ActiveCfg = G1 Release|Win32
		{0A8BB014-740B-4019-9287-716929CBE361}.G1 Release|x64.ActiveCfg = G1 Release|Win32
		{0A8BB014-740B-4019-9287-716929CBE361}.G1 Release|x86.ActiveCfg = G1 Release|Win32
		{0A8BB014-740B-4019-9287-716929CBE361}.G1 Release|x86.Build.0 = G1 Release|Win32
		{0A8BB014-740B-4019-9287-716929CBE361}.G1A Debug|Any CPU.ActiveCfg = G1A Debug|Win32
		{0A8BB014-740B-4019-9287-716929CBE361}.G1A Debug|x64.ActiveCfg = G1A Debug|Win32
		{0A8BB014-740B-4019-9287-716929CBE361}.G1A Debug|x86.ActiveCfg = G1A Debug|Win32
		{0A8BB014-740B-4019-9287-716929CBE361}.G1A Debug|x86.Build.0 = G1A Debug|Win32
		{0A8BB014-740B-4019-9287-716929CBE361}.G1A Release|Any CPU.ActiveCfg = G1A Release|Win32
		{0A8BB014-740B-4019-9287-716929CBE361}.G1A Release|x64.ActiveCfg = G1A Release|Win32
		{0A8BB014-740B-4019-9287-716929CBE361}.G1A Release|x86.ActiveCfg = G1A Release|Win32
		{0A8BB014-740B-4019-9287-716929CBE361}.G1A Release|x86.Build.0 = G1A Release|Win32
		{0A8BB014-740B-4019-9287-716929CBE361}.G2 Debug|Any CPU.ActiveCfg = G2 Debug|Win32
		{0A8BB014-740B-4019-9287-716929CBE361}.G2 Debug|x64.ActiveCfg = G2 Debug|Win32
		{0A8BB014-740B-4019-9287-716929CBE361}.G2 Debug|x86.ActiveCfg = G2 Debug|Win32
		{0A8BB014-740B-4019-9287-716929CBE361}.G2 Debug|x86.Build.0 = G2 Debug|Win32
		{0A8BB014-740B-4019-9287-716929CBE361}.G2 Release|Any CPU.ActiveCfg = G2 Release|Win32
		{0A8BB014-740B-4019-9287-716929CBE361}.G2 Release|x64.ActiveCfg = G2 Release|Win32
		{0A8BB014-740B-4019-9287-716929CBE361}.G2 Release|x86.ActiveCfg = G2 Release|Win32
		{0A8BB014-740B-4019-9287-716929CBE361}.G2 Release|x86.Build.0 = G2 Release|Win32
		{0A8BB014-740B-4019-9287-716929CBE361}.G2A Debug|Any CPU.ActiveCfg = G2A Debug|Win32
		{0A8BB014-740B-4019-9287-716929CBE361}.G2A Debug|x64.ActiveCfg = G2A Debug|Win32
		{0A8BB014-740B-4019-9287-716929CBE361}.G2A Debug|x86.ActiveCfg = G2A Debug|Win32
		{0A8BB014-740B-4019-9287-716929CBE361}.G2A Debug|x86.Build.0 = G2A Debug|Win32
		{0A8BB014-740B-4019-9287-716929CBE361}.G2A Release|Any CPU.ActiveCfg = G2A Release|Win32
		{0A8BB014-740B-4019-9287-716929CBE361}.G2A Release|x64.ActiveCfg = G2A Release|Win32
		{0A8BB014-740B-4019-9287-716929CBE361}.G2A Release|x86.ActiveCfg = G2A Release|Win32
		{0A8BB014-740B-4019-9287-716929CBE361}.G2A Release|x86.Build.0 = G2A Release|Win32
		{0A8BB014-740B-4019-9287-716929CBE361}.MP Debug|Any CPU.ActiveCfg = Release|Win32
		{0A8BB014-740B-4019-9287-716929CBE361}.MP Debug|x64.ActiveCfg = Release|Win32
		{0A8BB014-740B-4019-9287-716929CBE361}.MP Debug|x86.ActiveCfg = Debug|Win32
		{0A8BB014-740B-4019-9287-716929CBE361}.MP Release|Any CPU.ActiveCfg = Release|Win32
		{0A8BB014-740B-4019-9287-716929CBE361}.MP Release|x64.ActiveCfg = Release|Win32
		{0A8BB014-740B-4019-9287-716929CBE361}.MP Release|x86.ActiveCfg = Release|Win32
		{0A8BB014-740B-4019-9287-716929CBE361}.Release|Any CPU.ActiveCfg = Release|Win32
		{0A8BB014-740B-4019-9287-716929CBE361}.Release|Any CPU.Build.0 = Release|Win32
		{0A8BB014-740B-4019-9287-716929CBE361}.Release|x64.ActiveCfg = Release|Win32
		{0A8BB014-740B-4019-9287-716929CBE361}.Release|x86.ActiveCfg = Release|Win32
		{0A8BB014-740B-4019-9287-716929CBE361}.Release|x86.Build.0 = Release|Win32
		{E3443247-9EF4-4A62-8571-F2749F193348}.Debug|Any CPU.ActiveCfg = Debug|Win32
		{E3443247-9EF4-4A62-8571-F2749F193348}.Debug|x64.ActiveCfg = Debug|Win32
		{E3443247-9EF4-4A62-8571-F2749F193348}.Debug|x86.ActiveCfg = Debug|Win32
		{E3443247-9EF4-4A62-8571-F2749F193348}.Debug|x86.Build.0 = Debug|Win32
		{E3443247-9EF4-4A62-8571-F2749F193348}.G1 Debug|Any CPU.ActiveCfg = G1 Debug|Win32
		{E3443247-9EF4-4A62-8571-F2749F193348}.G1 Debug|x64.ActiveCfg = G1 Debug|Win32
		{E3443247-9EF4-4A62-8571-F2749F193348}.G1 Debug|x86.ActiveCfg = G1 Debug|Win32
		{E3443247-9EF4-4A62-8571-F2749F193348}.G1 Debug|x86.Build.0 = G1 Debug|Win32
		{E3443247-9EF4-4A62-8571-F2749F193348}.G1 Release|Any CPU.ActiveCfg = G1 Release|Win32
		{E3443247-9EF4-4A62-8571-F2749F193348}.G1 Release|x64.ActiveCfg = G1 Release|Win32
		{E3443247-9EF4-4A62-8571-F2749F193348}.G1 Release|x86.ActiveCfg = G1 Release|Win32
		{E3443247-9EF4-4A62-8571-F2749F193348}.G1 Release|x86.Build.0 = G1 Release|Win32
		{E3443247-9EF4-4A62-8571-F2749F193348}.G1A Debug|Any CPU.ActiveCfg = G1A Debug|Win32
		{E3443247-9EF4-4A62-8571-F2749F193348}.G1A Debug|x64.ActiveCfg = G1A Debug|Win32
		{E3443247-9EF4-4A62-8571-F2749F193348}.G1A Debug|x86.ActiveCfg = G1A Debug|Win32
		{E3443247-9EF4-4A62-8571-F2749F193348}.G1A Debug|x86.Build.0 = G1A Debug|Win32
		{E3443247-9EF4-4A62-8571-F2749F193348}.G1A Release|Any CPU.ActiveCfg = G1A Release|Win32
		{E3443247-9EF4-4A62-8571-F2749F193348}.G1A Release|x64.ActiveCfg = G1A Release|Win32
		{E3443247-9EF4-4A62-8571-F2749F193348}.G1A Release|x86.ActiveCfg = G1A Release|Win32
		{E3443247-9EF4-4A62-8571-F2749F193348}.G1A Release|x86.Build.0 = G1A Release|Win32
		{E3443247-9EF4-4A62-8571-F2749F193348}.G2 Debug|Any CPU.ActiveCfg = G2 Debug|Win32
		{E3443247-9EF4-4A62-8571-F2749F193348}.G2 Debug|x64.ActiveCfg = G2 Debug|Win32
		{E3443247-9EF4-4A62-8571-F2749F193348}.G2 Debug|x86.ActiveCfg = G2 Debug|Win32
		{E3443247-9EF4-4A62-8571-F2749F193348}.G2 Debug|x86.Build.0 = G2 Debug|Win32
		{E3443247-9EF4-4A62-8571-F2749F193348}.G2 Release|Any CPU.ActiveCfg = G2 Release|Win32
		{E3443247-9EF4-4A62-8571-F2749F193348}.G2 Release|x64.ActiveCfg = G2 Release|Win32
		{E3443247-9EF4-4A62-8571-F2749F193348}.G2 Release|x86.ActiveCfg = G2 Release|Win32
		{E3443247-9EF4-4A62-8571-F2749F193348}.G2 Release|x86.Build.0 = G2 Release|Win32
		{E3443247-9EF4-4A62-8571-F2749F193348}.G2A Debug|Any CPU.ActiveCfg = G2A Debug|Win32
		{E3443247-9EF4-4A62-8571-F2749F193348}.G2A Debug|x64.ActiveCfg = G2A Debug|Win32
		{E3443247-9EF4-4A62-8571-F2749F193348}.G2A Debug|x86.ActiveCfg = G2A Debug|Win32
		{E3443247-9EF4-4A62-8571-F2749F193348}.G2A Debug|x86.Build.0 = G2A Debug|Win32
		{E3443247-9EF4-4A62-8571-F2749F193348}.G2A Release|Any CPU.ActiveCfg = G2A Release|Win32
		{E3443247-9EF4-4A62-8571-F2749F193348}.G2A Release|x64.ActiveCfg = G2A Release|Win32
		{E3443247-9EF4-4A62-8571-F2749F193348}.G2A Release|x86.ActiveCfg = G2A Release|Win32
		{E3443247-9EF4-4A62-8571-F2749F193348}.G2A Release|x86.Build.0 = G2A Release|Win32
		{E3443247-9EF4-4A62-8571-F2749F193348}.MP Debug|Any CPU.ActiveCfg = Release|Win32
		{E3443247-9EF4-4A62-8571-F2749F193348}.MP Debug|x64.ActiveCfg = Release|Win32
		{E3443247-9EF4-4A62-8571-F2749F193348}.MP Debug|x86.ActiveCfg = Debug|Win32
		{E3443247-9EF4-4A62-8571-F2749F193348}.MP Release|Any CPU.ActiveCfg = Release|Win32
		{E3443247-9EF4-4A62-8571-F2749F193348}.MP Release|x64.ActiveCfg = Release|Win32
		{E3443247-9EF4-4A62-8571-F2749F193348}.MP Release|x86.ActiveCfg = Release|Win32
		{E3443247-9EF4-4A62-8571-F2749F193348}.Release|Any CPU.ActiveCfg = Release|Win32
		{E3443247-9EF4-4A62-8571-F2749F193348}.Release|Any CPU.Build.0 = Release|Win32
		{E3443247-9EF4-4A62-8571-F2749F193348}.Release|x64.ActiveCfg = Release|Win32
		{E3443247-9EF4-4A62-8571-F2749F193348}.Release|x86.ActiveCfg = Release|Win32
		{E3443247-9EF4-4A62-8571-F2749F193348}.Release|x86.Build.0 = Release|Win32
		{F90FC455-60DD-4DB3-BBCD-F9F2F0601ED1}.Debug|Any CPU.ActiveCfg = Debug|Win32
		{F90FC455-60DD-4DB3-BBCD-F9F2F0601ED1}.Debug|x64.ActiveCfg = Debug|Win32
		{F90FC455-60DD-4DB3-BBCD-F9F2F0601ED1}.Debug|x86.ActiveCfg = Debug|Win32
		{F90FC455-60DD-4DB3-BBCD-F9F2F0601ED1}.Debug|x86.Build.0 = Debug|Win32
		{F90FC455-60DD-4DB3-BBCD-F9F2F0601ED1}.G1 Debug|Any CPU.ActiveCfg = G1 Debug|Win32
		{F90FC455-60DD-4DB3-BBCD-F9F2F0601ED1}.G1 Debug|x64.ActiveCfg = G1 Debug|Win32
		{F90FC455-60DD-4DB3-BBCD-F9F2F0601ED1}.G1 Debug|x86.ActiveCfg = G1 Debug|Win32
		{F90FC455-60DD-4DB3-BBCD-F9F2F0601ED1}.G1 Debug|x86.Build.0 = G1 Debug|Win32
		{F90FC455-60DD-4DB3-BBCD-F9F2F0601ED1}.G1 Release|Any CPU.ActiveCfg = G1 Release|Win32
		{F90FC455-60DD-4DB3-BBCD-F9F2F0601ED1}.G1 Release|x64.ActiveCfg = G1 Release|Win32
		{F90FC455-60DD-4DB3-BBCD-F9F2F0601ED1}.G1 Release|x86.ActiveCfg = G1 Release|Win32
		{F90FC455-60DD-4DB3-BBCD-F9F2F0601ED1}.G1 Release|x86.Build.0 = G1 Release|Win32
		{F90FC455-60DD-4DB3-BBCD-F9F2F0601ED1}.G1A Debug|Any CPU.ActiveCfg = G1A Debug|Win32
		{F90FC455-60DD-4DB3-BBCD-F9F2F0601ED1}.G1A Debug|x64.ActiveCfg = G1A Debug|Win32
		{F90FC455-60DD-4DB3-BBCD-F9F2F0601ED1}.G1A Debug|x86.ActiveCfg = G1A Debug|Win32
		{F90FC455-60DD-4DB3-BBCD-F9F2F0601ED1}.G1A Debug|x86.Build.0 = G1A Debug|Win32
		{F90FC455-60DD-4DB3-BBCD-F9F2F0601ED1}.G1A Release|Any CPU.ActiveCfg = G1A Release|Win32
		{F90FC455-60DD-4DB3-BBCD-F9F2F0601ED1}.G1A Release|x64.ActiveCfg = G1A Release|Win32
		{F90FC455-60DD-4DB3-BBCD-F9F2F0601ED1}.G1A Release|x86.ActiveCfg = G1A Release|Win32
		{F90FC455-60DD-4DB3-BBCD-F9F2F0601ED1}.G1A Release|x86.Build.0 = G1A Release|Win32
		{F90FC455-60DD-4DB3-BBCD-F9F2F0601ED1}.G2 Debug|Any CPU.ActiveCfg = G2 Debug|Win32
		{F90FC455-60DD-4DB3-BBCD-F9F2F0601ED1}.G2 Debug|x64.ActiveCfg = G2 Debug|Win32
		{F90FC455-60DD-4DB3-BBCD-F9F2F0601ED1}.G2 Debug|x86.ActiveCfg = G2 Debug|Win32
		{F90FC455-60DD-4DB3-BBCD-F9F2F0601ED1}.G2 Debug|x86.Build.0 = G2 Debug|Win32
		{F90FC455-60DD-4DB3-BBCD-F9F2F0601ED1}.G2 Release|Any CPU.ActiveCfg = G2 Release|Win32
		{F90FC455-60DD-4DB3-BBCD-F9F2F0601ED1}.G2 Release|x64.ActiveCfg = G2 Release|Win32
		{F90FC455-60DD-4DB3-BBCD-F9F2F0601ED1}.G2 Release|x86.ActiveCfg = G2 Release|Win32
		{F90FC455-60DD-4DB3-BBCD-F9F2F0601ED1}.G2 Release|x86.Build.0 = G2 Release|Win32
		{F90FC455-60DD-4DB3-BBCD-F9F2F0601ED1}.G2A Debug|Any CPU.ActiveCfg = G2A Debug|Win32
		{F90FC455-60DD-4DB3-BBCD-F9F2F0601ED1}.G2A Debug|x64.ActiveCfg = G2A Debug|Win32
		{F90FC455-60DD-4DB3-BBCD-F9F2F0601ED1}.G2A Debug|x86.ActiveCfg = G2A Debug|Win32
		{F90FC455-60DD-4DB3-BBCD-F9F2F0601ED1}.G2A Debug|x86.Build.0 = G2A Debug|Win32
		{F90FC455-60DD-4DB3-BBCD-F9F2F0601ED1}.G2A Release|Any CPU.ActiveCfg = G2A Release|Win32
		{F90FC455-60DD-4DB3-BBCD-F9F2F0601ED1}.G2A Release|x64.ActiveCfg = G2A Release|Win32
		{F90FC455-60DD-4DB3-BBCD-F9F2F0601ED1}.G2A Release|x86.ActiveCfg = G2A Release|Win32
		{F90FC455-60DD-4DB3-BBCD-F9F2F0601ED1}.G2A Release|x86.Build.0 = G2A Release|Win32
		{F90FC455-60DD-4DB3-BBCD-F9F2F0601ED1}.MP Debug|Any CPU.ActiveCfg = Release|Win32
		{F90FC455-60DD-4DB3-BBCD-F9F2F0601ED1}.MP Debug|x64.ActiveCfg = Release|Win32
		{F90FC455-60DD-4DB3-BBCD-F9F2F0601ED1}.MP Debug|x86.ActiveCfg = Debug|Win32
		{F90FC455-60DD-4DB3-BBCD-F9F2F0601ED1}.MP Release|Any CPU.ActiveCfg = Release|Win32
		{F90FC455-60DD-4DB3-BBCD-F9F2F0601ED1}.MP Release|x64.ActiveCfg = Release|Win32
		{F90FC455-60DD-4DB3-BBCD-F9F2F0601ED1}.MP Release|x86.ActiveCfg = Release|Win32
		{F90FC455-60DD-4DB3-BBCD-F9F2F0601ED1}.Release|Any CPU.ActiveCfg = Release|Win32
		{F90FC455-60DD-4DB3-BBCD-F9F2F0601ED1}.Release|x64.ActiveCfg = Release|Win32
		{F90FC455-60DD-4DB3-BBCD-F9F2F0601ED1}.Release|x86.ActiveCfg = Release|Win32
		{F90FC455-60DD-4DB3-BBCD-F9F2F0601ED1}.Release|x86.Build.0 = Release|Win32
		{778534A0-5FD2-46DB-A366-D24EDF9448A4}.Debug|Any CPU.ActiveCfg = Debug|Win32
		{778534A0-5FD2-46DB-A366-D24EDF9448A4}.Debug|x64.ActiveCfg = Debug|Win32
		{778534A0-5FD2-46DB-A366-D24EDF9448A4}.Debug|x86.ActiveCfg = Debug|Win32
		{778534A0-5FD2-46DB-A366-D24EDF9448A4}.Debug|x86.Build.0 = Debug|Win32
		{778534A0-5FD2-46DB-A366-D24EDF9448A4}.G1 Debug|Any CPU.ActiveCfg = G1 Debug|Win32
		{778534A0-5FD2-46DB-A366-D24EDF9448A4}.G1 Debug|x64.ActiveCfg = G1 Debug|Win32
		{778534A0-5FD2-46DB-A366-D24EDF9448A4}.G1 Debug|x86.ActiveCfg = G1 Debug|Win32
		{778534A0-5FD2-46DB-A366-D24EDF9448A4}.G1 Debug|x86.Build.0 = G1 Debug|Win32
		{778534A0-5FD2-46DB-A366-D24EDF9448A4}.G1 Release|Any CPU.ActiveCfg = G1 Release|Win32
		{778534A0-5FD2-46DB-A366-D24EDF9448A4}.G1 Release|x64.ActiveCfg = G1 Release|Win32
		{778534A0-5FD2-46DB-A366-D24EDF9448A4}.G1 Release|x86.ActiveCfg = G1 Release|Win32
		{778534A0-5FD2-46DB-A366-D24EDF9448A4}.G1 Release|x86.Build.0 = G1 Release|Win32
		{778534A0-5FD2-46DB-A366-D24EDF9448A4}.G1A Debug|Any CPU.ActiveCfg = G1A Debug|Win32
		{778534A0-5FD2-46DB-A366-D24EDF9448A4}.G1A Debug|x64.ActiveCfg = G1A Debug|Win32
		{778534A0-5FD2-46DB-A366-D24EDF9448A4}.G1A Debug|x86.ActiveCfg = G1A Debug|Win32
		{778534A0-5FD2-46DB-A366-D24EDF9448A4}.G1A Debug|x86.Build.0 = G1A Debug|Win32
		{778534A0-5FD2-46DB-A366-D24EDF9448A4}.G1A Release|Any CPU.ActiveCfg = G1A Release|Win32
		{778534A0-5FD2-46DB-A366-D24EDF9448A4}.G1A Release|x64.ActiveCfg = G1A Release|Win32
		{778534A0-5FD2-46DB-A366-D24EDF9448A4}.G1A Release|x86.ActiveCfg = G1A Release|Win32
		{778534A0-5FD2-46DB-A366-D24EDF9448A4}.G1A Release|x86.Build.0 = G1A Release|Win32
		{778534A0-5FD2-46DB-A366-D24EDF9448A4}.G2 Debug|Any CPU.ActiveCfg = G2 Debug|Win32
		{778534A0-5FD2-46DB-A366-D24EDF9448A4}.G2 Debug|x64.ActiveCfg = G2 Debug|Win32
		{778534A0-5FD2-46DB-A366-D24EDF9448A4}.G2 Debug|x86.ActiveCfg = G2 Debug|Win32
		{778534A0-5FD2-46DB-A366-D24EDF9448A4}.G2 Debug|x86.Build.0 = G2 Debug|Win32
		{778534A0-5FD2-46DB-A366-D24EDF9448A4}.G2 Release|Any CPU.ActiveCfg = G2 Release|Win32
		{778534A0-5FD2-46DB-A366-D24EDF9448A4}.G2 Release|x64.ActiveCfg = G2 Release|Win32
		{778534A0-5FD2-46DB-A366-D24EDF9448A4}.G2 Release|x86.ActiveCfg = G2 Release|Win32
		{778534A0-5FD2-46DB-A366-D24EDF9448A4}.G2 Release|x86.Build.0 = G2 Release|Win32
		{778534A0-5FD2-46DB-A366-D24EDF9448A4}.G2A Debug|Any CPU.ActiveCfg = G2A Debug|Win32
		{778534A0-5FD2-46DB-A366-D24EDF9448A4}.G2A Debug|x64.ActiveCfg = G2A Debug|Win32
		{778534A0-5FD2-46DB-A366-D24EDF9448A4}.G2A Debug|x86.ActiveCfg = G2A Debug|Win32
		{778534A0-5FD2-46DB-A366-D24EDF9448A4}.G2A Debug|x86.Build.0 = G2A Debug|Win32
		{778534A0-5FD2-46DB-A366-D24EDF9448A4}.G2A Release|Any CPU.ActiveCfg = G2A Release|Win32
		{778534A0-5FD2-46DB-A366-D24EDF9448A4}.G2A Release|x64.ActiveCfg = G2A Release|Win32
		{778534A0-5FD2-46DB-A366-D24EDF9448A4}.G2A Release|x86.ActiveCfg = G2A Release|Win32
		{778534A0-5FD2-46DB-A366-D24EDF9448A4}.G2A Release|x86.Build.0 = G2A Release|Win32
		{778534A0-5FD2-46DB-A366-D24EDF9448A4}.MP Debug|Any CPU.ActiveCfg = Release|Win32
		{778534A0-5FD2-46DB-A366-D24EDF9448A4}.MP Debug|x64.ActiveCfg = Release|Win32
		{778534A0-5FD2-46DB-A366-D24EDF9448A4}.MP Debug|x86.ActiveCfg = Debug|Win32
		{778534A0-5FD2-46DB-A366-D24EDF9448A4}.MP Release|Any CPU.ActiveCfg = Release|Win32
		{778534A0-5FD2-46DB-A366-D24EDF9448A4}.MP Release|x64.ActiveCfg = Release|Win32
		{778534A0-5FD2-46DB-A366-D24EDF9448A4}.MP Release|x86.ActiveCfg = Release|Win32
		{778534A0-5FD2-46DB-A366-D24EDF9448A4}.Release|Any CPU.ActiveCfg = Release|Win32
		{778534A0-5FD2-46DB-A366-D24EDF9448A4}.Release|x64.ActiveCfg = Release|Win32
		{778534A0-5FD2-46DB-A366-D24EDF9448A4}.Release|x86.ActiveCfg = Release|Win32
		{778534A0-5FD2-46DB-A366-D24EDF9448A4}.Release|x86.Build.0 = Release|Win32
		{6E1BE7CF-8873-47FB-8A49-104CF74B1C6D}.Debug|Any CPU.ActiveCfg = Debug|Win32
		{6E1BE7CF-8873-47FB-8A49-104CF74B1C6D}.Debug|x64.ActiveCfg = Debug|Win32
		{6E1BE7CF-8873-47FB-8A49-104CF74B1C6D}.Debug|x86.ActiveCfg = Debug|Win32
		{6E1BE7CF-8873-47FB-8A49-104CF74B1C6D}.Debug|x86.Build.0 = Debug|Win32
		{6E1BE7CF-8873-47FB-8A49-104CF74B1C6D}.G1 Debug|Any CPU.ActiveCfg = G1 Debug|Win32
		{6E1BE7CF-8873-47FB-8A49-104CF74B1C6D}.G1 Debug|x64.ActiveCfg = G1 Debug|Win32
		{6E1BE7CF-8873-47FB-8A49-104CF74B1C6D}.G1 Debug|x86.ActiveCfg = G1 Debug|Win32
		{6E1BE7CF-8873-47FB-8A49-104CF74B1C6D}.G1 Debug|x86.Build.0 = G1 Debug|Win32
		{6E1BE7CF-8873-47FB-8A49-104CF74B1C6D}.G1 Release|Any CPU.ActiveCfg = G1 Release|Win32
		{6E1BE7CF-8873-47FB-8A49-104CF74B1C6D}.G1 Release|x64.ActiveCfg = G1 Release|Win32
		{6E1BE7CF-8873-47FB-8A49-104CF74B1C6D}.G1 Release|x86.ActiveCfg = G1 Release|Win32
		{6E1BE7CF-8873-47FB-8A49-104CF74B1C6D}.G1 Release|x86.Build.0 = G1 Release|Win32
		{6E1BE7CF-8873-47FB-8A49-104CF74B1C6D}.G1A Debug|Any CPU.ActiveCfg = G1A Debug|Win32
		{6E1BE7CF-8873-47FB-8A49-104CF74B1C6D}.G1A Debug|x64.ActiveCfg = G1A Debug|Win32
		{6E1BE7CF-8873-47FB-8A49-104CF74B1C6D}.G1A Debug|x86.ActiveCfg = G1A Debug|Win32
		{6E1BE7CF-8873-47FB-8A49-104CF74B1C6D}.G1A Debug|x86.Build.0 = G1A Debug|Win32
		{6E1BE7CF-8873-47FB-8A49-104CF74B1C6D}.G1A Release|Any CPU.ActiveCfg = G1A Release|Win32
		{6E1BE7CF-8873-47FB-8A49-104CF74B1C6D}.G1A Release|x64.ActiveCfg = G1A Release|Win32
		{6E1BE7CF-8873-47FB-8A49-104CF74B1C6D}.G1A Release|x86.ActiveCfg = G1A Release|Win32
		{6E1BE7CF-8873-47FB-8A49-104CF74B1C6D}.G1A Release|x86.Build.0 = G1A Release|Win32
		{6E1BE7CF-8873-47FB-8A49-104CF74B1C6D}.G2 Debug|Any CPU.ActiveCfg = G2 Debug|Win32
		{6E1BE7CF-8873-47FB-8A49-104CF74B1C6D}.G2 Debug|x64.ActiveCfg = G2 Debug|Win32
		{6E1BE7CF-8873-47FB-8A49-104CF74B1C6D}.G2 Debug|x86.ActiveCfg = G2 Debug|Win32
		{6E1BE7CF-8873-47FB-8A49-104CF74B1C6D}.G2 Debug|x86.Build.0 = G2 Debug|Win32
		{6E1BE7CF-8873-47FB-8A49-104CF74B1C6D}.G2 Release|Any CPU.ActiveCfg = G2 Release|Win32
		{6E1BE7CF-8873-47FB-8A49-104CF74B1C6D}.G2 Release|x64.ActiveCfg = G2 Release|Win32
		{6E1BE7CF-8873-47FB-8A49-104CF74B1C6D}.G2 Release|x86.ActiveCfg = G2 Release|Win32
		{6E1BE7CF-8873-47FB-8A49-104CF74B1C6D}.G2 Release|x86.Build.0 = G2 Release|Win32
		{6E1BE7CF-8873-47FB-8A49-104CF74B1C6D}.G2A Debug|Any CPU.ActiveCfg = G2A Debug|Win32
		{6E1BE7CF-8873-47FB-8A49-104CF74B1C6D}.G2A Debug|x64.ActiveCfg = G2A Debug|Win32
		{6E1BE7CF-8873-47FB-8A49-104CF74B1C6D}.G2A Debug|x86.ActiveCfg = G2A Debug|Win32
		{6E1BE7CF-8873-47FB-8A49-104CF74B1C6D}.G2A Debug|x86.Build.0 = G2A Debug|Win32
		{6E1BE7CF-8873-47FB-8A49-104CF74B1C6D}.G2A Release|Any CPU.ActiveCfg = G2A Release|Win32
		{6E1BE7CF-8873-47FB-8A49-104CF74B1C6D}.G2A Release|x64.ActiveCfg = G2A Release|Win32
		{6E1BE7CF-8873-47FB-8A49-104CF74B1C6D}.G2A Release|x86.ActiveCfg = G2A Release|Win32
		{6E1BE7CF-8873-47FB-8A49-104CF74B1C6D}.G2A Release|x86.Build.0 = G2A Release|Win32
		{6E1BE7CF-8873-47FB-8A49-104CF74B1C6D}.MP Debug|Any CPU.ActiveCfg = Release|Win32
		{6E1BE7CF-8873-47FB-8A49-104CF74B1C6D}.MP Debug|x64.ActiveCfg = Release|Win32
		{6E1BE7CF-8873-47FB-8A49-104CF74B1C6D}.MP Debug|x86.ActiveCfg = Debug|Win32
		{6E1BE7CF-8873-47FB-8A49-104CF74B1C6D}.MP Release|Any CPU.ActiveCfg = Release|Win32
		{6E1BE7CF-8873-47FB-8A49-104CF74B1C6D}.MP Release|x64.ActiveCfg = Release|Win32
		{6E1BE7CF-8873-47FB-8A49-104CF74B1C6D}.MP Release|x86.ActiveCfg = Release|Win32
		{6E1BE7CF-8873-47FB-8A49-104CF74B1C6D}.Release|Any CPU.ActiveCfg = Release|Win32
		{6E1BE7CF-8873-47FB-8A49-104CF74B1C6D}.Release|x64.ActiveCfg = Release|Win32
		{6E1BE7CF-8873-47FB-8A49-104CF74B1C6D}.Release|x86.ActiveCfg = Release|Win32
		{6E1BE7CF-8873-47FB-8A49-104CF74B1C6D}.Release|x86.Build.0 = Release|Win32
		{B1A28308-DE05-4F60-A979-069E421DFAD1}.Debug|Any CPU.ActiveCfg = Debug|Win32
		{B1A28308-DE05-4F60-A979-069E421DFAD1}.Debug|x64.ActiveCfg = Debug|Win32
		{B1A28308-DE05-4F60-A979-069E421DFAD1}.Debug|x86.ActiveCfg = Debug|Win32
		{B1A28308-DE05-4F60-A979-069E421DFAD1}.Debug|x86.Build.0 = Debug|Win32
		{B1A28308-DE05-4F60-A979-069E421DFAD1}.G1 Debug|Any CPU.ActiveCfg = G1 Debug|Win32
		{B1A28308-DE05-4F60-A979-069E421DFAD1}.G1 Debug|x64.ActiveCfg = G1 Debug|Win32
		{B1A28308-DE05-4F60-A979-069E421DFAD1}.G1 Debug|x86.ActiveCfg = G1 Debug|Win32
		{B1A28308-DE05-4F60-A979-069E421DFAD1}.G1 Debug|x86.Build.0 = G1 Debug|Win32
		{B1A28308-DE05-4F60-A979-069E421DFAD1}.G1 Release|Any CPU.ActiveCfg = G1 Release|Win32
		{B1A28308-DE05-4F60-A979-069E421DFAD1}.G1 Release|x64.ActiveCfg = G1 Release|Win32
		{B1A28308-DE05-4F60-A979-069E421DFAD1}.G1 Release|x86.ActiveCfg = G1 Release|Win32
		{B1A28308-DE05-4F60-A979-069E421DFAD1}.G1 Release|x86.Build.0 = G1 Release|Win32
		{B1A28308-DE05-4F60-A979-069E421DFAD1}.G1A Debug|Any CPU.ActiveCfg = G1A Debug|Win32
		{B1A28308-DE05-4F60-A979-069E421DFAD1}.G1A Debug|x64.ActiveCfg = G1A Debug|Win32
		{B1A28308-DE05-4F60-A979-069E421DFAD1}.G1A Debug|x86.ActiveCfg = G1A Debug|Win32
		{B1A28308-DE05-4F60-A979-069E421DFAD1}.G1A Debug|x86.Build.0 = G1A Debug|Win32
		{B1A28308-DE05-4F60-A979-069E421DFAD1}.G1A Release|Any CPU.ActiveCfg = G1A Release|Win32
		{B1A28308-DE05-4F60-A979-069E421DFAD1}.G1A Release|x64.ActiveCfg = G1A Release|Win32
		{B1A28308-DE05-4F60-A979-069E421DFAD1}.G1A Release|x86.ActiveCfg = G1A Release|Win32
		{B1A28308-DE05-4F60-A979-069E421DFAD1}.G1A Release|x86.Build.0 = G1A Release|Win32
		{B1A28308-DE05-4F60-A979-069E421DFAD1}.G2 Debug|Any CPU.ActiveCfg = G2 Debug|Win32
		{B1A28308-DE05-4F60-A979-069E421DFAD1}.G2 Debug|x64.ActiveCfg = G2 Debug|Win32
		{B1A28308-DE05-4F60-A979-069E421DFAD1}.G2 Debug|x86.ActiveCfg = G2 Debug|Win32
		{B1A28308-DE05-4F60-A979-069E421DFAD1}.G2 Debug|x86.Build.0 = G2 Debug|Win32
		{B1A28308-DE05-4F60-A979-069E421DFAD1}.G2 Release|Any CPU.ActiveCfg = G2 Release|Win32
		{B1A28308-DE05-4F60-A979-069E421DFAD1}.G2 Release|x64.ActiveCfg = G2 Release|Win32
		{B1A28308-DE05-4F60-A979-069E421DFAD1}.G2 Release|x86.ActiveCfg = G2 Release|Win32
		{B1A28308-DE05-4F60-A979-069E421DFAD1}.G2 Release|x86.Build.0 = G2 Release|Win32
		{B1A28308-DE05-4F60-A979-069E421DFAD1}.G2A Debug|Any CPU.ActiveCfg = G2A Debug|Win32
		{B1A28308-DE05-4F60-A979-069E421DFAD1}.G2A Debug|x64.ActiveCfg = G2A Debug|Win32
		{B1A28308-DE05-4F60-A979-069E421DFAD1}.G2A Debug|x86.ActiveCfg = G2A Debug|Win32
		{B1A28308-DE05-4F60-A979-069E421DFAD1}.G2A Debug|x86.Build.0 = G2A Debug|Win32
		{B1A28308-DE05-4F60-A979-069E421DFAD1}.G2A Release|Any CPU.ActiveCfg = G2A Release|Win32
		{B1A28308-DE05-4F60-A979-069E421DFAD1}.G2A Release|x64.ActiveCfg = G2A Release|Win32
		{B1A28308-DE05-4F60-A979-069E421DFAD1}.G2A Release|x86.ActiveCfg = G2A Release|Win32
		{B1A28308-DE05-4F60-A979-069E421DFAD1}.G2A Release|x86.Build.0 = G2A Release|Win32
		{B1A28308-DE05-4F60-A979-069E421DFAD1}.MP Debug|Any CPU.ActiveCfg = Release|Win32
		{B1A28308-DE05-4F60-A979-069E421DFAD1}.MP Debug|x64.ActiveCfg = Release|Win32
		{B1A28308-DE05-4F60-A979-069E421DFAD1}.MP Debug|x86.ActiveCfg = Debug|Win32
		{B1A28308-DE05-4F60-A979-069E421DFAD1}.MP Release|Any CPU.ActiveCfg = Release|Win32
		{B1A28308-DE05-4F60-A979-069E421DFAD1}.MP Release|x64.ActiveCfg = Release|Win32
		{B1A28308-DE05-4F60-A979-069E421DFAD1}.MP Release|x86.ActiveCfg = Release|Win32
		{B1A28308-DE05-4F60-A979-069E421DFAD1}.Release|Any CPU.ActiveCfg = Release|Win32
		{B1A28308-DE05-4F60-A979-069E421DFAD1}.Release|x64.ActiveCfg = Release|Win32
		{B1A28308-DE05-4F60-A979-069E421DFAD1}.Release|x86.ActiveCfg = Release|Win32
		{B1A28308-DE05-4F60-A979-069E421DFAD1}.Release|x86.Build.0 = Release|Win32
		{0AB4A52A-E4A4-46F5-98DA-2BE8E795AE2A}.Debug|Any CPU.ActiveCfg = Debug|Win32
		{0AB4A52A-E4A4-46F5-98DA-2BE8E795AE2A}.Debug|x64.ActiveCfg = Debug|Win32
		{0AB4A52A-E4A4-46F5-98DA-2BE8E795AE2A}.Debug|x86.ActiveCfg = Debug|Win32
		{0AB4A52A-E4A4-46F5-98DA-2BE8E795AE2A}.Debug|x86.Build.0 = Debug|Win32
		{0AB4A52A-E4A4-46F5-98DA-2BE8E795AE2A}.G1 Debug|Any CPU.ActiveCfg = G1 Debug|Win32
		{0AB4A52A-E4A4-46F5-98DA-2BE8E795AE2A}.G1 Debug|x64.ActiveCfg = G1 Debug|Win32
		{0AB4A52A-E4A4-46F5-98DA-2BE8E795AE2A}.G1 Debug|x86.ActiveCfg = G1 Debug|Win32
		{0AB4A52A-E4A4-46F5-98DA-2BE8E795AE2A}.G1 Debug|x86.Build.0 = G1 Debug|Win32
		{0AB4A52A-E4A4-46F5-98DA-2BE8E795AE2A}.G1 Release|Any CPU.ActiveCfg = G1 Release|Win32
		{0AB4A52A-E4A4-46F5-98DA-2BE8E795AE2A}.G1 Release|x64.ActiveCfg = G1 Release|Win32
		{0AB4A52A-E4A4-46F5-98DA-2BE8E795AE2A}.G1 Release|x86.ActiveCfg = G1 Release|Win32
		{0AB4A52A-E4A4-46F5-98DA-2BE8E795AE2A}.G1 Release|x86.Build.0 = G1 Release|Win32
		{0AB4A52A-E4A4-46F5-98DA-2BE8E795AE2A}.G1A Debug|Any CPU.ActiveCfg = G1A Debug|Win32
		{0AB4A52A-E4A4-46F5-98DA-2BE8E795AE2A}.G1A Debug|x64.ActiveCfg = G1A Debug|Win32
		{0AB4A52A-E4A4-46F5-98DA-2BE8E795AE2A}.G1A Debug|x86.ActiveCfg = G1A Debug|Win32
		{0AB4A52A-E4A4-46F5-98DA-2BE8E795AE2A}.G1A Debug|x86.Build.0 = G1A Debug|Win32
		{0AB4A52A-E4A4-46F5-98DA-2BE8E795AE2A}.G1A Release|Any CPU.ActiveCfg = G1A Release|Win32
		{0AB4A52A-E4A4-46F5-98DA-2BE8E795AE2A}.G1A Release|x64.ActiveCfg = G1A Release|Win32
		{0AB4A52A-E4A4-46F5-98DA-2BE8E795AE2A}.G1A Release|x86.ActiveCfg = G1A Release|Win32
		{0AB4A52A-E4A4-46F5-98DA-2BE8E795AE2A}.G1A Release|x86.Build.0 = G1A Release|Win32
		{0AB4A52A-E4A4-46F5-98DA-2BE8E795AE2A}.G2 Debug|Any CPU.ActiveCfg = G2 Debug|Win32
		{0AB4A52A-E4A4-46F5-98DA-2BE8E795AE2A}.G2 Debug|x64.ActiveCfg = G2 Debug|Win32
		{0AB4A52A-E4A4-46F5-98DA-2BE8E795AE2A}.G2 Debug|x86.ActiveCfg = G2 Debug|Win32
		{0AB4A52A-E4A4-46F5-98DA-2BE8E795AE2A}.G2 Debug|x86.Build.0 = G2 Debug|Win32
		{0AB4A52A-E4A4-46F5-98DA-2BE8E795AE2A}.G2 Release|Any CPU.ActiveCfg = G2 Release|Win32
		{0AB4A52A-E4A4-46F5-98DA-2BE8E795AE2A}.G2 Release|x64.ActiveCfg = G2 Release|Win32
		{0AB4A52A-E4A4-46F5-98DA-2BE8E795AE2A}.G2 Release|x86.ActiveCfg = G2 Release|Win32
		{0AB4A52A-E4A4-46F5-98DA-2BE8E795AE2A}.G2 Release|x86.Build.0 = G2 Release|Win32
		{0AB4A52A-E4A4-46F5-98DA-2BE8E795AE2A}.G2A Debug|Any CPU.ActiveCfg = G2A Debug|Win32
		{0AB4A52A-E4A4-46F5-98DA-2BE8E795AE2A}.G2A Debug|x64.ActiveCfg = G2A Debug|Win32
		{0AB4A52A-E4A4-46F5-98DA-2BE8E795AE2A}.G2A Debug|x86.ActiveCfg = G2A Debug|Win32
		{0AB4A52A-E4A4-46F5-98DA-2BE8E795AE2A}.G2A Debug|x86.Build.0 = G2A Debug|Win32
		{0AB4A52A-E4A4-46F5-98DA-2BE8E795AE2A}.G2A Release|Any CPU.ActiveCfg = G2A Release|Win32
		{0AB4A52A-E4A4-46F5-98DA-2BE8E795AE2A}.G2A Release|x64.ActiveCfg = G2A Release|Win32
		{0AB4A52A-E4A4-46F5-98DA-2BE8E795AE2A}.G2A Release|x86.ActiveCfg = G2A Release|Win32
		{0AB4A52A-E4A4-46F5-98DA-2BE8E795AE2A}.G2A Release|x86.Build.0 = G2A Release|Win32
		{0AB4A52A-E4A4-46F5-98DA-2BE8E795AE2A}.MP Debug|Any CPU.ActiveCfg = Release|Win32
		{0AB4A52A-E4A4-46F5-98DA-2BE8E795AE2A}.MP Debug|x64.ActiveCfg = Release|Win32
		{0AB4A52A-E4A4-46F5-98DA-2BE8E795AE2A}.MP Debug|x86.ActiveCfg = Debug|Win32
		{0AB4A52A-E4A4-46F5-98DA-2BE8E795AE2A}.MP Release|Any CPU.ActiveCfg = Release|Win32
		{0AB4A52A-E4A4-46F5-98DA-2BE8E795AE2A}.MP Release|x64.ActiveCfg = Release|Win32
		{0AB4A52A-E4A4-46F5-98DA-2BE8E795AE2A}.MP Release|x86.ActiveCfg = Release|Win32
		{0AB4A52A-E4A4-46F5-98DA-2BE8E795AE2A}.Release|Any CPU.ActiveCfg = Release|Win32
		{0AB4A52A-E4A4-46F5-98DA-2BE8E795AE2A}.Release|x64.ActiveCfg = Release|Win32
		{0AB4A52A-E4A4-46F5-98DA-2BE8E795AE2A}.Release|x86.ActiveCfg = Release|Win32
		{0AB4A52A-E4A4-46F5-98DA-2BE8E795AE2A}.Release|x86.Build.0 = Release|Win32
		{965D20D5-2687-4121-98EC-65B05679C4FB}.Debug|Any CPU.ActiveCfg = Debug|Win32
		{965D20D5-2687-4121-98EC-65B05679C4FB}.Debug|x64.ActiveCfg = Debug|Win32
		{965D20D5-2687-4121-98EC-65B05679C4FB}.Debug|x86.ActiveCfg = Debug|Win32
		{965D20D5-2687-4121-98EC-65B05679C4FB}.Debug|x86.Build.0 = Debug|Win32
		{965D20D5-2687-4121-98EC-65B05679C4FB}.G1 Debug|Any CPU.ActiveCfg = G1 Debug|Win32
		{965D20D5-2687-4121-98EC-65B05679C4FB}.G1 Debug|x64.ActiveCfg = G1 Debug|Win32
		{965D20D5-2687-4121-98EC-65B05679C4FB}.G1 Debug|x86.ActiveCfg = G1 Debug|Win32
		{965D20D5-2687-4121-98EC-65B05679C4FB}.G1 Debug|x86.Build.0 = G1 Debug|Win32
		{965D20D5-2687-4121-98EC-65B05679C4FB}.G1 Release|Any CPU.ActiveCfg = G1 Release|Win32
		{965D20D5-2687-4121-98EC-65B05679C4FB}.G1 Release|x64.ActiveCfg = G1 Release|Win32
		{965D20D5-2687-4121-98EC-65B05679C4FB}.G1 Release|x86.ActiveCfg = G1 Release|Win32
		{965D20D5-2687-4121-98EC-65B05679C4FB}.G1 Release|x86.Build.0 = G1 Release|Win32
		{965D20D5-2687-4121-98EC-65B05679C4FB}.G1A Debug|Any CPU.ActiveCfg = G1A Debug|Win32
		{965D20D5-2687-4121-98EC-65B05679C4FB}.G1A Debug|x64.ActiveCfg = G1A Debug|Win32
		{965D20D5-2687-4121-98EC-65B05679C4FB}.G1A Debug|x86.ActiveCfg = G1A Debug|Win32
		{965D20D5-2687-4121-98EC-65B05679C4FB}.G1A Debug|x86.Build.0 = G1A Debug|Win32
		{965D20D5-2687-4121-98EC-65B05679C4FB}.G1A Release|Any CPU.ActiveCfg = G1A Release|Win32
		{965D20D5-2687-4121-98EC-65B05679C4FB}.G1A Release|x64.ActiveCfg = G1A Release|Win32
		{965D20D5-2687-4121-98EC-65B05679C4FB}.G1A Release|x86.ActiveCfg = G1A Release|Win32
		{965D20D5-2687-4121-98EC-65B05679C4FB}.G1A Release|x86.Build.0 = G1A Release|Win32
		{965D20D5-2687-4121-98EC-65B05679C4FB}.G2 Debug|Any CPU.ActiveCfg = G2 Debug|Win32
		{965D20D5-2687-4121-98EC-65B05679C4FB}.G2 Debug|x64.ActiveCfg = G2 Debug|Win32
		{965D20D5-2687-4121-98EC-65B05679C4FB}.G2 Debug|x86.ActiveCfg = G2 Debug|Win32
		{965D20D5-2687-4121-98EC-65B05679C4FB}.G2 Debug|x86.Build.0 = G2 Debug|Win32
		{965D20D5-2687-4121-98EC-65B05679C4FB}.G2 Release|Any CPU.ActiveCfg = G2 Release|Win32
		{965D20D5-2687-4121-98EC-65B05679C4FB}.G2 Release|x64.ActiveCfg = G2 Release|Win32
		{965D20D5-2687-4121-98EC-65B05679C4FB}.G2 Release|x86.ActiveCfg = G2 Release|Win32
		{965D20D5-2687-4121-98EC-65B05679C4FB}.G2 Release|x86.Build.0 = G2 Release|Win32
		{965D20D5-2687-4121-98EC-65B05679C4FB}.G2A Debug|Any CPU.ActiveCfg = G2A Debug|Win32
		{965D20D5-2687-4121-98EC-65B05679C4FB}.G2A Debug|x64.ActiveCfg = G2A Debug|Win32
		{965D20D5-2687-4121-98EC-65B05679C4FB}.G2A Debug|x86.ActiveCfg = G2A Debug|Win32
		{965D20D5-2687-4121-98EC-65B05679C4FB}.G2A Debug|x86.Build.0 = G2A Debug|Win32
		{965D20D5-2687-4121-98EC-65B05679C4FB}.G2A Release|Any CPU.ActiveCfg = G2A Release|Win32
		{965D20D5-2687-4121-98EC-65B05679C4FB}.G2A Release|x64.ActiveCfg = G2A Release|Win32
		{965D20D5-2687-4121-98EC-65B05679C4FB}.G2A Release|x86.ActiveCfg = G2A Release|Win32
		{965D20D5-2687-4121-98EC-65B05679C4FB}.G2A Release|x86.Build.0 = G2A Release|Win32
		{965D20D5-2687-4121-98EC-65B05679C4FB}.MP Debug|Any CPU.ActiveCfg = Release|Win32
		{965D20D5-2687-4121-98EC-65B05679C4FB}.MP Debug|x64.ActiveCfg = Release|Win32
		{965D20D5-2687-4121-98EC-65B05679C4FB}.MP Debug|x86.ActiveCfg = Debug|Win32
		{965D20D5-2687-4121-98EC-65B05679C4FB}.MP Release|Any CPU.ActiveCfg = Release|Win32
		{965D20D5-2687-4121-98EC-65B05679C4FB}.MP Release|x64.ActiveCfg = Release|Win32
		{965D20D5-2687-4121-98EC-65B05679C4FB}.MP Release|x86.ActiveCfg = Release|Win32
		{965D20D5-2687-4121-98EC-65B05679C4FB}.Release|Any CPU.ActiveCfg = Release|Win32
		{965D20D5-2687-4121-98EC-65B05679C4FB}.Release|x64.ActiveCfg = Release|Win32
		{965D20D5-2687-4121-98EC-65B05679C4FB}.Release|x86.ActiveCfg = Release|Win32
		{965D20D5-2687-4121-98EC-65B05679C4FB}.Release|x86.Build.0 = Release|Win32
		{6E009E5F-4AEB-48D2-B8C1-FEF6201973F9}.Debug|Any CPU.ActiveCfg = Debug|Win32
		{6E009E5F-4AEB-48D2-B8C1-FEF6201973F9}.Debug|x64.ActiveCfg = Debug|Win32
		{6E009E5F-4AEB-48D2-B8C1-FEF6201973F9}.Debug|x86.ActiveCfg = Debug|Win32
		{6E009E5F-4AEB-48D2-B8C1-FEF6201973F9}.Debug|x86.Build.0 = Debug|Win32
		{6E009E5F-4AEB-48D2-B8C1-FEF6201973F9}.G1 Debug|Any CPU.ActiveCfg = G1 Debug|Win32
		{6E009E5F-4AEB-48D2-B8C1-FEF6201973F9}.G1 Debug|x64.ActiveCfg = G1 Debug|Win32
		{6E009E5F-4AEB-48D2-B8C1-FEF6201973F9}.G1 Debug|x86.ActiveCfg = G1 Debug|Win32
		{6E009E5F-4AEB-48D2-B8C1-FEF6201973F9}.G1 Debug|x86.Build.0 = G1 Debug|Win32
		{6E009E5F-4AEB-48D2-B8C1-FEF6201973F9}.G1 Release|Any CPU.ActiveCfg = G1 Release|Win32
		{6E009E5F-4AEB-48D2-B8C1-FEF6201973F9}.G1 Release|x64.ActiveCfg = G1 Release|Win32
		{6E009E5F-4AEB-48D2-B8C1-FEF6201973F9}.G1 Release|x86.ActiveCfg = G1 Release|Win32
		{6E009E5F-4AEB-48D2-B8C1-FEF6201973F9}.G1 Release|x86.Build.0 = G1 Release|Win32
		{6E009E5F-4AEB-48D2-B8C1-FEF6201973F9}.G1A Debug|Any CPU.ActiveCfg = G1A Debug|Win32
		{6E009E5F-4AEB-48D2-B8C1-FEF6201973F9}.G1A Debug|x64.ActiveCfg = G1A Debug|Win32
		{6E009E5F-4AEB-48D2-B8C1-FEF6201973F9}.G1A Debug|x86.ActiveCfg = G1A Debug|Win32
		{6E009E5F-4AEB-48D2-B8C1-FEF6201973F9}.G1A Debug|x86.Build.0 = G1A Debug|Win32
		{6E009E5F-4AEB-48D2-B8C1-FEF6201973F9}.G1A Release|Any CPU.ActiveCfg = G1A Release|Win32
		{6E009E5F-4AEB-48D2-B8C1-FEF6201973F9}.G1A Release|x64.ActiveCfg = G1A Release|Win32
		{6E009E5F-4AEB-48D2-B8C1-FEF6201973F9}.G1A Release|x86.ActiveCfg = G1A Release|Win32
		{6E009E5F-4AEB-48D2-B8C1-FEF6201973F9}.G1A Release|x86.Build.0 = G1A Release|Win32
		{6E009E5F-4AEB-48D2-B8C1-FEF6201973F9}.G2 Debug|Any CPU.ActiveCfg = G2 Debug|Win32
		{6E009E5F-4AEB-48D2-B8C1-FEF6201973F9}.G2 Debug|x64.ActiveCfg = G2 Debug|Win32
		{6E009E5F-4AEB-48D2-B8C1-FEF6201973F9}.G2 Debug|x86.ActiveCfg = G2 Debug|Win32
		{6E009E5F-4AEB-48D2-B8C1-FEF6201973F9}.G2 Debug|x86.Build.0 = G2 Debug|Win32
		{6E009E5F-4AEB-48D2-B8C1-FEF6201973F9}.G2 Release|Any CPU.ActiveCfg = G2 Release|Win32
		{6E009E5F-4AEB-48D2-B8C1-FEF6201973F9}.G2 Release|x64.ActiveCfg = G2 Release|Win32
		{6E009E5F-4AEB-48D2-B8C1-FEF6201973F9}.G2 Release|x86.ActiveCfg = G2 Release|Win32
		{6E009E5F-4AEB-48D2-B8C1-FEF6201973F9}.G2 Release|x86.Build.0 = G2 Release|Win32
		{6E009E5F-4AEB-48D2-B8C1-FEF6201973F9}.G2A Debug|Any CPU.ActiveCfg = G2A Debug|Win32
		{6E009E5F-4AEB-48D2-B8C1-FEF6201973F9}.G2A Debug|x64.ActiveCfg = G2A Debug|Win32
		{6E009E5F-4AEB-48D2-B8C1-FEF6201973F9}.G2A Debug|x86.ActiveCfg = G2A Debug|Win32
		{6E009E5F-4AEB-48D2-B8C1-FEF6201973F9}.G2A Debug|x86.Build.0 = G2A Debug|Win32
		{6E009E5F-4AEB-48D2-B8C1-FEF6201973F9}.G2A Release|Any CPU.ActiveCfg = G2A Release|Win32
		{6E009E5F-4AEB-48D2-B8C1-FEF6201973F9}.G2A Release|x64.ActiveCfg = G2A Release|Win32
		{6E009E5F-4AEB-48D2-B8C1-FEF6201973F9}.G2A Release|x86.ActiveCfg = G2A Release|Win32
		{6E009E5F-4AEB-48D2-B8C1-FEF6201973F9}.G2A Release|x86.Build.0 = G2A Release|Win32
		{6E009E5F-4AEB-48D2-B8C1-FEF6201973F9}.MP Debug|Any CPU.ActiveCfg = Release|Win32
		{6E009E5F-4AEB-48D2-B8C1-FEF6201973F9}.MP Debug|x64.ActiveCfg = Release|Win32
		{6E009E5F-4AEB-48D2-B8C1-FEF6201973F9}.MP Debug|x86.ActiveCfg = Debug|Win32
		{6E009E5F-4AEB-48D2-B8C1-FEF6201973F9}.MP Release|Any CPU.ActiveCfg = Release|Win32
		{6E009E5F-4AEB-48D2-B8C1-FEF6201973F9}.MP Release|x64.ActiveCfg = Release|Win32
		{6E009E5F-4AEB-48D2-B8C1-FEF6201973F9}.MP Release|x86.ActiveCfg = Release|Win32
		{6E009E5F-4AEB-48D2-B8C1-FEF6201973F9}.Release|Any CPU.ActiveCfg = Release|Win32
		{6E009E5F-4AEB-48D2-B8C1-FEF6201973F9}.Release|x64.ActiveCfg = Release|Win32
		{6E009E5F-4AEB-48D2-B8C1-FEF6201973F9}.Release|x86.ActiveCfg = Release|Win32
		{6E009E5F-4AEB-48D2-B8C1-FEF6201973F9}.Release|x86.Build.0 = Release|Win32
		{15568B00-A8C3-4BD5-9E99-6DE85274D474}.Debug|Any CPU.ActiveCfg = MP Debug|Win32
		{15568B00-A8C3-4BD5-9E99-6DE85274D474}.Debug|Any CPU.Build.0 = MP Debug|Win32
		{15568B00-A8C3-4BD5-9E99-6DE85274D474}.Debug|x64.ActiveCfg = MP Release|Win32
		{15568B00-A8C3-4BD5-9E99-6DE85274D474}.Debug|x86.ActiveCfg = MP Debug|Win32
		{15568B00-A8C3-4BD5-9E99-6DE85274D474}.Debug|x86.Build.0 = MP Debug|Win32
		{15568B00-A8C3-4BD5-9E99-6DE85274D474}.G1 Debug|Any CPU.ActiveCfg = G1 Debug|Win32
		{15568B00-A8C3-4BD5-9E99-6DE85274D474}.G1 Debug|x64.ActiveCfg = G1 Debug|Win32
		{15568B00-A8C3-4BD5-9E99-6DE85274D474}.G1 Debug|x86.ActiveCfg = G1 Debug|Win32
		{15568B00-A8C3-4BD5-9E99-6DE85274D474}.G1 Debug|x86.Build.0 = G1 Debug|Win32
		{15568B00-A8C3-4BD5-9E99-6DE85274D474}.G1 Release|Any CPU.ActiveCfg = G1 Release|Win32
		{15568B00-A8C3-4BD5-9E99-6DE85274D474}.G1 Release|x64.ActiveCfg = G1 Release|Win32
		{15568B00-A8C3-4BD5-9E99-6DE85274D474}.G1 Release|x86.ActiveCfg = G1 Release|Win32
		{15568B00-A8C3-4BD5-9E99-6DE85274D474}.G1 Release|x86.Build.0 = G1 Release|Win32
		{15568B00-A8C3-4BD5-9E99-6DE85274D474}.G1A Debug|Any CPU.ActiveCfg = G1A Debug|Win32
		{15568B00-A8C3-4BD5-9E99-6DE85274D474}.G1A Debug|x64.ActiveCfg = G1A Debug|Win32
		{15568B00-A8C3-4BD5-9E99-6DE85274D474}.G1A Debug|x86.ActiveCfg = G1A Debug|Win32
		{15568B00-A8C3-4BD5-9E99-6DE85274D474}.G1A Debug|x86.Build.0 = G1A Debug|Win32
		{15568B00-A8C3-4BD5-9E99-6DE85274D474}.G1A Release|Any CPU.ActiveCfg = G1A Release|Win32
		{15568B00-A8C3-4BD5-9E99-6DE85274D474}.G1A Release|x64.ActiveCfg = G1A Release|Win32
		{15568B00-A8C3-4BD5-9E99-6DE85274D474}.G1A Release|x86.ActiveCfg = G1A Release|Win32
		{15568B00-A8C3-4BD5-9E99-6DE85274D474}.G1A Release|x86.Build.0 = G1A Release|Win32
		{15568B00-A8C3-4BD5-9E99-6DE85274D474}.G2 Debug|Any CPU.ActiveCfg = G2 Debug|Win32
		{15568B00-A8C3-4BD5-9E99-6DE85274D474}.G2 Debug|x64.ActiveCfg = G2 Debug|Win32
		{15568B00-A8C3-4BD5-9E99-6DE85274D474}.G2 Debug|x86.ActiveCfg = G2 Debug|Win32
		{15568B00-A8C3-4BD5-9E99-6DE85274D474}.G2 Debug|x86.Build.0 = G2 Debug|Win32
		{15568B00-A8C3-4BD5-9E99-6DE85274D474}.G2 Release|Any CPU.ActiveCfg = G2 Release|Win32
		{15568B00-A8C3-4BD5-9E99-6DE85274D474}.G2 Release|x64.ActiveCfg = G2 Release|Win32
		{15568B00-A8C3-4BD5-9E99-6DE85274D474}.G2 Release|x86.ActiveCfg = G2 Release|Win32
		{15568B00-A8C3-4BD5-9E99-6DE85274D474}.G2 Release|x86.Build.0 = G2 Release|Win32
		{15568B00-A8C3-4BD5-9E99-6DE85274D474}.G2A Debug|Any CPU.ActiveCfg = G2A Debug|Win32
		{15568B00-A8C3-4BD5-9E99-6DE85274D474}.G2A Debug|x64.ActiveCfg = G2A Debug|Win32
		{15568B00-A8C3-4BD5-9E99-6DE85274D474}.G2A Debug|x86.ActiveCfg = G2A Debug|Win32
		{15568B00-A8C3-4BD5-9E99-6DE85274D474}.G2A Debug|x86.Build.0 = G2A Debug|Win32
		{15568B00-A8C3-4BD5-9E99-6DE85274D474}.G2A Release|Any CPU.ActiveCfg = G2A Release|Win32
		{15568B00-A8C3-4BD5-9E99-6DE85274D474}.G2A Release|x64.ActiveCfg = G2A Release|Win32
		{15568B00-A8C3-4BD5-9E99-6DE85274D474}.G2A Release|x86.ActiveCfg = G2A Release|Win32
		{15568B00-A8C3-4BD5-9E99-6DE85274D474}.G2A Release|x86.Build.0 = G2A Release|Win32
		{15568B00-A8C3-4BD5-9E99-6DE85274D474}.MP Debug|Any CPU.ActiveCfg = MP Debug|Win32
		{15568B00-A8C3-4BD5-9E99-6DE85274D474}.MP Debug|x64.ActiveCfg = MP Debug|Win32
		{15568B00-A8C3-4BD5-9E99-6DE85274D474}.MP Debug|x86.ActiveCfg = MP Debug|Win32
		{15568B00-A8C3-4BD5-9E99-6DE85274D474}.MP Debug|x86.Build.0 = MP Debug|Win32
		{15568B00-A8C3-4BD5-9E99-6DE85274D474}.MP Release|Any CPU.ActiveCfg = MP Release|Win32
		{15568B00-A8C3-4BD5-9E99-6DE85274D474}.MP Release|x64.ActiveCfg = MP Release|Win32
		{15568B00-A8C3-4BD5-9E99-6DE85274D474}.MP Release|x86.ActiveCfg = MP Release|Win32
		{15568B00-A8C3-4BD5-9E99-6DE85274D474}.MP Release|x86.Build.0 = MP Release|Win32
		{15568B00-A8C3-4BD5-9E99-6DE85274D474}.Release|Any CPU.ActiveCfg = MP Debug|Win32
		{15568B00-A8C3-4BD5-9E99-6DE85274D474}.Release|Any CPU.Build.0 = MP Debug|Win32
		{15568B00-A8C3-4BD5-9E99-6DE85274D474}.Release|x64.ActiveCfg = MP Release|Win32
		{15568B00-A8C3-4BD5-9E99-6DE85274D474}.Release|x86.ActiveCfg = MP Release|Win32
		{15568B00-A8C3-4BD5-9E99-6DE85274D474}.Release|x86.Build.0 = MP Release|Win32
		{F1214AC4-7D94-481D-A39E-C1D31D218ADF}.Debug|Any CPU.ActiveCfg = Debug|Win32
		{F1214AC4-7D94-481D-A39E-C1D31D218ADF}.Debug|x64.ActiveCfg = Debug|Win32
		{F1214AC4-7D94-481D-A39E-C1D31D218ADF}.Debug|x86.ActiveCfg = Debug|Win32
		{F1214AC4-7D94-481D-A39E-C1D31D218ADF}.Debug|x86.Build.0 = Debug|Win32
		{F1214AC4-7D94-481D-A39E-C1D31D218ADF}.G1 Debug|Any CPU.ActiveCfg = G1 Debug|Win32
		{F1214AC4-7D94-481D-A39E-C1D31D218ADF}.G1 Debug|x64.ActiveCfg = G1 Debug|Win32
		{F1214AC4-7D94-481D-A39E-C1D31D218ADF}.G1 Debug|x86.ActiveCfg = G1 Debug|Win32
		{F1214AC4-7D94-481D-A39E-C1D31D218ADF}.G1 Debug|x86.Build.0 = G1 Debug|Win32
		{F1214AC4-7D94-481D-A39E-C1D31D218ADF}.G1 Release|Any CPU.ActiveCfg = G1 Release|Win32
		{F1214AC4-7D94-481D-A39E-C1D31D218ADF}.G1 Release|x64.ActiveCfg = G1 Release|Win32
		{F1214AC4-7D94-481D-A39E-C1D31D218ADF}.G1 Release|x86.ActiveCfg = G1 Release|Win32
		{F1214AC4-7D94-481D-A39E-C1D31D218ADF}.G1 Release|x86.Build.0 = G1 Release|Win32
		{F1214AC4-7D94-481D-A39E-C1D31D218ADF}.G1A Debug|Any CPU.ActiveCfg = G1A Debug|Win32
		{F1214AC4-7D94-481D-A39E-C1D31D218ADF}.G1A Debug|x64.ActiveCfg = G1A Debug|Win32
		{F1214AC4-7D94-481D-A39E-C1D31D218ADF}.G1A Debug|x86.ActiveCfg = G1A Debug|Win32
		{F1214AC4-7D94-481D-A39E-C1D31D218ADF}.G1A Debug|x86.Build.0 = G1A Debug|Win32
		{F1214AC4-7D94-481D-A39E-C1D31D218ADF}.G1A Release|Any CPU.ActiveCfg = G1A Release|Win32
		{F1214AC4-7D94-481D-A39E-C1D31D218ADF}.G1A Release|x64.ActiveCfg = G1A Release|Win32
		{F1214AC4-7D94-481D-A39E-C1D31D218ADF}.G1A Release|x86.ActiveCfg = G1A Release|Win32
		{F1214AC4-7D94-481D-A39E-C1D31D218ADF}.G1A Release|x86.Build.0 = G1A Release|Win32
		{F1214AC4-7D94-481D-A39E-C1D31D218ADF}.G2 Debug|Any CPU.ActiveCfg = G2 Debug|Win32
		{F1214AC4-7D94-481D-A39E-C1D31D218ADF}.G2 Debug|x64.ActiveCfg = G2 Debug|Win32
		{F1214AC4-7D94-481D-A39E-C1D31D218ADF}.G2 Debug|x86.ActiveCfg = G2 Debug|Win32
		{F1214AC4-7D94-481D-A39E-C1D31D218ADF}.G2 Debug|x86.Build.0 = G2 Debug|Win32
		{F1214AC4-7D94-481D-A39E-C1D31D218ADF}.G2 Release|Any CPU.ActiveCfg = G2 Release|Win32
		{F1214AC4-7D94-481D-A39E-C1D31D218ADF}.G2 Release|x64.ActiveCfg = G2 Release|Win32
		{F1214AC4-7D94-481D-A39E-C1D31D218ADF}.G2 Release|x86.ActiveCfg = G2 Release|Win32
		{F1214AC4-7D94-481D-A39E-C1D31D218ADF}.G2 Release|x86.Build.0 = G2 Release|Win32
		{F1214AC4-7D94-481D-A39E-C1D31D218ADF}.G2A Debug|Any CPU.ActiveCfg = G2A Debug|Win32
		{F1214AC4-7D94-481D-A39E-C1D31D218ADF}.G2A Debug|x64.ActiveCfg = G2A Debug|Win32
		{F1214AC4-7D94-481D-A39E-C1D31D218ADF}.G2A Debug|x86.ActiveCfg = G2A Debug|Win32
		{F1214AC4-7D94-481D-A39E-C1D31D218ADF}.G2A Debug|x86.Build.0 = G2A Debug|Win32
		{F1214AC4-7D94-481D-A39E-C1D31D218ADF}.G2A Release|Any CPU.ActiveCfg = G2A Release|Win32
		{F1214AC4-7D94-481D-A39E-C1D31D218ADF}.G2A Release|x64.ActiveCfg = G2A Release|Win32
		{F1214AC4-7D94-481D-A39E-C1D31D218ADF}.G2A Release|x86.ActiveCfg = G2A Release|Win32
		{F1214AC4-7D94-481D-A39E-C1D31D218ADF}.G2A Release|x86.Build.0 = G2A Release|Win32
		{F1214AC4-7D94-481D-A39E-C1D31D218ADF}.MP Debug|Any CPU.ActiveCfg = Debug|Win32
		{F1214AC4-7D94-481D-A39E-C1D31D218ADF}.MP Debug|Any CPU.Build.0 = Debug|Win32
		{F1214AC4-7D94-481D-A39E-C1D31D218ADF}.MP Debug|x64.ActiveCfg = Release|Win32
		{F1214AC4-7D94-481D-A39E-C1D31D218ADF}.MP Debug|x86.ActiveCfg = Debug|Win32
		{F1214AC4-7D94-481D-A39E-C1D31D218ADF}.MP Debug|x86.Build.0 = Debug|Win32
		{F1214AC4-7D94-481D-A39E-C1D31D218ADF}.MP Release|Any CPU.ActiveCfg = Debug|Win32
		{F1214AC4-7D94-481D-A39E-C1D31D218ADF}.MP Release|Any CPU.Build.0 = Debug|Win32
		{F1214AC4-7D94-481D-A39E-C1D31D218ADF}.MP Release|x64.ActiveCfg = Release|Win32
		{F1214AC4-7D94-481D-A39E-C1D31D218ADF}.MP Release|x86.ActiveCfg = Release|Win32
		{F1214AC4-7D94-481D-A39E-C1D31D218ADF}.MP Release|x86.Build.0 = Release|Win32
		{F1214AC4-7D94-481D-A39E-C1D31D218ADF}.Release|Any CPU.ActiveCfg = Release|Win32
		{F1214AC4-7D94-481D-A39E-C1D31D218ADF}.Release|x64.ActiveCfg = Release|Win32
		{F1214AC4-7D94-481D-A39E-C1D31D218ADF}.Release|x86.ActiveCfg = Release|Win32
		{F1214AC4-7D94-481D-A39E-C1D31D218ADF}.Release|x86.Build.0 = Release|Win32
		{47DE1A54-232B-4BA3-B239-D4547E1FF697}.Debug|Any CPU.ActiveCfg = Debug|Win32
		{47DE1A54-232B-4BA3-B239-D4547E1FF697}.Debug|x64.ActiveCfg = Debug|x64
		{47DE1A54-232B-4BA3-B239-D4547E1FF697}.Debug|x64.Build.0 = Debug|x64
		{47DE1A54-232B-4BA3-B239-D4547E1FF697}.Debug|x86.ActiveCfg = Debug|Win32
		{47DE1A54-232B-4BA3-B239-D4547E1FF697}.Debug|x86.Build.0 = Debug|Win32
		{47DE1A54-232B-4BA3-B239-D4547E1FF697}.G1 Debug|Any CPU.ActiveCfg = Debug|Win32
		{47DE1A54-232B-4BA3-B239-D4547E1FF697}.G1 Debug|Any CPU.Build.0 = Debug|Win32
		{47DE1A54-232B-4BA3-B239-D4547E1FF697}.G1 Debug|x64.ActiveCfg = Debug|x64
		{47DE1A54-232B-4BA3-B239-D4547E1FF697}.G1 Debug|x64.Build.0 = Debug|x64
		{47DE1A54-232B-4BA3-B239-D4547E1FF697}.G1 Debug|x86.ActiveCfg = Debug|Win32
		{47DE1A54-232B-4BA3-B239-D4547E1FF697}.G1 Debug|x86.Build.0 = Debug|Win32
		{47DE1A54-232B-4BA3-B239-D4547E1FF697}.G1 Release|Any CPU.ActiveCfg = Debug|Win32
		{47DE1A54-232B-4BA3-B239-D4547E1FF697}.G1 Release|Any CPU.Build.0 = Debug|Win32
		{47DE1A54-232B-4BA3-B239-D4547E1FF697}.G1 Release|x64.ActiveCfg = Release|x64
		{47DE1A54-232B-4BA3-B239-D4547E1FF697}.G1 Release|x64.Build.0 = Release|x64
		{47DE1A54-232B-4BA3-B239-D4547E1FF697}.G1 Release|x86.ActiveCfg = Release|Win32
		{47DE1A54-232B-4BA3-B239-D4547E1FF697}.G1 Release|x86.Build.0 = Release|Win32
		{47DE1A54-232B-4BA3-B239-D4547E1FF697}.G1A Debug|Any CPU.ActiveCfg = Debug|Win32
		{47DE1A54-232B-4BA3-B239-D4547E1FF697}.G1A Debug|Any CPU.Build.0 = Debug|Win32
		{47DE1A54-232B-4BA3-B239-D4547E1FF697}.G1A Debug|x64.ActiveCfg = Debug|x64
		{47DE1A54-232B-4BA3-B239-D4547E1FF697}.G1A Debug|x64.Build.0 = Debug|x64
		{47DE1A54-232B-4BA3-B239-D4547E1FF697}.G1A Debug|x86.ActiveCfg = Debug|Win32
		{47DE1A54-232B-4BA3-B239-D4547E1FF697}.G1A Debug|x86.Build.0 = Debug|Win32
		{47DE1A54-232B-4BA3-B239-D4547E1FF697}.G1A Release|Any CPU.ActiveCfg = Debug|Win32
		{47DE1A54-232B-4BA3-B239-D4547E1FF697}.G1A Release|Any CPU.Build.0 = Debug|Win32
		{47DE1A54-232B-4BA3-B239-D4547E1FF697}.G1A Release|x64.ActiveCfg = Release|x64
		{47DE1A54-232B-4BA3-B239-D4547E1FF697}.G1A Release|x64.Build.0 = Release|x64
		{47DE1A54-232B-4BA3-B239-D4547E1FF697}.G1A Release|x86.ActiveCfg = Release|Win32
		{47DE1A54-232B-4BA3-B239-D4547E1FF697}.G1A Release|x86.Build.0 = Release|Win32
		{47DE1A54-232B-4BA3-B239-D4547E1FF697}.G2 Debug|Any CPU.ActiveCfg = Debug|Win32
		{47DE1A54-232B-4BA3-B239-D4547E1FF697}.G2 Debug|Any CPU.Build.0 = Debug|Win32
		{47DE1A54-232B-4BA3-B239-D4547E1FF697}.G2 Debug|x64.ActiveCfg = Debug|x64
		{47DE1A54-232B-4BA3-B239-D4547E1FF697}.G2 Debug|x64.Build.0 = Debug|x64
		{47DE1A54-232B-4BA3-B239-D4547E1FF697}.G2 Debug|x86.ActiveCfg = Debug|Win32
		{47DE1A54-232B-4BA3-B239-D4547E1FF697}.G2 Debug|x86.Build.0 = Debug|Win32
		{47DE1A54-232B-4BA3-B239-D4547E1FF697}.G2 Release|Any CPU.ActiveCfg = Debug|Win32
		{47DE1A54-232B-4BA3-B239-D4547E1FF697}.G2 Release|Any CPU.Build.0 = Debug|Win32
		{47DE1A54-232B-4BA3-B239-D4547E1FF697}.G2 Release|x64.ActiveCfg = Release|x64
		{47DE1A54-232B-4BA3-B239-D4547E1FF697}.G2 Release|x64.Build.0 = Release|x64
		{47DE1A54-232B-4BA3-B239-D4547E1FF697}.G2 Release|x86.ActiveCfg = Release|Win32
		{47DE1A54-232B-4BA3-B239-D4547E1FF697}.G2 Release|x86.Build.0 = Release|Win32
		{47DE1A54-232B-4BA3-B239-D4547E1FF697}.G2A Debug|Any CPU.ActiveCfg = Debug|Win32
		{47DE1A54-232B-4BA3-B239-D4547E1FF697}.G2A Debug|Any CPU.Build.0 = Debug|Win32
		{47DE1A54-232B-4BA3-B239-D4547E1FF697}.G2A Debug|x64.ActiveCfg = Debug|x64
		{47DE1A54-232B-4BA3-B239-D4547E1FF697}.G2A Debug|x64.Build.0 = Debug|x64
		{47DE1A54-232B-4BA3-B239-D4547E1FF697}.G2A Debug|x86.ActiveCfg = Debug|Win32
		{47DE1A54-232B-4BA3-B239-D4547E1FF697}.G2A Debug|x86.Build.0 = Debug|Win32
		{47DE1A54-232B-4BA3-B239-D4547E1FF697}.G2A Release|Any CPU.ActiveCfg = Debug|Win32
		{47DE1A54-232B-4BA3-B239-D4547E1FF697}.G2A Release|Any CPU.Build.0 = Debug|Win32
		{47DE1A54-232B-4BA3-B239-D4547E1FF697}.G2A Release|x64.ActiveCfg = Release|x64
		{47DE1A54-232B-4BA3-B239-D4547E1FF697}.G2A Release|x64.Build.0 = Release|x64
		{47DE1A54-232B-4BA3-B239-D4547E1FF697}.G2A Release|x86.ActiveCfg = Release|Win32
		{47DE1A54-232B-4BA3-B239-D4547E1FF697}.G2A Release|x86.Build.0 = Release|Win32
		{47DE1A54-232B-4BA3-B239-D4547E1FF697}.MP Debug|Any CPU.ActiveCfg = Debug|Win32
		{47DE1A54-232B-4BA3-B239-D4547E1FF697}.MP Debug|Any CPU.Build.0 = Debug|Win32
		{47DE1A54-232B-4BA3-B239-D4547E1FF697}.MP Debug|x64.ActiveCfg = Debug|x64
		{47DE1A54-232B-4BA3-B239-D4547E1FF697}.MP Debug|x64.Build.0 = Debug|x64
		{47DE1A54-232B-4BA3-B239-D4547E1FF697}.MP Debug|x86.ActiveCfg = Debug|Win32
		{47DE1A54-232B-4BA3-B239-D4547E1FF697}.MP Debug|x86.Build.0 = Debug|Win32
		{47DE1A54-232B-4BA3-B239-D4547E1FF697}.MP Release|Any CPU.ActiveCfg = Debug|Win32
		{47DE1A54-232B-4BA3-B239-D4547E1FF697}.MP Release|Any CPU.Build.0 = Debug|Win32
		{47DE1A54-232B-4BA3-B239-D4547E1FF697}.MP Release|x64.ActiveCfg = Release|x64
		{47DE1A54-232B-4BA3-B239-D4547E1FF697}.MP Release|x64.Build.0 = Release|x64
		{47DE1A54-232B-4BA3-B239-D4547E1FF697}.MP Release|x86.ActiveCfg = Release|Win32
		{47DE1A54-232B-4BA3-B239-D4547E1FF697}.MP Release|x86.Build.0 = Release|Win32
		{47DE1A54-232B-4BA3-B239-D4547E1FF697}.Release|Any CPU.ActiveCfg = Release|Win32
		{47DE1A54-232B-4BA3-B239-D4547E1FF697}.Release|x64.ActiveCfg = Release|x64
		{47DE1A54-232B-4BA3-B239-D4547E1FF697}.Release|x64.Build.0 = Release|x64
		{47DE1A54-232B-4BA3-B239-D4547E1FF697}.Release|x86.ActiveCfg = Release|Win32
		{47DE1A54-232B-4BA3-B239-D4547E1FF697}.Release|x86.Build.0 = Release|Win32
		{C431AFC7-B188-4D94-8135-75A432F9FB2C}.Debug|Any CPU.ActiveCfg = Debug|Win32
		{C431AFC7-B188-4D94-8135-75A432F9FB2C}.Debug|x64.ActiveCfg = Debug|Win32
		{C431AFC7-B188-4D94-8135-75A432F9FB2C}.Debug|x86.ActiveCfg = Debug|Win32
		{C431AFC7-B188-4D94-8135-75A432F9FB2C}.Debug|x86.Build.0 = Debug|Win32
		{C431AFC7-B188-4D94-8135-75A432F9FB2C}.G1 Debug|Any CPU.ActiveCfg = G1 Debug|Win32
		{C431AFC7-B188-4D94-8135-75A432F9FB2C}.G1 Debug|x64.ActiveCfg = G1 Debug|Win32
		{C431AFC7-B188-4D94-8135-75A432F9FB2C}.G1 Debug|x86.ActiveCfg = G1 Debug|Win32
		{C431AFC7-B188-4D94-8135-75A432F9FB2C}.G1 Debug|x86.Build.0 = G1 Debug|Win32
		{C431AFC7-B188-4D94-8135-75A432F9FB2C}.G1 Release|Any CPU.ActiveCfg = G1 Release|Win32
		{C431AFC7-B188-4D94-8135-75A432F9FB2C}.G1 Release|x64.ActiveCfg = G1 Release|Win32
		{C431AFC7-B188-4D94-8135-75A432F9FB2C}.G1 Release|x86.ActiveCfg = G1 Release|Win32
		{C431AFC7-B188-4D94-8135-75A432F9FB2C}.G1 Release|x86.Build.0 = G1 Release|Win32
		{C431AFC7-B188-4D94-8135-75A432F9FB2C}.G1A Debug|Any CPU.ActiveCfg = G1A Debug|Win32
		{C431AFC7-B188-4D94-8135-75A432F9FB2C}.G1A Debug|x64.ActiveCfg = G1A Debug|Win32
		{C431AFC7-B188-4D94-8135-75A432F9FB2C}.G1A Debug|x86.ActiveCfg = G1A Debug|Win32
		{C431AFC7-B188-4D94-8135-75A432F9FB2C}.G1A Debug|x86.Build.0 = G1A Debug|Win32
		{C431AFC7-B188-4D94-8135-75A432F9FB2C}.G1A Release|Any CPU.ActiveCfg = G1A Release|Win32
		{C431AFC7-B188-4D94-8135-75A432F9FB2C}.G1A Release|x64.ActiveCfg = G1A Release|Win32
		{C431AFC7-B188-4D94-8135-75A432F9FB2C}.G1A Release|x86.ActiveCfg = G1A Release|Win32
		{C431AFC7-B188-4D94-8135-75A432F9FB2C}.G1A Release|x86.Build.0 = G1A Release|Win32
		{C431AFC7-B188-4D94-8135-75A432F9FB2C}.G2 Debug|Any CPU.ActiveCfg = G2 Debug|Win32
		{C431AFC7-B188-4D94-8135-75A432F9FB2C}.G2 Debug|x64.ActiveCfg = G2 Debug|Win32
		{C431AFC7-B188-4D94-8135-75A432F9FB2C}.G2 Debug|x86.ActiveCfg = G2 Debug|Win32
		{C431AFC7-B188-4D94-8135-75A432F9FB2C}.G2 Debug|x86.Build.0 = G2 Debug|Win32
		{C431AFC7-B188-4D94-8135-75A432F9FB2C}.G2 Release|Any CPU.ActiveCfg = G2 Release|Win32
		{C431AFC7-B188-4D94-8135-75A432F9FB2C}.G2 Release|x64.ActiveCfg = G2 Release|Win32
		{C431AFC7-B188-4D94-8135-75A432F9FB2C}.G2 Release|x86.ActiveCfg = G2 Release|Win32
		{C431AFC7-B188-4D94-8135-75A432F9FB2C}.G2 Release|x86.Build.0 = G2 Release|Win32
		{C431AFC7-B188-4D94-8135-75A432F9FB2C}.G2A Debug|Any CPU.ActiveCfg = G2A Debug|Win32
		{C431AFC7-B188-4D94-8135-75A432F9FB2C}.G2A Debug|x64.ActiveCfg = G2A Debug|Win32
		{C431AFC7-B188-4D94-8135-75A432F9FB2C}.G2A Debug|x86.ActiveCfg = G2A Debug|Win32
		{C431AFC7-B188-4D94-8135-75A432F9FB2C}.G2A Debug|x86.Build.0 = G2A Debug|Win32
		{C431AFC7-B188-4D94-8135-75A432F9FB2C}.G2A Release|Any CPU.ActiveCfg = G2A Release|Win32
		{C431AFC7-B188-4D94-8135-75A432F9FB2C}.G2A Release|x64.ActiveCfg = G2A Release|Win32
		{C431AFC7-B188-4D94-8135-75A432F9FB2C}.G2A Release|x86.ActiveCfg = G2A Release|Win32
		{C431AFC7-B188-4D94-8135-75A432F9FB2C}.G2A Release|x86.Build.0 = G2A Release|Win32
		{C431AFC7-B188-4D94-8135-75A432F9FB2C}.MP Debug|Any CPU.ActiveCfg = Debug|Win32
		{C431AFC7-B188-4D94-8135-75A432F9FB2C}.MP Debug|Any CPU.Build.0 = Debug|Win32
		{C431AFC7-B188-4D94-8135-75A432F9FB2C}.MP Debug|x64.ActiveCfg = Debug|Win32
		{C431AFC7-B188-4D94-8135-75A432F9FB2C}.MP Debug|x64.Build.0 = Debug|Win32
		{C431AFC7-B188-4D94-8135-75A432F9FB2C}.MP Debug|x86.ActiveCfg = Debug|Win32
		{C431AFC7-B188-4D94-8135-75A432F9FB2C}.MP Debug|x86.Build.0 = Debug|Win32
		{C431AFC7-B188-4D94-8135-75A432F9FB2C}.MP Release|Any CPU.ActiveCfg = Debug|Win32
		{C431AFC7-B188-4D94-8135-75A432F9FB2C}.MP Release|Any CPU.Build.0 = Debug|Win32
		{C431AFC7-B188-4D94-8135-75A432F9FB2C}.MP Release|x64.ActiveCfg = Debug|Win32
		{C431AFC7-B188-4D94-8135-75A432F9FB2C}.MP Release|x64.Build.0 = Debug|Win32
		{C431AFC7-B188-4D94-8135-75A432F9FB2C}.MP Release|x86.ActiveCfg = Release|Win32
		{C431AFC7-B188-4D94-8135-75A432F9FB2C}.MP Release|x86.Build.0 = Release|Win32
		{C431AFC7-B188-4D94-8135-75A432F9FB2C}.Release|Any CPU.ActiveCfg = Release|Win32
		{C431AFC7-B188-4D94-8135-75A432F9FB2C}.Release|x64.ActiveCfg = Release|Win32
		{C431AFC7-B188-4D94-8135-75A432F9FB2C}.Release|x86.ActiveCfg = Release|Win32
		{C431AFC7-B188-4D94-8135-75A432F9FB2C}.Release|x86.Build.0 = Release|Win32
		{549CDE9B-C275-4DE2-9F10-F1925963CEB3}.Debug|Any CPU.ActiveCfg = Debug|Win32
		{549CDE9B-C275-4DE2-9F10-F1925963CEB3}.Debug|x64.ActiveCfg = Debug|x64
		{549CDE9B-C275-4DE2-9F10-F1925963CEB3}.Debug|x64.Build.0 = Debug|x64
		{549CDE9B-C275-4DE2-9F10-F1925963CEB3}.Debug|x86.ActiveCfg = Debug|Win32
		{549CDE9B-C275-4DE2-9F10-F1925963CEB3}.Debug|x86.Build.0 = Debug|Win32
		{549CDE9B-C275-4DE2-9F10-F1925963CEB3}.G1 Debug|Any CPU.ActiveCfg = Debug|Win32
		{549CDE9B-C275-4DE2-9F10-F1925963CEB3}.G1 Debug|Any CPU.Build.0 = Debug|Win32
		{549CDE9B-C275-4DE2-9F10-F1925963CEB3}.G1 Debug|x64.ActiveCfg = Debug|x64
		{549CDE9B-C275-4DE2-9F10-F1925963CEB3}.G1 Debug|x64.Build.0 = Debug|x64
		{549CDE9B-C275-4DE2-9F10-F1925963CEB3}.G1 Debug|x86.ActiveCfg = Debug|Win32
		{549CDE9B-C275-4DE2-9F10-F1925963CEB3}.G1 Debug|x86.Build.0 = Debug|Win32
		{549CDE9B-C275-4DE2-9F10-F1925963CEB3}.G1 Release|Any CPU.ActiveCfg = Debug|Win32
		{549CDE9B-C275-4DE2-9F10-F1925963CEB3}.G1 Release|Any CPU.Build.0 = Debug|Win32
		{549CDE9B-C275-4DE2-9F10-F1925963CEB3}.G1 Release|x64.ActiveCfg = Release|x64
		{549CDE9B-C275-4DE2-9F10-F1925963CEB3}.G1 Release|x64.Build.0 = Release|x64
		{549CDE9B-C275-4DE2-9F10-F1925963CEB3}.G1 Release|x86.ActiveCfg = Release|Win32
		{549CDE9B-C275-4DE2-9F10-F1925963CEB3}.G1 Release|x86.Build.0 = Release|Win32
		{549CDE9B-C275-4DE2-9F10-F1925963CEB3}.G1A Debug|Any CPU.ActiveCfg = Debug|Win32
		{549CDE9B-C275-4DE2-9F10-F1925963CEB3}.G1A Debug|Any CPU.Build.0 = Debug|Win32
		{549CDE9B-C275-4DE2-9F10-F1925963CEB3}.G1A Debug|x64.ActiveCfg = Debug|x64
		{549CDE9B-C275-4DE2-9F10-F1925963CEB3}.G1A Debug|x64.Build.0 = Debug|x64
		{549CDE9B-C275-4DE2-9F10-F1925963CEB3}.G1A Debug|x86.ActiveCfg = Debug|Win32
		{549CDE9B-C275-4DE2-9F10-F1925963CEB3}.G1A Debug|x86.Build.0 = Debug|Win32
		{549CDE9B-C275-4DE2-9F10-F1925963CEB3}.G1A Release|Any CPU.ActiveCfg = Debug|Win32
		{549CDE9B-C275-4DE2-9F10-F1925963CEB3}.G1A Release|Any CPU.Build.0 = Debug|Win32
		{549CDE9B-C275-4DE2-9F10-F1925963CEB3}.G1A Release|x64.ActiveCfg = Release|x64
		{549CDE9B-C275-4DE2-9F10-F1925963CEB3}.G1A Release|x64.Build.0 = Release|x64
		{549CDE9B-C275-4DE2-9F10-F1925963CEB3}.G1A Release|x86.ActiveCfg = Release|Win32
		{549CDE9B-C275-4DE2-9F10-F1925963CEB3}.G1A Release|x86.Build.0 = Release|Win32
		{549CDE9B-C275-4DE2-9F10-F1925963CEB3}.G2 Debug|Any CPU.ActiveCfg = Debug|Win32
		{549CDE9B-C275-4DE2-9F10-F1925963CEB3}.G2 Debug|Any CPU.Build.0 = Debug|Win32
		{549CDE9B-C275-4DE2-9F10-F1925963CEB3}.G2 Debug|x64.ActiveCfg = Debug|x64
		{549CDE9B-C275-4DE2-9F10-F1925963CEB3}.G2 Debug|x64.Build.0 = Debug|x64
		{549CDE9B-C275-4DE2-9F10-F1925963CEB3}.G2 Debug|x86.ActiveCfg = Debug|Win32
		{549CDE9B-C275-4DE2-9F10-F1925963CEB3}.G2 Debug|x86.Build.0 = Debug|Win32
		{549CDE9B-C275-4DE2-9F10-F1925963CEB3}.G2 Release|Any CPU.ActiveCfg = Debug|Win32
		{549CDE9B-C275-4DE2-9F10-F1925963CEB3}.G2 Release|Any CPU.Build.0 = Debug|Win32
		{549CDE9B-C275-4DE2-9F10-F1925963CEB3}.G2 Release|x64.ActiveCfg = Release|x64
		{549CDE9B-C275-4DE2-9F10-F1925963CEB3}.G2 Release|x64.Build.0 = Release|x64
		{549CDE9B-C275-4DE2-9F10-F1925963CEB3}.G2 Release|x86.ActiveCfg = Release|Win32
		{549CDE9B-C275-4DE2-9F10-F1925963CEB3}.G2 Release|x86.Build.0 = Release|Win32
		{549CDE9B-C275-4DE2-9F10-F1925963CEB3}.G2A Debug|Any CPU.ActiveCfg = Debug|Win32
		{549CDE9B-C275-4DE2-9F10-F1925963CEB3}.G2A Debug|Any CPU.Build.0 = Debug|Win32
		{549CDE9B-C275-4DE2-9F10-F1925963CEB3}.G2A Debug|x64.ActiveCfg = Debug|x64
		{549CDE9B-C275-4DE2-9F10-F1925963CEB3}.G2A Debug|x64.Build.0 = Debug|x64
		{549CDE9B-C275-4DE2-9F10-F1925963CEB3}.G2A Debug|x86.ActiveCfg = Debug|Win32
		{549CDE9B-C275-4DE2-9F10-F1925963CEB3}.G2A Debug|x86.Build.0 = Debug|Win32
		{549CDE9B-C275-4DE2-9F10-F1925963CEB3}.G2A Release|Any CPU.ActiveCfg = Debug|Win32
		{549CDE9B-C275-4DE2-9F10-F1925963CEB3}.G2A Release|Any CPU.Build.0 = Debug|Win32
		{549CDE9B-C275-4DE2-9F10-F1925963CEB3}.G2A Release|x64.ActiveCfg = Release|x64
		{549CDE9B-C275-4DE2-9F10-F1925963CEB3}.G2A Release|x64.Build.0 = Release|x64
		{549CDE9B-C275-4DE2-9F10-F1925963CEB3}.G2A Release|x86.ActiveCfg = Release|Win32
		{549CDE9B-C275-4DE2-9F10-F1925963CEB3}.G2A Release|x86.Build.0 = Release|Win32
		{549CDE9B-C275-4DE2-9F10-F1925963CEB3}.MP Debug|Any CPU.ActiveCfg = Debug|Win32
		{549CDE9B-C275-4DE2-9F10-F1925963CEB3}.MP Debug|Any CPU.Build.0 = Debug|Win32
		{549CDE9B-C275-4DE2-9F10-F1925963CEB3}.MP Debug|x64.ActiveCfg = Debug|x64
		{549CDE9B-C275-4DE2-9F10-F1925963CEB3}.MP Debug|x64.Build.0 = Debug|x64
		{549CDE9B-C275-4DE2-9F10-F1925963CEB3}.MP Debug|x86.ActiveCfg = Debug|Win32
		{549CDE9B-C275-4DE2-9F10-F1925963CEB3}.MP Debug|x86.Build.0 = Debug|Win32
		{549CDE9B-C275-4DE2-9F10-F1925963CEB3}.MP Release|Any CPU.ActiveCfg = Debug|Win32
		{549CDE9B-C275-4DE2-9F10-F1925963CEB3}.MP Release|Any CPU.Build.0 = Debug|Win32
		{549CDE9B-C275-4DE2-9F10-F1925963CEB3}.MP Release|x64.ActiveCfg = Release|x64
		{549CDE9B-C275-4DE2-9F10-F1925963CEB3}.MP Release|x64.Build.0 = Release|x64
		{549CDE9B-C275-4DE2-9F10-F1925963CEB3}.MP Release|x86.ActiveCfg = Release|Win32
		{549CDE9B-C275-4DE2-9F10-F1925963CEB3}.MP Release|x86.Build.0 = Release|Win32
		{549CDE9B-C275-4DE2-9F10-F1925963CEB3}.Release|Any CPU.ActiveCfg = Release|Win32
		{549CDE9B-C275-4DE2-9F10-F1925963CEB3}.Release|x64.ActiveCfg = Release|x64
		{549CDE9B-C275-4DE2-9F10-F1925963CEB3}.Release|x64.Build.0 = Release|x64
		{549CDE9B-C275-4DE2-9F10-F1925963CEB3}.Release|x86.ActiveCfg = Release|Win32
		{549CDE9B-C275-4DE2-9F10-F1925963CEB3}.Release|x86.Build.0 = Release|Win32
		{2D4B1E78-94E0-473B-8DFC-2B05560E5023}.Debug|Any CPU.ActiveCfg = Debug|Win32
		{2D4B1E78-94E0-473B-8DFC-2B05560E5023}.Debug|x64.ActiveCfg = Debug|Win32
		{2D4B1E78-94E0-473B-8DFC-2B05560E5023}.Debug|x86.ActiveCfg = Debug|Win32
		{2D4B1E78-94E0-473B-8DFC-2B05560E5023}.Debug|x86.Build.0 = Debug|Win32
		{2D4B1E78-94E0-473B-8DFC-2B05560E5023}.G1 Debug|Any CPU.ActiveCfg = G1 Debug|Win32
		{2D4B1E78-94E0-473B-8DFC-2B05560E5023}.G1 Debug|x64.ActiveCfg = G1 Debug|Win32
		{2D4B1E78-94E0-473B-8DFC-2B05560E5023}.G1 Debug|x86.ActiveCfg = G1 Debug|Win32
		{2D4B1E78-94E0-473B-8DFC-2B05560E5023}.G1 Debug|x86.Build.0 = G1 Debug|Win32
		{2D4B1E78-94E0-473B-8DFC-2B05560E5023}.G1 Release|Any CPU.ActiveCfg = G1 Release|Win32
		{2D4B1E78-94E0-473B-8DFC-2B05560E5023}.G1 Release|x64.ActiveCfg = G1 Release|Win32
		{2D4B1E78-94E0-473B-8DFC-2B05560E5023}.G1 Release|x86.ActiveCfg = G1 Release|Win32
		{2D4B1E78-94E0-473B-8DFC-2B05560E5023}.G1 Release|x86.Build.0 = G1 Release|Win32
		{2D4B1E78-94E0-473B-8DFC-2B05560E5023}.G1A Debug|Any CPU.ActiveCfg = G1A Debug|Win32
		{2D4B1E78-94E0-473B-8DFC-2B05560E5023}.G1A Debug|x64.ActiveCfg = G1A Debug|Win32
		{2D4B1E78-94E0-473B-8DFC-2B05560E5023}.G1A Debug|x86.ActiveCfg = G1A Debug|Win32
		{2D4B1E78-94E0-473B-8DFC-2B05560E5023}.G1A Debug|x86.Build.0 = G1A Debug|Win32
		{2D4B1E78-94E0-473B-8DFC-2B05560E5023}.G1A Release|Any CPU.ActiveCfg = G1A Release|Win32
		{2D4B1E78-94E0-473B-8DFC-2B05560E5023}.G1A Release|x64.ActiveCfg = G1A Release|Win32
		{2D4B1E78-94E0-473B-8DFC-2B05560E5023}.G1A Release|x86.ActiveCfg = G1A Release|Win32
		{2D4B1E78-94E0-473B-8DFC-2B05560E5023}.G1A Release|x86.Build.0 = G1A Release|Win32
		{2D4B1E78-94E0-473B-8DFC-2B05560E5023}.G2 Debug|Any CPU.ActiveCfg = G2 Debug|Win32
		{2D4B1E78-94E0-473B-8DFC-2B05560E5023}.G2 Debug|x64.ActiveCfg = G2 Debug|Win32
		{2D4B1E78-94E0-473B-8DFC-2B05560E5023}.G2 Debug|x86.ActiveCfg = G2 Debug|Win32
		{2D4B1E78-94E0-473B-8DFC-2B05560E5023}.G2 Debug|x86.Build.0 = G2 Debug|Win32
		{2D4B1E78-94E0-473B-8DFC-2B05560E5023}.G2 Release|Any CPU.ActiveCfg = G2 Release|Win32
		{2D4B1E78-94E0-473B-8DFC-2B05560E5023}.G2 Release|x64.ActiveCfg = G2 Release|Win32
		{2D4B1E78-94E0-473B-8DFC-2B05560E5023}.G2 Release|x86.ActiveCfg = G2 Release|Win32
		{2D4B1E78-94E0-473B-8DFC-2B05560E5023}.G2 Release|x86.Build.0 = G2 Release|Win32
		{2D4B1E78-94E0-473B-8DFC-2B05560E5023}.G2A Debug|Any CPU.ActiveCfg = G2A Debug|Win32
		{2D4B1E78-94E0-473B-8DFC-2B05560E5023}.G2A Debug|x64.ActiveCfg = G2A Debug|Win32
		{2D4B1E78-94E0-473B-8DFC-2B05560E5023}.G2A Debug|x86.ActiveCfg = G2A Debug|Win32
		{2D4B1E78-94E0-473B-8DFC-2B05560E5023}.G2A Debug|x86.Build.0 = G2A Debug|Win32
		{2D4B1E78-94E0-473B-8DFC-2B05560E5023}.G2A Release|Any CPU.ActiveCfg = G2A Release|Win32
		{2D4B1E78-94E0-473B-8DFC-2B05560E5023}.G2A Release|x64.ActiveCfg = G2A Release|Win32
		{2D4B1E78-94E0-473B-8DFC-2B05560E5023}.G2A Release|x86.ActiveCfg = G2A Release|Win32
		{2D4B1E78-94E0-473B-8DFC-2B05560E5023}.G2A Release|x86.Build.0 = G2A Release|Win32
		{2D4B1E78-94E0-473B-8DFC-2B05560E5023}.MP Debug|Any CPU.ActiveCfg = Debug|Win32
		{2D4B1E78-94E0-473B-8DFC-2B05560E5023}.MP Debug|Any CPU.Build.0 = Debug|Win32
		{2D4B1E78-94E0-473B-8DFC-2B05560E5023}.MP Debug|x64.ActiveCfg = Debug|Win32
		{2D4B1E78-94E0-473B-8DFC-2B05560E5023}.MP Debug|x64.Build.0 = Debug|Win32
		{2D4B1E78-94E0-473B-8DFC-2B05560E5023}.MP Debug|x86.ActiveCfg = Debug|Win32
		{2D4B1E78-94E0-473B-8DFC-2B05560E5023}.MP Debug|x86.Build.0 = Debug|Win32
		{2D4B1E78-94E0-473B-8DFC-2B05560E5023}.MP Release|Any CPU.ActiveCfg = Debug|Win32
		{2D4B1E78-94E0-473B-8DFC-2B05560E5023}.MP Release|Any CPU.Build.0 = Debug|Win32
		{2D4B1E78-94E0-473B-8DFC-2B05560E5023}.MP Release|x64.ActiveCfg = Debug|Win32
		{2D4B1E78-94E0-473B-8DFC-2B05560E5023}.MP Release|x64.Build.0 = Debug|Win32
		{2D4B1E78-94E0-473B-8DFC-2B05560E5023}.MP Release|x86.ActiveCfg = Release|Win32
		{2D4B1E78-94E0-473B-8DFC-2B05560E5023}.MP Release|x86.Build.0 = Release|Win32
		{2D4B1E78-94E0-473B-8DFC-2B05560E5023}.Release|Any CPU.ActiveCfg = Release|Win32
		{2D4B1E78-94E0-473B-8DFC-2B05560E5023}.Release|x64.ActiveCfg = Release|Win32
		{2D4B1E78-94E0-473B-8DFC-2B05560E5023}.Release|x86.ActiveCfg = Release|Win32
		{2D4B1E78-94E0-473B-8DFC-2B05560E5023}.Release|x86.Build.0 = Release|Win32
	EndGlobalSection
	GlobalSection(SolutionProperties) = preSolution
		HideSolutionNode = FALSE
	EndGlobalSection
	GlobalSection(ExtensibilityGlobals) = postSolution
		SolutionGuid = {98C6F649-4F91-4959-9B8A-12891686BDA5}
	EndGlobalSection
EndGlobal
