
Microsoft Visual Studio Solution File, Format Version 12.00
# Visual Studio Version 16
VisualStudioVersion = 16.0.31105.61
MinimumVisualStudioVersion = 10.0.40219.1
Project("{FAE04EC0-301F-11D3-BF4B-00C04F79EFBC}") = "C++ 17 Plugin Template", "C++ 17 Plugin Template\C++ 17 Plugin Template.csproj", "{73D98A1A-C913-4971-B02F-F53FFEA0590B}"
EndProject
Project("{8BC9CEB8-8B4A-11D0-8D11-00A0C91BC942}") = "zTorchControl", "zTorchControl\zTorchControl.vcxproj", "{A18E5D21-ABE0-4865-BC71-E522B6574B63}"
EndProject
Project("{8BC9CEB8-8B4A-11D0-8D11-00A0C91BC942}") = "zSplitDialogs", "zSplitDialogs\zSplitDialogs.vcxproj", "{E67CE328-1A1A-4060-AE25-D9807FC42DBC}"
EndProject
Project("{8BC9CEB8-8B4A-11D0-8D11-00A0C91BC942}") = "zBugFixes", "zBugFixes\zBugFixes.vcxproj", "{53C6090B-4EB4-4919-8B3A-6ECFA5B5B8D2}"
EndProject
Project("{8BC9CEB8-8B4A-11D0-8D11-00A0C91BC942}") = "zMarkItems", "zMarkItems\zMarkItems.vcxproj", "{0A8BB014-740B-4019-9287-716929CBE361}"
EndProject
Project("{8BC9CEB8-8B4A-11D0-8D11-00A0C91BC942}") = "zMiscUtils", "zMiscUtils\zMiscUtils.vcxproj", "{E3443247-9EF4-4A62-8571-F2749F193348}"
EndProject
Global
	GlobalSection(SolutionConfigurationPlatforms) = preSolution
		Debug|Any CPU = Debug|Any CPU
		Debug|x86 = Debug|x86
		G1 Debug|Any CPU = G1 Debug|Any CPU
		G1 Debug|x86 = G1 Debug|x86
		G1 Release|Any CPU = G1 Release|Any CPU
		G1 Release|x86 = G1 Release|x86
		G1A Debug|Any CPU = G1A Debug|Any CPU
		G1A Debug|x86 = G1A Debug|x86
		G1A Release|Any CPU = G1A Release|Any CPU
		G1A Release|x86 = G1A Release|x86
		G2 Debug|Any CPU = G2 Debug|Any CPU
		G2 Debug|x86 = G2 Debug|x86
		G2 Release|Any CPU = G2 Release|Any CPU
		G2 Release|x86 = G2 Release|x86
		G2A Debug|Any CPU = G2A Debug|Any CPU
		G2A Debug|x86 = G2A Debug|x86
		G2A Release|Any CPU = G2A Release|Any CPU
		G2A Release|x86 = G2A Release|x86
		Release|Any CPU = Release|Any CPU
		Release|x86 = Release|x86
	EndGlobalSection
	GlobalSection(ProjectConfigurationPlatforms) = postSolution
		{73D98A1A-C913-4971-B02F-F53FFEA0590B}.Debug|Any CPU.ActiveCfg = Debug|Any CPU
		{73D98A1A-C913-4971-B02F-F53FFEA0590B}.Debug|Any CPU.Build.0 = Debug|Any CPU
		{73D98A1A-C913-4971-B02F-F53FFEA0590B}.Debug|x86.ActiveCfg = Debug|Any CPU
		{73D98A1A-C913-4971-B02F-F53FFEA0590B}.Debug|x86.Build.0 = Debug|Any CPU
		{73D98A1A-C913-4971-B02F-F53FFEA0590B}.G1 Debug|Any CPU.ActiveCfg = Debug|Any CPU
		{73D98A1A-C913-4971-B02F-F53FFEA0590B}.G1 Debug|Any CPU.Build.0 = Debug|Any CPU
		{73D98A1A-C913-4971-B02F-F53FFEA0590B}.G1 Debug|x86.ActiveCfg = Debug|Any CPU
		{73D98A1A-C913-4971-B02F-F53FFEA0590B}.G1 Debug|x86.Build.0 = Debug|Any CPU
		{73D98A1A-C913-4971-B02F-F53FFEA0590B}.G1 Release|Any CPU.ActiveCfg = Release|Any CPU
		{73D98A1A-C913-4971-B02F-F53FFEA0590B}.G1 Release|Any CPU.Build.0 = Release|Any CPU
		{73D98A1A-C913-4971-B02F-F53FFEA0590B}.G1 Release|x86.ActiveCfg = Release|Any CPU
		{73D98A1A-C913-4971-B02F-F53FFEA0590B}.G1 Release|x86.Build.0 = Release|Any CPU
		{73D98A1A-C913-4971-B02F-F53FFEA0590B}.G1A Debug|Any CPU.ActiveCfg = Debug|Any CPU
		{73D98A1A-C913-4971-B02F-F53FFEA0590B}.G1A Debug|Any CPU.Build.0 = Debug|Any CPU
		{73D98A1A-C913-4971-B02F-F53FFEA0590B}.G1A Debug|x86.ActiveCfg = Debug|Any CPU
		{73D98A1A-C913-4971-B02F-F53FFEA0590B}.G1A Debug|x86.Build.0 = Debug|Any CPU
		{73D98A1A-C913-4971-B02F-F53FFEA0590B}.G1A Release|Any CPU.ActiveCfg = Release|Any CPU
		{73D98A1A-C913-4971-B02F-F53FFEA0590B}.G1A Release|Any CPU.Build.0 = Release|Any CPU
		{73D98A1A-C913-4971-B02F-F53FFEA0590B}.G1A Release|x86.ActiveCfg = Release|Any CPU
		{73D98A1A-C913-4971-B02F-F53FFEA0590B}.G1A Release|x86.Build.0 = Release|Any CPU
		{73D98A1A-C913-4971-B02F-F53FFEA0590B}.G2 Debug|Any CPU.ActiveCfg = Debug|Any CPU
		{73D98A1A-C913-4971-B02F-F53FFEA0590B}.G2 Debug|Any CPU.Build.0 = Debug|Any CPU
		{73D98A1A-C913-4971-B02F-F53FFEA0590B}.G2 Debug|x86.ActiveCfg = Debug|Any CPU
		{73D98A1A-C913-4971-B02F-F53FFEA0590B}.G2 Debug|x86.Build.0 = Debug|Any CPU
		{73D98A1A-C913-4971-B02F-F53FFEA0590B}.G2 Release|Any CPU.ActiveCfg = Release|Any CPU
		{73D98A1A-C913-4971-B02F-F53FFEA0590B}.G2 Release|Any CPU.Build.0 = Release|Any CPU
		{73D98A1A-C913-4971-B02F-F53FFEA0590B}.G2 Release|x86.ActiveCfg = Release|Any CPU
		{73D98A1A-C913-4971-B02F-F53FFEA0590B}.G2 Release|x86.Build.0 = Release|Any CPU
		{73D98A1A-C913-4971-B02F-F53FFEA0590B}.G2A Debug|Any CPU.ActiveCfg = Debug|Any CPU
		{73D98A1A-C913-4971-B02F-F53FFEA0590B}.G2A Debug|Any CPU.Build.0 = Debug|Any CPU
		{73D98A1A-C913-4971-B02F-F53FFEA0590B}.G2A Debug|x86.ActiveCfg = Debug|Any CPU
		{73D98A1A-C913-4971-B02F-F53FFEA0590B}.G2A Debug|x86.Build.0 = Debug|Any CPU
		{73D98A1A-C913-4971-B02F-F53FFEA0590B}.G2A Release|Any CPU.ActiveCfg = Release|Any CPU
		{73D98A1A-C913-4971-B02F-F53FFEA0590B}.G2A Release|Any CPU.Build.0 = Release|Any CPU
		{73D98A1A-C913-4971-B02F-F53FFEA0590B}.G2A Release|x86.ActiveCfg = Release|Any CPU
		{73D98A1A-C913-4971-B02F-F53FFEA0590B}.G2A Release|x86.Build.0 = Release|Any CPU
		{73D98A1A-C913-4971-B02F-F53FFEA0590B}.Release|Any CPU.ActiveCfg = Release|Any CPU
		{73D98A1A-C913-4971-B02F-F53FFEA0590B}.Release|Any CPU.Build.0 = Release|Any CPU
		{73D98A1A-C913-4971-B02F-F53FFEA0590B}.Release|x86.ActiveCfg = Release|Any CPU
		{73D98A1A-C913-4971-B02F-F53FFEA0590B}.Release|x86.Build.0 = Release|Any CPU
		{A18E5D21-ABE0-4865-BC71-E522B6574B63}.Debug|Any CPU.ActiveCfg = Debug|Win32
		{A18E5D21-ABE0-4865-BC71-E522B6574B63}.Debug|x86.ActiveCfg = Debug|Win32
		{A18E5D21-ABE0-4865-BC71-E522B6574B63}.Debug|x86.Build.0 = Debug|Win32
		{A18E5D21-ABE0-4865-BC71-E522B6574B63}.G1 Debug|Any CPU.ActiveCfg = G1 Debug|Win32
		{A18E5D21-ABE0-4865-BC71-E522B6574B63}.G1 Debug|x86.ActiveCfg = G1 Debug|Win32
		{A18E5D21-ABE0-4865-BC71-E522B6574B63}.G1 Debug|x86.Build.0 = G1 Debug|Win32
		{A18E5D21-ABE0-4865-BC71-E522B6574B63}.G1 Release|Any CPU.ActiveCfg = G1 Release|Win32
		{A18E5D21-ABE0-4865-BC71-E522B6574B63}.G1 Release|x86.ActiveCfg = G1 Release|Win32
		{A18E5D21-ABE0-4865-BC71-E522B6574B63}.G1 Release|x86.Build.0 = G1 Release|Win32
		{A18E5D21-ABE0-4865-BC71-E522B6574B63}.G1A Debug|Any CPU.ActiveCfg = G1A Debug|Win32
		{A18E5D21-ABE0-4865-BC71-E522B6574B63}.G1A Debug|x86.ActiveCfg = G1A Debug|Win32
		{A18E5D21-ABE0-4865-BC71-E522B6574B63}.G1A Debug|x86.Build.0 = G1A Debug|Win32
		{A18E5D21-ABE0-4865-BC71-E522B6574B63}.G1A Release|Any CPU.ActiveCfg = G1A Release|Win32
		{A18E5D21-ABE0-4865-BC71-E522B6574B63}.G1A Release|x86.ActiveCfg = G1A Release|Win32
		{A18E5D21-ABE0-4865-BC71-E522B6574B63}.G1A Release|x86.Build.0 = G1A Release|Win32
		{A18E5D21-ABE0-4865-BC71-E522B6574B63}.G2 Debug|Any CPU.ActiveCfg = G2 Debug|Win32
		{A18E5D21-ABE0-4865-BC71-E522B6574B63}.G2 Debug|x86.ActiveCfg = G2 Debug|Win32
		{A18E5D21-ABE0-4865-BC71-E522B6574B63}.G2 Debug|x86.Build.0 = G2 Debug|Win32
		{A18E5D21-ABE0-4865-BC71-E522B6574B63}.G2 Release|Any CPU.ActiveCfg = G2 Release|Win32
		{A18E5D21-ABE0-4865-BC71-E522B6574B63}.G2 Release|x86.ActiveCfg = G2 Release|Win32
		{A18E5D21-ABE0-4865-BC71-E522B6574B63}.G2 Release|x86.Build.0 = G2 Release|Win32
		{A18E5D21-ABE0-4865-BC71-E522B6574B63}.G2A Debug|Any CPU.ActiveCfg = G2A Debug|Win32
		{A18E5D21-ABE0-4865-BC71-E522B6574B63}.G2A Debug|x86.ActiveCfg = G2A Debug|Win32
		{A18E5D21-ABE0-4865-BC71-E522B6574B63}.G2A Debug|x86.Build.0 = G2A Debug|Win32
		{A18E5D21-ABE0-4865-BC71-E522B6574B63}.G2A Release|Any CPU.ActiveCfg = G2A Release|Win32
		{A18E5D21-ABE0-4865-BC71-E522B6574B63}.G2A Release|x86.ActiveCfg = G2A Release|Win32
		{A18E5D21-ABE0-4865-BC71-E522B6574B63}.G2A Release|x86.Build.0 = G2A Release|Win32
		{A18E5D21-ABE0-4865-BC71-E522B6574B63}.Release|Any CPU.ActiveCfg = Release|Win32
		{A18E5D21-ABE0-4865-BC71-E522B6574B63}.Release|x86.ActiveCfg = Release|Win32
		{A18E5D21-ABE0-4865-BC71-E522B6574B63}.Release|x86.Build.0 = Release|Win32
		{E67CE328-1A1A-4060-AE25-D9807FC42DBC}.Debug|Any CPU.ActiveCfg = Debug|Win32
		{E67CE328-1A1A-4060-AE25-D9807FC42DBC}.Debug|x86.ActiveCfg = Debug|Win32
		{E67CE328-1A1A-4060-AE25-D9807FC42DBC}.Debug|x86.Build.0 = Debug|Win32
		{E67CE328-1A1A-4060-AE25-D9807FC42DBC}.G1 Debug|Any CPU.ActiveCfg = G1 Debug|Win32
		{E67CE328-1A1A-4060-AE25-D9807FC42DBC}.G1 Debug|x86.ActiveCfg = G1 Debug|Win32
		{E67CE328-1A1A-4060-AE25-D9807FC42DBC}.G1 Debug|x86.Build.0 = G1 Debug|Win32
		{E67CE328-1A1A-4060-AE25-D9807FC42DBC}.G1 Release|Any CPU.ActiveCfg = G1 Release|Win32
		{E67CE328-1A1A-4060-AE25-D9807FC42DBC}.G1 Release|x86.ActiveCfg = G1 Release|Win32
		{E67CE328-1A1A-4060-AE25-D9807FC42DBC}.G1 Release|x86.Build.0 = G1 Release|Win32
		{E67CE328-1A1A-4060-AE25-D9807FC42DBC}.G1A Debug|Any CPU.ActiveCfg = G1A Debug|Win32
		{E67CE328-1A1A-4060-AE25-D9807FC42DBC}.G1A Debug|x86.ActiveCfg = G1A Debug|Win32
		{E67CE328-1A1A-4060-AE25-D9807FC42DBC}.G1A Debug|x86.Build.0 = G1A Debug|Win32
		{E67CE328-1A1A-4060-AE25-D9807FC42DBC}.G1A Release|Any CPU.ActiveCfg = G1A Release|Win32
		{E67CE328-1A1A-4060-AE25-D9807FC42DBC}.G1A Release|x86.ActiveCfg = G1A Release|Win32
		{E67CE328-1A1A-4060-AE25-D9807FC42DBC}.G1A Release|x86.Build.0 = G1A Release|Win32
		{E67CE328-1A1A-4060-AE25-D9807FC42DBC}.G2 Debug|Any CPU.ActiveCfg = G2 Debug|Win32
		{E67CE328-1A1A-4060-AE25-D9807FC42DBC}.G2 Debug|x86.ActiveCfg = G2 Debug|Win32
		{E67CE328-1A1A-4060-AE25-D9807FC42DBC}.G2 Debug|x86.Build.0 = G2 Debug|Win32
		{E67CE328-1A1A-4060-AE25-D9807FC42DBC}.G2 Release|Any CPU.ActiveCfg = G2 Release|Win32
		{E67CE328-1A1A-4060-AE25-D9807FC42DBC}.G2 Release|x86.ActiveCfg = G2 Release|Win32
		{E67CE328-1A1A-4060-AE25-D9807FC42DBC}.G2 Release|x86.Build.0 = G2 Release|Win32
		{E67CE328-1A1A-4060-AE25-D9807FC42DBC}.G2A Debug|Any CPU.ActiveCfg = G2A Debug|Win32
		{E67CE328-1A1A-4060-AE25-D9807FC42DBC}.G2A Debug|x86.ActiveCfg = G2A Debug|Win32
		{E67CE328-1A1A-4060-AE25-D9807FC42DBC}.G2A Debug|x86.Build.0 = G2A Debug|Win32
		{E67CE328-1A1A-4060-AE25-D9807FC42DBC}.G2A Release|Any CPU.ActiveCfg = G2A Release|Win32
		{E67CE328-1A1A-4060-AE25-D9807FC42DBC}.G2A Release|x86.ActiveCfg = G2A Release|Win32
		{E67CE328-1A1A-4060-AE25-D9807FC42DBC}.G2A Release|x86.Build.0 = G2A Release|Win32
		{E67CE328-1A1A-4060-AE25-D9807FC42DBC}.Release|Any CPU.ActiveCfg = Release|Win32
		{E67CE328-1A1A-4060-AE25-D9807FC42DBC}.Release|x86.ActiveCfg = Release|Win32
		{E67CE328-1A1A-4060-AE25-D9807FC42DBC}.Release|x86.Build.0 = Release|Win32
		{53C6090B-4EB4-4919-8B3A-6ECFA5B5B8D2}.Debug|Any CPU.ActiveCfg = Debug|Win32
		{53C6090B-4EB4-4919-8B3A-6ECFA5B5B8D2}.Debug|x86.ActiveCfg = Debug|Win32
		{53C6090B-4EB4-4919-8B3A-6ECFA5B5B8D2}.Debug|x86.Build.0 = Debug|Win32
		{53C6090B-4EB4-4919-8B3A-6ECFA5B5B8D2}.G1 Debug|Any CPU.ActiveCfg = G1 Debug|Win32
		{53C6090B-4EB4-4919-8B3A-6ECFA5B5B8D2}.G1 Debug|x86.ActiveCfg = G1 Debug|Win32
		{53C6090B-4EB4-4919-8B3A-6ECFA5B5B8D2}.G1 Debug|x86.Build.0 = G1 Debug|Win32
		{53C6090B-4EB4-4919-8B3A-6ECFA5B5B8D2}.G1 Release|Any CPU.ActiveCfg = G1 Release|Win32
		{53C6090B-4EB4-4919-8B3A-6ECFA5B5B8D2}.G1 Release|x86.ActiveCfg = G1 Release|Win32
		{53C6090B-4EB4-4919-8B3A-6ECFA5B5B8D2}.G1 Release|x86.Build.0 = G1 Release|Win32
		{53C6090B-4EB4-4919-8B3A-6ECFA5B5B8D2}.G1A Debug|Any CPU.ActiveCfg = G1A Debug|Win32
		{53C6090B-4EB4-4919-8B3A-6ECFA5B5B8D2}.G1A Debug|x86.ActiveCfg = G1A Debug|Win32
		{53C6090B-4EB4-4919-8B3A-6ECFA5B5B8D2}.G1A Debug|x86.Build.0 = G1A Debug|Win32
		{53C6090B-4EB4-4919-8B3A-6ECFA5B5B8D2}.G1A Release|Any CPU.ActiveCfg = G1A Release|Win32
		{53C6090B-4EB4-4919-8B3A-6ECFA5B5B8D2}.G1A Release|x86.ActiveCfg = G1A Release|Win32
		{53C6090B-4EB4-4919-8B3A-6ECFA5B5B8D2}.G1A Release|x86.Build.0 = G1A Release|Win32
		{53C6090B-4EB4-4919-8B3A-6ECFA5B5B8D2}.G2 Debug|Any CPU.ActiveCfg = G2 Debug|Win32
		{53C6090B-4EB4-4919-8B3A-6ECFA5B5B8D2}.G2 Debug|x86.ActiveCfg = G2 Debug|Win32
		{53C6090B-4EB4-4919-8B3A-6ECFA5B5B8D2}.G2 Debug|x86.Build.0 = G2 Debug|Win32
		{53C6090B-4EB4-4919-8B3A-6ECFA5B5B8D2}.G2 Release|Any CPU.ActiveCfg = G2 Release|Win32
		{53C6090B-4EB4-4919-8B3A-6ECFA5B5B8D2}.G2 Release|x86.ActiveCfg = G2 Release|Win32
		{53C6090B-4EB4-4919-8B3A-6ECFA5B5B8D2}.G2 Release|x86.Build.0 = G2 Release|Win32
		{53C6090B-4EB4-4919-8B3A-6ECFA5B5B8D2}.G2A Debug|Any CPU.ActiveCfg = G2A Debug|Win32
		{53C6090B-4EB4-4919-8B3A-6ECFA5B5B8D2}.G2A Debug|x86.ActiveCfg = G2A Debug|Win32
		{53C6090B-4EB4-4919-8B3A-6ECFA5B5B8D2}.G2A Debug|x86.Build.0 = G2A Debug|Win32
		{53C6090B-4EB4-4919-8B3A-6ECFA5B5B8D2}.G2A Release|Any CPU.ActiveCfg = G2A Release|Win32
		{53C6090B-4EB4-4919-8B3A-6ECFA5B5B8D2}.G2A Release|x86.ActiveCfg = G2A Release|Win32
		{53C6090B-4EB4-4919-8B3A-6ECFA5B5B8D2}.G2A Release|x86.Build.0 = G2A Release|Win32
		{53C6090B-4EB4-4919-8B3A-6ECFA5B5B8D2}.Release|Any CPU.ActiveCfg = Release|Win32
		{53C6090B-4EB4-4919-8B3A-6ECFA5B5B8D2}.Release|x86.ActiveCfg = Release|Win32
		{53C6090B-4EB4-4919-8B3A-6ECFA5B5B8D2}.Release|x86.Build.0 = Release|Win32
		{0A8BB014-740B-4019-9287-716929CBE361}.Debug|Any CPU.ActiveCfg = Debug|Win32
		{0A8BB014-740B-4019-9287-716929CBE361}.Debug|x86.ActiveCfg = Debug|Win32
		{0A8BB014-740B-4019-9287-716929CBE361}.Debug|x86.Build.0 = Debug|Win32
		{0A8BB014-740B-4019-9287-716929CBE361}.G1 Debug|Any CPU.ActiveCfg = G1 Debug|Win32
		{0A8BB014-740B-4019-9287-716929CBE361}.G1 Debug|x86.ActiveCfg = G1 Debug|Win32
		{0A8BB014-740B-4019-9287-716929CBE361}.G1 Debug|x86.Build.0 = G1 Debug|Win32
		{0A8BB014-740B-4019-9287-716929CBE361}.G1 Release|Any CPU.ActiveCfg = G1 Release|Win32
		{0A8BB014-740B-4019-9287-716929CBE361}.G1 Release|x86.ActiveCfg = G1 Release|Win32
		{0A8BB014-740B-4019-9287-716929CBE361}.G1 Release|x86.Build.0 = G1 Release|Win32
		{0A8BB014-740B-4019-9287-716929CBE361}.G1A Debug|Any CPU.ActiveCfg = G1A Debug|Win32
		{0A8BB014-740B-4019-9287-716929CBE361}.G1A Debug|x86.ActiveCfg = G1A Debug|Win32
		{0A8BB014-740B-4019-9287-716929CBE361}.G1A Debug|x86.Build.0 = G1A Debug|Win32
		{0A8BB014-740B-4019-9287-716929CBE361}.G1A Release|Any CPU.ActiveCfg = G1A Release|Win32
		{0A8BB014-740B-4019-9287-716929CBE361}.G1A Release|x86.ActiveCfg = G1A Release|Win32
		{0A8BB014-740B-4019-9287-716929CBE361}.G1A Release|x86.Build.0 = G1A Release|Win32
		{0A8BB014-740B-4019-9287-716929CBE361}.G2 Debug|Any CPU.ActiveCfg = G2 Debug|Win32
		{0A8BB014-740B-4019-9287-716929CBE361}.G2 Debug|x86.ActiveCfg = G2 Debug|Win32
		{0A8BB014-740B-4019-9287-716929CBE361}.G2 Debug|x86.Build.0 = G2 Debug|Win32
		{0A8BB014-740B-4019-9287-716929CBE361}.G2 Release|Any CPU.ActiveCfg = G2 Release|Win32
		{0A8BB014-740B-4019-9287-716929CBE361}.G2 Release|x86.ActiveCfg = G2 Release|Win32
		{0A8BB014-740B-4019-9287-716929CBE361}.G2 Release|x86.Build.0 = G2 Release|Win32
		{0A8BB014-740B-4019-9287-716929CBE361}.G2A Debug|Any CPU.ActiveCfg = G2A Debug|Win32
		{0A8BB014-740B-4019-9287-716929CBE361}.G2A Debug|x86.ActiveCfg = G2A Debug|Win32
		{0A8BB014-740B-4019-9287-716929CBE361}.G2A Debug|x86.Build.0 = G2A Debug|Win32
		{0A8BB014-740B-4019-9287-716929CBE361}.G2A Release|Any CPU.ActiveCfg = G2A Release|Win32
		{0A8BB014-740B-4019-9287-716929CBE361}.G2A Release|x86.ActiveCfg = G2A Release|Win32
		{0A8BB014-740B-4019-9287-716929CBE361}.G2A Release|x86.Build.0 = G2A Release|Win32
		{0A8BB014-740B-4019-9287-716929CBE361}.Release|Any CPU.ActiveCfg = Release|Win32
		{0A8BB014-740B-4019-9287-716929CBE361}.Release|x86.ActiveCfg = Release|Win32
		{0A8BB014-740B-4019-9287-716929CBE361}.Release|x86.Build.0 = Release|Win32
		{E3443247-9EF4-4A62-8571-F2749F193348}.Debug|Any CPU.ActiveCfg = Debug|Win32
		{E3443247-9EF4-4A62-8571-F2749F193348}.Debug|x86.ActiveCfg = Debug|Win32
		{E3443247-9EF4-4A62-8571-F2749F193348}.Debug|x86.Build.0 = Debug|Win32
		{E3443247-9EF4-4A62-8571-F2749F193348}.G1 Debug|Any CPU.ActiveCfg = G1 Debug|Win32
		{E3443247-9EF4-4A62-8571-F2749F193348}.G1 Debug|x86.ActiveCfg = G1 Debug|Win32
		{E3443247-9EF4-4A62-8571-F2749F193348}.G1 Debug|x86.Build.0 = G1 Debug|Win32
		{E3443247-9EF4-4A62-8571-F2749F193348}.G1 Release|Any CPU.ActiveCfg = G1 Release|Win32
		{E3443247-9EF4-4A62-8571-F2749F193348}.G1 Release|x86.ActiveCfg = G1 Release|Win32
		{E3443247-9EF4-4A62-8571-F2749F193348}.G1 Release|x86.Build.0 = G1 Release|Win32
		{E3443247-9EF4-4A62-8571-F2749F193348}.G1A Debug|Any CPU.ActiveCfg = G1A Debug|Win32
		{E3443247-9EF4-4A62-8571-F2749F193348}.G1A Debug|x86.ActiveCfg = G1A Debug|Win32
		{E3443247-9EF4-4A62-8571-F2749F193348}.G1A Debug|x86.Build.0 = G1A Debug|Win32
		{E3443247-9EF4-4A62-8571-F2749F193348}.G1A Release|Any CPU.ActiveCfg = G1A Release|Win32
		{E3443247-9EF4-4A62-8571-F2749F193348}.G1A Release|x86.ActiveCfg = G1A Release|Win32
		{E3443247-9EF4-4A62-8571-F2749F193348}.G1A Release|x86.Build.0 = G1A Release|Win32
		{E3443247-9EF4-4A62-8571-F2749F193348}.G2 Debug|Any CPU.ActiveCfg = G2 Debug|Win32
		{E3443247-9EF4-4A62-8571-F2749F193348}.G2 Debug|x86.ActiveCfg = G2 Debug|Win32
		{E3443247-9EF4-4A62-8571-F2749F193348}.G2 Debug|x86.Build.0 = G2 Debug|Win32
		{E3443247-9EF4-4A62-8571-F2749F193348}.G2 Release|Any CPU.ActiveCfg = G2 Release|Win32
		{E3443247-9EF4-4A62-8571-F2749F193348}.G2 Release|x86.ActiveCfg = G2 Release|Win32
		{E3443247-9EF4-4A62-8571-F2749F193348}.G2 Release|x86.Build.0 = G2 Release|Win32
		{E3443247-9EF4-4A62-8571-F2749F193348}.G2A Debug|Any CPU.ActiveCfg = G2A Debug|Win32
		{E3443247-9EF4-4A62-8571-F2749F193348}.G2A Debug|x86.ActiveCfg = G2A Debug|Win32
		{E3443247-9EF4-4A62-8571-F2749F193348}.G2A Debug|x86.Build.0 = G2A Debug|Win32
		{E3443247-9EF4-4A62-8571-F2749F193348}.G2A Release|Any CPU.ActiveCfg = G2A Release|Win32
		{E3443247-9EF4-4A62-8571-F2749F193348}.G2A Release|x86.ActiveCfg = G2A Release|Win32
		{E3443247-9EF4-4A62-8571-F2749F193348}.G2A Release|x86.Build.0 = G2A Release|Win32
		{E3443247-9EF4-4A62-8571-F2749F193348}.Release|Any CPU.ActiveCfg = Release|Win32
		{E3443247-9EF4-4A62-8571-F2749F193348}.Release|x86.ActiveCfg = Release|Win32
		{E3443247-9EF4-4A62-8571-F2749F193348}.Release|x86.Build.0 = Release|Win32
	EndGlobalSection
	GlobalSection(SolutionProperties) = preSolution
		HideSolutionNode = FALSE
	EndGlobalSection
	GlobalSection(ExtensibilityGlobals) = postSolution
		SolutionGuid = {98C6F649-4F91-4959-9B8A-12891686BDA5}
	EndGlobalSection
EndGlobal
